
Microsoft Visual Studio Solution File, Format Version 12.00
# Visual Studio Version 16
VisualStudioVersion = 16.0.29806.167
MinimumVisualStudioVersion = 10.0.40219.1
Project("{D954291E-2A0B-460D-934E-DC6B0785DB48}") = "Emgu.TF.Util.Shared", "..\..\Emgu.TF.Util\Emgu.TF.Util.Shared.shproj", "{98561642-5EC3-4244-BAF9-6876D9BA5527}"
EndProject
Project("{FAE04EC0-301F-11D3-BF4B-00C04F79EFBC}") = "XamarinForms.Lite.iOS", "..\..\Emgu.TF.Example\XamarinForms\XamarinForms.Lite.iOS\XamarinForms.Lite.iOS.csproj", "{FB5CF614-195E-4D5A-ABDB-1B831A5F8F79}"
EndProject
Project("{D954291E-2A0B-460D-934E-DC6B0785DB48}") = "Emgu.TF.Lite.Shared", "..\..\Emgu.TF.Lite\Emgu.TF.Lite.Shared.shproj", "{8F587FB9-BBA6-4C30-9329-8CBAC7020FE0}"
EndProject
Project("{D954291E-2A0B-460D-934E-DC6B0785DB48}") = "Emgu.Models.Shared", "..\..\Emgu.Models\Emgu.Models.Shared.shproj", "{8EDCE0C8-BA71-4396-9428-35D05877258C}"
EndProject
Project("{D954291E-2A0B-460D-934E-DC6B0785DB48}") = "XamarinForms.Lite", "..\..\Emgu.TF.Example\XamarinForms\XamarinForms.Lite\XamarinForms.Lite.shproj", "{26F4D7AF-57B6-4D2D-9A1C-AAFA757DDC4A}"
EndProject
Project("{D954291E-2A0B-460D-934E-DC6B0785DB48}") = "Emgu.TF.Lite.Models.Shared", "..\..\Emgu.TF.Lite.Models\Emgu.TF.Lite.Models.Shared.shproj", "{E956DD26-1294-4731-8A90-C4CBA9F291B6}"
EndProject
Project("{FAE04EC0-301F-11D3-BF4B-00C04F79EFBC}") = "Emgu.TF.Lite.Runtime.iOS", "..\..\Emgu.TF.Runtime\ios\Emgu.TF.Lite.Runtime.iOS.csproj", "{A14504ED-D613-43D1-AD3D-AE3F411C51CE}"
EndProject
Global
	GlobalSection(SharedMSBuildProjectFiles) = preSolution
		..\..\Emgu.TF.Example\XamarinForms\XamarinForms.Lite\XamarinForms.Lite.projitems*{26f4d7af-57b6-4d2d-9a1c-aafa757ddc4a}*SharedItemsImports = 13
		..\..\Emgu.Models\Emgu.Models.Shared.projitems*{8edce0c8-ba71-4396-9428-35d05877258c}*SharedItemsImports = 13
		..\..\Emgu.TF.Lite\Emgu.TF.Lite.Shared.projitems*{8f587fb9-bba6-4c30-9329-8cbac7020fe0}*SharedItemsImports = 13
		..\..\Emgu.TF.Util\Emgu.TF.Util.Shared.projitems*{98561642-5ec3-4244-baf9-6876d9ba5527}*SharedItemsImports = 13
		..\..\Emgu.Models\Emgu.Models.Shared.projitems*{a14504ed-d613-43d1-ad3d-ae3f411c51ce}*SharedItemsImports = 4
		..\..\Emgu.TF.Lite.Models\Emgu.TF.Lite.Models.Shared.projitems*{a14504ed-d613-43d1-ad3d-ae3f411c51ce}*SharedItemsImports = 4
		..\..\Emgu.TF.Lite\Emgu.TF.Lite.Shared.projitems*{a14504ed-d613-43d1-ad3d-ae3f411c51ce}*SharedItemsImports = 4
		..\..\Emgu.TF.Util\Emgu.TF.Util.Shared.projitems*{a14504ed-d613-43d1-ad3d-ae3f411c51ce}*SharedItemsImports = 4
		..\..\Emgu.TF.Lite.Models\Emgu.TF.Lite.Models.Shared.projitems*{e956dd26-1294-4731-8a90-c4cba9f291b6}*SharedItemsImports = 13
		..\..\Emgu.TF.Example\XamarinForms\XamarinForms.Lite\XamarinForms.Lite.projitems*{fb5cf614-195e-4d5a-abdb-1b831a5f8f79}*SharedItemsImports = 4
	EndGlobalSection
	GlobalSection(SolutionConfigurationPlatforms) = preSolution
		Ad-Hoc|Any CPU = Ad-Hoc|Any CPU
		Ad-Hoc|ARM = Ad-Hoc|ARM
		Ad-Hoc|iPhone = Ad-Hoc|iPhone
		Ad-Hoc|iPhoneSimulator = Ad-Hoc|iPhoneSimulator
		Ad-Hoc|x64 = Ad-Hoc|x64
		Ad-Hoc|x86 = Ad-Hoc|x86
		AppStore|Any CPU = AppStore|Any CPU
		AppStore|ARM = AppStore|ARM
		AppStore|iPhone = AppStore|iPhone
		AppStore|iPhoneSimulator = AppStore|iPhoneSimulator
		AppStore|x64 = AppStore|x64
		AppStore|x86 = AppStore|x86
		Debug|Any CPU = Debug|Any CPU
		Debug|ARM = Debug|ARM
		Debug|iPhone = Debug|iPhone
		Debug|iPhoneSimulator = Debug|iPhoneSimulator
		Debug|x64 = Debug|x64
		Debug|x86 = Debug|x86
		Release|Any CPU = Release|Any CPU
		Release|ARM = Release|ARM
		Release|iPhone = Release|iPhone
		Release|iPhoneSimulator = Release|iPhoneSimulator
		Release|x64 = Release|x64
		Release|x86 = Release|x86
	EndGlobalSection
	GlobalSection(ProjectConfigurationPlatforms) = postSolution
		{FB5CF614-195E-4D5A-ABDB-1B831A5F8F79}.Ad-Hoc|Any CPU.ActiveCfg = Release|iPhone
		{FB5CF614-195E-4D5A-ABDB-1B831A5F8F79}.Ad-Hoc|Any CPU.Build.0 = Release|iPhone
		{FB5CF614-195E-4D5A-ABDB-1B831A5F8F79}.Ad-Hoc|ARM.ActiveCfg = Release|iPhone
		{FB5CF614-195E-4D5A-ABDB-1B831A5F8F79}.Ad-Hoc|ARM.Build.0 = Release|iPhone
		{FB5CF614-195E-4D5A-ABDB-1B831A5F8F79}.Ad-Hoc|iPhone.ActiveCfg = Release|iPhone
		{FB5CF614-195E-4D5A-ABDB-1B831A5F8F79}.Ad-Hoc|iPhone.Build.0 = Release|iPhone
		{FB5CF614-195E-4D5A-ABDB-1B831A5F8F79}.Ad-Hoc|iPhoneSimulator.ActiveCfg = Release|iPhone
		{FB5CF614-195E-4D5A-ABDB-1B831A5F8F79}.Ad-Hoc|iPhoneSimulator.Build.0 = Release|iPhone
		{FB5CF614-195E-4D5A-ABDB-1B831A5F8F79}.Ad-Hoc|x64.ActiveCfg = Release|iPhone
		{FB5CF614-195E-4D5A-ABDB-1B831A5F8F79}.Ad-Hoc|x64.Build.0 = Release|iPhone
		{FB5CF614-195E-4D5A-ABDB-1B831A5F8F79}.Ad-Hoc|x86.ActiveCfg = Release|iPhone
		{FB5CF614-195E-4D5A-ABDB-1B831A5F8F79}.Ad-Hoc|x86.Build.0 = Release|iPhone
		{FB5CF614-195E-4D5A-ABDB-1B831A5F8F79}.AppStore|Any CPU.ActiveCfg = Release|iPhone
		{FB5CF614-195E-4D5A-ABDB-1B831A5F8F79}.AppStore|Any CPU.Build.0 = Release|iPhone
		{FB5CF614-195E-4D5A-ABDB-1B831A5F8F79}.AppStore|ARM.ActiveCfg = Release|iPhone
		{FB5CF614-195E-4D5A-ABDB-1B831A5F8F79}.AppStore|ARM.Build.0 = Release|iPhone
		{FB5CF614-195E-4D5A-ABDB-1B831A5F8F79}.AppStore|iPhone.ActiveCfg = Release|iPhone
		{FB5CF614-195E-4D5A-ABDB-1B831A5F8F79}.AppStore|iPhone.Build.0 = Release|iPhone
		{FB5CF614-195E-4D5A-ABDB-1B831A5F8F79}.AppStore|iPhoneSimulator.ActiveCfg = Release|iPhone
		{FB5CF614-195E-4D5A-ABDB-1B831A5F8F79}.AppStore|iPhoneSimulator.Build.0 = Release|iPhone
		{FB5CF614-195E-4D5A-ABDB-1B831A5F8F79}.AppStore|x64.ActiveCfg = Release|iPhone
		{FB5CF614-195E-4D5A-ABDB-1B831A5F8F79}.AppStore|x64.Build.0 = Release|iPhone
		{FB5CF614-195E-4D5A-ABDB-1B831A5F8F79}.AppStore|x86.ActiveCfg = Release|iPhone
		{FB5CF614-195E-4D5A-ABDB-1B831A5F8F79}.AppStore|x86.Build.0 = Release|iPhone
		{FB5CF614-195E-4D5A-ABDB-1B831A5F8F79}.Debug|Any CPU.ActiveCfg = Debug|iPhoneSimulator
		{FB5CF614-195E-4D5A-ABDB-1B831A5F8F79}.Debug|Any CPU.Build.0 = Debug|iPhoneSimulator
		{FB5CF614-195E-4D5A-ABDB-1B831A5F8F79}.Debug|ARM.ActiveCfg = Debug|iPhone
		{FB5CF614-195E-4D5A-ABDB-1B831A5F8F79}.Debug|ARM.Build.0 = Debug|iPhone
		{FB5CF614-195E-4D5A-ABDB-1B831A5F8F79}.Debug|iPhone.ActiveCfg = Debug|iPhone
		{FB5CF614-195E-4D5A-ABDB-1B831A5F8F79}.Debug|iPhone.Build.0 = Debug|iPhone
		{FB5CF614-195E-4D5A-ABDB-1B831A5F8F79}.Debug|iPhoneSimulator.ActiveCfg = Debug|iPhoneSimulator
		{FB5CF614-195E-4D5A-ABDB-1B831A5F8F79}.Debug|iPhoneSimulator.Build.0 = Debug|iPhoneSimulator
		{FB5CF614-195E-4D5A-ABDB-1B831A5F8F79}.Debug|x64.ActiveCfg = Debug|iPhone
		{FB5CF614-195E-4D5A-ABDB-1B831A5F8F79}.Debug|x64.Build.0 = Debug|iPhone
		{FB5CF614-195E-4D5A-ABDB-1B831A5F8F79}.Debug|x86.ActiveCfg = Debug|iPhone
		{FB5CF614-195E-4D5A-ABDB-1B831A5F8F79}.Debug|x86.Build.0 = Debug|iPhone
		{FB5CF614-195E-4D5A-ABDB-1B831A5F8F79}.Release|Any CPU.ActiveCfg = Release|iPhoneSimulator
		{FB5CF614-195E-4D5A-ABDB-1B831A5F8F79}.Release|Any CPU.Build.0 = Release|iPhoneSimulator
		{FB5CF614-195E-4D5A-ABDB-1B831A5F8F79}.Release|ARM.ActiveCfg = Release|iPhone
		{FB5CF614-195E-4D5A-ABDB-1B831A5F8F79}.Release|ARM.Build.0 = Release|iPhone
		{FB5CF614-195E-4D5A-ABDB-1B831A5F8F79}.Release|iPhone.ActiveCfg = Release|iPhone
		{FB5CF614-195E-4D5A-ABDB-1B831A5F8F79}.Release|iPhone.Build.0 = Release|iPhone
		{FB5CF614-195E-4D5A-ABDB-1B831A5F8F79}.Release|iPhoneSimulator.ActiveCfg = Release|iPhoneSimulator
		{FB5CF614-195E-4D5A-ABDB-1B831A5F8F79}.Release|iPhoneSimulator.Build.0 = Release|iPhoneSimulator
		{FB5CF614-195E-4D5A-ABDB-1B831A5F8F79}.Release|x64.ActiveCfg = Release|iPhone
		{FB5CF614-195E-4D5A-ABDB-1B831A5F8F79}.Release|x64.Build.0 = Release|iPhone
		{FB5CF614-195E-4D5A-ABDB-1B831A5F8F79}.Release|x86.ActiveCfg = Release|iPhone
		{FB5CF614-195E-4D5A-ABDB-1B831A5F8F79}.Release|x86.Build.0 = Release|iPhone
		{A14504ED-D613-43D1-AD3D-AE3F411C51CE}.Ad-Hoc|Any CPU.ActiveCfg = Release|Any CPU
		{A14504ED-D613-43D1-AD3D-AE3F411C51CE}.Ad-Hoc|Any CPU.Build.0 = Release|Any CPU
		{A14504ED-D613-43D1-AD3D-AE3F411C51CE}.Ad-Hoc|ARM.ActiveCfg = Release|ARM
		{A14504ED-D613-43D1-AD3D-AE3F411C51CE}.Ad-Hoc|ARM.Build.0 = Release|ARM
		{A14504ED-D613-43D1-AD3D-AE3F411C51CE}.Ad-Hoc|iPhone.ActiveCfg = Release|iPhone
		{A14504ED-D613-43D1-AD3D-AE3F411C51CE}.Ad-Hoc|iPhone.Build.0 = Release|iPhone
		{A14504ED-D613-43D1-AD3D-AE3F411C51CE}.Ad-Hoc|iPhoneSimulator.ActiveCfg = Release|iPhoneSimulator
		{A14504ED-D613-43D1-AD3D-AE3F411C51CE}.Ad-Hoc|iPhoneSimulator.Build.0 = Release|iPhoneSimulator
		{A14504ED-D613-43D1-AD3D-AE3F411C51CE}.Ad-Hoc|x64.ActiveCfg = Release|Any CPU
		{A14504ED-D613-43D1-AD3D-AE3F411C51CE}.Ad-Hoc|x64.Build.0 = Release|Any CPU
		{A14504ED-D613-43D1-AD3D-AE3F411C51CE}.Ad-Hoc|x86.ActiveCfg = Release|Any CPU
		{A14504ED-D613-43D1-AD3D-AE3F411C51CE}.Ad-Hoc|x86.Build.0 = Release|Any CPU
		{A14504ED-D613-43D1-AD3D-AE3F411C51CE}.AppStore|Any CPU.ActiveCfg = Release|Any CPU
		{A14504ED-D613-43D1-AD3D-AE3F411C51CE}.AppStore|Any CPU.Build.0 = Release|Any CPU
		{A14504ED-D613-43D1-AD3D-AE3F411C51CE}.AppStore|ARM.ActiveCfg = Release|ARM
		{A14504ED-D613-43D1-AD3D-AE3F411C51CE}.AppStore|ARM.Build.0 = Release|ARM
		{A14504ED-D613-43D1-AD3D-AE3F411C51CE}.AppStore|iPhone.ActiveCfg = Release|iPhone
		{A14504ED-D613-43D1-AD3D-AE3F411C51CE}.AppStore|iPhone.Build.0 = Release|iPhone
		{A14504ED-D613-43D1-AD3D-AE3F411C51CE}.AppStore|iPhoneSimulator.ActiveCfg = Release|iPhoneSimulator
		{A14504ED-D613-43D1-AD3D-AE3F411C51CE}.AppStore|iPhoneSimulator.Build.0 = Release|iPhoneSimulator
		{A14504ED-D613-43D1-AD3D-AE3F411C51CE}.AppStore|x64.ActiveCfg = Release|Any CPU
		{A14504ED-D613-43D1-AD3D-AE3F411C51CE}.AppStore|x64.Build.0 = Release|Any CPU
		{A14504ED-D613-43D1-AD3D-AE3F411C51CE}.AppStore|x86.ActiveCfg = Release|Any CPU
		{A14504ED-D613-43D1-AD3D-AE3F411C51CE}.AppStore|x86.Build.0 = Release|Any CPU
		{A14504ED-D613-43D1-AD3D-AE3F411C51CE}.Debug|Any CPU.ActiveCfg = Debug|Any CPU
		{A14504ED-D613-43D1-AD3D-AE3F411C51CE}.Debug|Any CPU.Build.0 = Debug|Any CPU
		{A14504ED-D613-43D1-AD3D-AE3F411C51CE}.Debug|ARM.ActiveCfg = Debug|ARM
		{A14504ED-D613-43D1-AD3D-AE3F411C51CE}.Debug|ARM.Build.0 = Debug|ARM
		{A14504ED-D613-43D1-AD3D-AE3F411C51CE}.Debug|iPhone.ActiveCfg = Debug|iPhone
		{A14504ED-D613-43D1-AD3D-AE3F411C51CE}.Debug|iPhone.Build.0 = Debug|iPhone
		{A14504ED-D613-43D1-AD3D-AE3F411C51CE}.Debug|iPhoneSimulator.ActiveCfg = Debug|iPhoneSimulator
		{A14504ED-D613-43D1-AD3D-AE3F411C51CE}.Debug|iPhoneSimulator.Build.0 = Debug|iPhoneSimulator
		{A14504ED-D613-43D1-AD3D-AE3F411C51CE}.Debug|x64.ActiveCfg = Debug|Any CPU
		{A14504ED-D613-43D1-AD3D-AE3F411C51CE}.Debug|x64.Build.0 = Debug|Any CPU
		{A14504ED-D613-43D1-AD3D-AE3F411C51CE}.Debug|x86.ActiveCfg = Debug|Any CPU
		{A14504ED-D613-43D1-AD3D-AE3F411C51CE}.Debug|x86.Build.0 = Debug|Any CPU
		{A14504ED-D613-43D1-AD3D-AE3F411C51CE}.Release|Any CPU.ActiveCfg = Release|Any CPU
		{A14504ED-D613-43D1-AD3D-AE3F411C51CE}.Release|Any CPU.Build.0 = Release|Any CPU
		{A14504ED-D613-43D1-AD3D-AE3F411C51CE}.Release|ARM.ActiveCfg = Release|ARM
		{A14504ED-D613-43D1-AD3D-AE3F411C51CE}.Release|ARM.Build.0 = Release|ARM
		{A14504ED-D613-43D1-AD3D-AE3F411C51CE}.Release|iPhone.ActiveCfg = Release|iPhone
		{A14504ED-D613-43D1-AD3D-AE3F411C51CE}.Release|iPhone.Build.0 = Release|iPhone
		{A14504ED-D613-43D1-AD3D-AE3F411C51CE}.Release|iPhoneSimulator.ActiveCfg = Release|iPhoneSimulator
		{A14504ED-D613-43D1-AD3D-AE3F411C51CE}.Release|iPhoneSimulator.Build.0 = Release|iPhoneSimulator
		{A14504ED-D613-43D1-AD3D-AE3F411C51CE}.Release|x64.ActiveCfg = Release|Any CPU
		{A14504ED-D613-43D1-AD3D-AE3F411C51CE}.Release|x64.Build.0 = Release|Any CPU
		{A14504ED-D613-43D1-AD3D-AE3F411C51CE}.Release|x86.ActiveCfg = Release|Any CPU
		{A14504ED-D613-43D1-AD3D-AE3F411C51CE}.Release|x86.Build.0 = Release|Any CPU
	EndGlobalSection
	GlobalSection(SolutionProperties) = preSolution
		HideSolutionNode = FALSE
	EndGlobalSection
	GlobalSection(ExtensibilityGlobals) = postSolution
		SolutionGuid = {370AFA19-5C0E-448C-9667-ED03BA6A3AE3}
	EndGlobalSection
EndGlobal
