
Microsoft Visual Studio Solution File, Format Version 12.00
# Visual Studio 14
VisualStudioVersion = 14.0.25420.1
MinimumVisualStudioVersion = 10.0.40219.1
Project("{D954291E-2A0B-460D-934E-DC6B0785DB48}") = "Emgu.TF.Util", "..\..\Emgu.TF.Util\Emgu.TF.Util.shproj", "{98561642-5EC3-4244-BAF9-6876D9BA5527}"
EndProject
Project("{FAE04EC0-301F-11D3-BF4B-00C04F79EFBC}") = "XamarinForms.Lite.iOS", "..\..\Emgu.TF.Example\XamarinForms\XamarinForms.Lite.iOS\XamarinForms.Lite.iOS.csproj", "{FB5CF614-195E-4D5A-ABDB-1B831A5F8F79}"
EndProject
Project("{D954291E-2A0B-460D-934E-DC6B0785DB48}") = "Emgu.TF.Lite", "..\..\Emgu.TF.Lite\Emgu.TF.Lite.shproj", "{8F587FB9-BBA6-4C30-9329-8CBAC7020FE0}"
EndProject
Project("{D954291E-2A0B-460D-934E-DC6B0785DB48}") = "Emgu.Models.Shared", "..\..\Emgu.Models\Emgu.Models.Shared.shproj", "{8EDCE0C8-BA71-4396-9428-35D05877258C}"
EndProject
Project("{D954291E-2A0B-460D-934E-DC6B0785DB48}") = "XamarinForms.Lite", "..\..\Emgu.TF.Example\XamarinForms\XamarinForms.Lite\XamarinForms.Lite.shproj", "{26F4D7AF-57B6-4D2D-9A1C-AAFA757DDC4A}"
EndProject
Project("{FAE04EC0-301F-11D3-BF4B-00C04F79EFBC}") = "Emgu.TF.Lite.World.iOS", "..\..\Emgu.TF.World\Emgu.TF.Lite.World.iOS.csproj", "{A14504ED-D613-43D1-AD3D-AE3F411C51CE}"
EndProject
Project("{D954291E-2A0B-460D-934E-DC6B0785DB48}") = "Emgu.TF.Lite.Models.Shared", "..\..\Emgu.TF.Lite.Models\Emgu.TF.Lite.Models.Shared.shproj", "{E956DD26-1294-4731-8A90-C4CBA9F291B6}"
EndProject
Global
	GlobalSection(SharedMSBuildProjectFiles) = preSolution
		..\..\Emgu.TF.Util\Emgu.TF.Util.projitems*{98561642-5ec3-4244-baf9-6876d9ba5527}*SharedItemsImports = 13
		..\..\Emgu.TF.Util\Emgu.TF.Util.projitems*{bfd51463-0dd6-4527-8354-4e36050c3568}*SharedItemsImports = 4
	EndGlobalSection
	GlobalSection(SolutionConfigurationPlatforms) = preSolution
		Ad-Hoc|Any CPU = Ad-Hoc|Any CPU
		Ad-Hoc|ARM = Ad-Hoc|ARM
		Ad-Hoc|iPhone = Ad-Hoc|iPhone
		Ad-Hoc|iPhoneSimulator = Ad-Hoc|iPhoneSimulator
		Ad-Hoc|x64 = Ad-Hoc|x64
		Ad-Hoc|x86 = Ad-Hoc|x86
		AppStore|Any CPU = AppStore|Any CPU
		AppStore|ARM = AppStore|ARM
		AppStore|iPhone = AppStore|iPhone
		AppStore|iPhoneSimulator = AppStore|iPhoneSimulator
		AppStore|x64 = AppStore|x64
		AppStore|x86 = AppStore|x86
		Debug|Any CPU = Debug|Any CPU
		Debug|ARM = Debug|ARM
		Debug|iPhone = Debug|iPhone
		Debug|iPhoneSimulator = Debug|iPhoneSimulator
		Debug|x64 = Debug|x64
		Debug|x86 = Debug|x86
		Release|Any CPU = Release|Any CPU
		Release|ARM = Release|ARM
		Release|iPhone = Release|iPhone
		Release|iPhoneSimulator = Release|iPhoneSimulator
		Release|x64 = Release|x64
		Release|x86 = Release|x86
	EndGlobalSection
	GlobalSection(ProjectConfigurationPlatforms) = postSolution
		{24A85BC6-BECC-4194-9B93-213B53E57127}.Ad-Hoc|Any CPU.ActiveCfg = Ad-Hoc|iPhoneSimulator
		{24A85BC6-BECC-4194-9B93-213B53E57127}.Ad-Hoc|ARM.ActiveCfg = Ad-Hoc|iPhoneSimulator
		{24A85BC6-BECC-4194-9B93-213B53E57127}.Ad-Hoc|iPhone.ActiveCfg = Ad-Hoc|iPhone
		{24A85BC6-BECC-4194-9B93-213B53E57127}.Ad-Hoc|iPhone.Build.0 = Ad-Hoc|iPhone
		{24A85BC6-BECC-4194-9B93-213B53E57127}.Ad-Hoc|iPhoneSimulator.ActiveCfg = Ad-Hoc|iPhoneSimulator
		{24A85BC6-BECC-4194-9B93-213B53E57127}.Ad-Hoc|iPhoneSimulator.Build.0 = Ad-Hoc|iPhoneSimulator
		{24A85BC6-BECC-4194-9B93-213B53E57127}.Ad-Hoc|x64.ActiveCfg = Ad-Hoc|iPhoneSimulator
		{24A85BC6-BECC-4194-9B93-213B53E57127}.Ad-Hoc|x86.ActiveCfg = Ad-Hoc|iPhoneSimulator
		{24A85BC6-BECC-4194-9B93-213B53E57127}.AppStore|Any CPU.ActiveCfg = AppStore|iPhoneSimulator
		{24A85BC6-BECC-4194-9B93-213B53E57127}.AppStore|ARM.ActiveCfg = AppStore|iPhoneSimulator
		{24A85BC6-BECC-4194-9B93-213B53E57127}.AppStore|iPhone.ActiveCfg = AppStore|iPhone
		{24A85BC6-BECC-4194-9B93-213B53E57127}.AppStore|iPhone.Build.0 = AppStore|iPhone
		{24A85BC6-BECC-4194-9B93-213B53E57127}.AppStore|iPhoneSimulator.ActiveCfg = AppStore|iPhoneSimulator
		{24A85BC6-BECC-4194-9B93-213B53E57127}.AppStore|iPhoneSimulator.Build.0 = AppStore|iPhoneSimulator
		{24A85BC6-BECC-4194-9B93-213B53E57127}.AppStore|x64.ActiveCfg = AppStore|iPhoneSimulator
		{24A85BC6-BECC-4194-9B93-213B53E57127}.AppStore|x86.ActiveCfg = AppStore|iPhoneSimulator
		{24A85BC6-BECC-4194-9B93-213B53E57127}.Debug|Any CPU.ActiveCfg = Debug|iPhoneSimulator
		{24A85BC6-BECC-4194-9B93-213B53E57127}.Debug|Any CPU.Build.0 = Debug|iPhoneSimulator
		{24A85BC6-BECC-4194-9B93-213B53E57127}.Debug|ARM.ActiveCfg = Debug|iPhone
		{24A85BC6-BECC-4194-9B93-213B53E57127}.Debug|iPhone.ActiveCfg = Debug|iPhone
		{24A85BC6-BECC-4194-9B93-213B53E57127}.Debug|iPhone.Build.0 = Debug|iPhone
		{24A85BC6-BECC-4194-9B93-213B53E57127}.Debug|iPhoneSimulator.ActiveCfg = Debug|iPhoneSimulator
		{24A85BC6-BECC-4194-9B93-213B53E57127}.Debug|iPhoneSimulator.Build.0 = Debug|iPhoneSimulator
		{24A85BC6-BECC-4194-9B93-213B53E57127}.Debug|x64.ActiveCfg = Debug|iPhone
		{24A85BC6-BECC-4194-9B93-213B53E57127}.Debug|x86.ActiveCfg = Debug|iPhone
		{24A85BC6-BECC-4194-9B93-213B53E57127}.Release|Any CPU.ActiveCfg = Release|iPhoneSimulator
		{24A85BC6-BECC-4194-9B93-213B53E57127}.Release|Any CPU.Build.0 = Release|iPhoneSimulator
		{24A85BC6-BECC-4194-9B93-213B53E57127}.Release|ARM.ActiveCfg = Release|iPhone
		{24A85BC6-BECC-4194-9B93-213B53E57127}.Release|iPhone.ActiveCfg = Release|iPhone
		{24A85BC6-BECC-4194-9B93-213B53E57127}.Release|iPhone.Build.0 = Release|iPhone
		{24A85BC6-BECC-4194-9B93-213B53E57127}.Release|iPhoneSimulator.ActiveCfg = Release|iPhoneSimulator
		{24A85BC6-BECC-4194-9B93-213B53E57127}.Release|iPhoneSimulator.Build.0 = Release|iPhoneSimulator
		{24A85BC6-BECC-4194-9B93-213B53E57127}.Release|x64.ActiveCfg = Release|iPhone
		{24A85BC6-BECC-4194-9B93-213B53E57127}.Release|x86.ActiveCfg = Release|iPhone
		{BFD51463-0DD6-4527-8354-4E36050C3568}.Ad-Hoc|Any CPU.ActiveCfg = Debug|Any CPU
		{BFD51463-0DD6-4527-8354-4E36050C3568}.Ad-Hoc|Any CPU.Build.0 = Debug|Any CPU
		{BFD51463-0DD6-4527-8354-4E36050C3568}.Ad-Hoc|ARM.ActiveCfg = Debug|Any CPU
		{BFD51463-0DD6-4527-8354-4E36050C3568}.Ad-Hoc|ARM.Build.0 = Debug|Any CPU
		{BFD51463-0DD6-4527-8354-4E36050C3568}.Ad-Hoc|iPhone.ActiveCfg = Release|Any CPU
		{BFD51463-0DD6-4527-8354-4E36050C3568}.Ad-Hoc|iPhone.Build.0 = Release|Any CPU
		{BFD51463-0DD6-4527-8354-4E36050C3568}.Ad-Hoc|iPhoneSimulator.ActiveCfg = Debug|Any CPU
		{BFD51463-0DD6-4527-8354-4E36050C3568}.Ad-Hoc|iPhoneSimulator.Build.0 = Debug|Any CPU
		{BFD51463-0DD6-4527-8354-4E36050C3568}.Ad-Hoc|x64.ActiveCfg = Debug|Any CPU
		{BFD51463-0DD6-4527-8354-4E36050C3568}.Ad-Hoc|x64.Build.0 = Debug|Any CPU
		{BFD51463-0DD6-4527-8354-4E36050C3568}.Ad-Hoc|x86.ActiveCfg = Debug|Any CPU
		{BFD51463-0DD6-4527-8354-4E36050C3568}.Ad-Hoc|x86.Build.0 = Debug|Any CPU
		{BFD51463-0DD6-4527-8354-4E36050C3568}.AppStore|Any CPU.ActiveCfg = Debug|Any CPU
		{BFD51463-0DD6-4527-8354-4E36050C3568}.AppStore|Any CPU.Build.0 = Debug|Any CPU
		{BFD51463-0DD6-4527-8354-4E36050C3568}.AppStore|ARM.ActiveCfg = Debug|Any CPU
		{BFD51463-0DD6-4527-8354-4E36050C3568}.AppStore|ARM.Build.0 = Debug|Any CPU
		{BFD51463-0DD6-4527-8354-4E36050C3568}.AppStore|iPhone.ActiveCfg = Release|Any CPU
		{BFD51463-0DD6-4527-8354-4E36050C3568}.AppStore|iPhone.Build.0 = Release|Any CPU
		{BFD51463-0DD6-4527-8354-4E36050C3568}.AppStore|iPhoneSimulator.ActiveCfg = Debug|Any CPU
		{BFD51463-0DD6-4527-8354-4E36050C3568}.AppStore|iPhoneSimulator.Build.0 = Debug|Any CPU
		{BFD51463-0DD6-4527-8354-4E36050C3568}.AppStore|x64.ActiveCfg = Debug|Any CPU
		{BFD51463-0DD6-4527-8354-4E36050C3568}.AppStore|x64.Build.0 = Debug|Any CPU
		{BFD51463-0DD6-4527-8354-4E36050C3568}.AppStore|x86.ActiveCfg = Debug|Any CPU
		{BFD51463-0DD6-4527-8354-4E36050C3568}.AppStore|x86.Build.0 = Debug|Any CPU
		{BFD51463-0DD6-4527-8354-4E36050C3568}.Debug|Any CPU.ActiveCfg = Debug|Any CPU
		{BFD51463-0DD6-4527-8354-4E36050C3568}.Debug|Any CPU.Build.0 = Debug|Any CPU
		{BFD51463-0DD6-4527-8354-4E36050C3568}.Debug|ARM.ActiveCfg = Debug|Any CPU
		{BFD51463-0DD6-4527-8354-4E36050C3568}.Debug|ARM.Build.0 = Debug|Any CPU
		{BFD51463-0DD6-4527-8354-4E36050C3568}.Debug|iPhone.ActiveCfg = Debug|Any CPU
		{BFD51463-0DD6-4527-8354-4E36050C3568}.Debug|iPhone.Build.0 = Debug|Any CPU
		{BFD51463-0DD6-4527-8354-4E36050C3568}.Debug|iPhoneSimulator.ActiveCfg = Debug|Any CPU
		{BFD51463-0DD6-4527-8354-4E36050C3568}.Debug|iPhoneSimulator.Build.0 = Debug|Any CPU
		{BFD51463-0DD6-4527-8354-4E36050C3568}.Debug|x64.ActiveCfg = Debug|Any CPU
		{BFD51463-0DD6-4527-8354-4E36050C3568}.Debug|x64.Build.0 = Debug|Any CPU
		{BFD51463-0DD6-4527-8354-4E36050C3568}.Debug|x86.ActiveCfg = Debug|Any CPU
		{BFD51463-0DD6-4527-8354-4E36050C3568}.Debug|x86.Build.0 = Debug|Any CPU
		{BFD51463-0DD6-4527-8354-4E36050C3568}.Release|Any CPU.ActiveCfg = Release|Any CPU
		{BFD51463-0DD6-4527-8354-4E36050C3568}.Release|Any CPU.Build.0 = Release|Any CPU
		{BFD51463-0DD6-4527-8354-4E36050C3568}.Release|ARM.ActiveCfg = Release|Any CPU
		{BFD51463-0DD6-4527-8354-4E36050C3568}.Release|ARM.Build.0 = Release|Any CPU
		{BFD51463-0DD6-4527-8354-4E36050C3568}.Release|iPhone.ActiveCfg = Release|Any CPU
		{BFD51463-0DD6-4527-8354-4E36050C3568}.Release|iPhone.Build.0 = Release|Any CPU
		{BFD51463-0DD6-4527-8354-4E36050C3568}.Release|iPhoneSimulator.ActiveCfg = Release|Any CPU
		{BFD51463-0DD6-4527-8354-4E36050C3568}.Release|iPhoneSimulator.Build.0 = Release|Any CPU
		{BFD51463-0DD6-4527-8354-4E36050C3568}.Release|x64.ActiveCfg = Release|Any CPU
		{BFD51463-0DD6-4527-8354-4E36050C3568}.Release|x64.Build.0 = Release|Any CPU
		{BFD51463-0DD6-4527-8354-4E36050C3568}.Release|x86.ActiveCfg = Release|Any CPU
		{BFD51463-0DD6-4527-8354-4E36050C3568}.Release|x86.Build.0 = Release|Any CPU
		{FB5CF614-195E-4D5A-ABDB-1B831A5F8F79}.Ad-Hoc|Any CPU.ActiveCfg = Release|iPhone
		{FB5CF614-195E-4D5A-ABDB-1B831A5F8F79}.Ad-Hoc|Any CPU.Build.0 = Release|iPhone
		{FB5CF614-195E-4D5A-ABDB-1B831A5F8F79}.Ad-Hoc|ARM.ActiveCfg = Release|iPhone
		{FB5CF614-195E-4D5A-ABDB-1B831A5F8F79}.Ad-Hoc|ARM.Build.0 = Release|iPhone
		{FB5CF614-195E-4D5A-ABDB-1B831A5F8F79}.Ad-Hoc|iPhone.ActiveCfg = Release|iPhone
		{FB5CF614-195E-4D5A-ABDB-1B831A5F8F79}.Ad-Hoc|iPhone.Build.0 = Release|iPhone
		{FB5CF614-195E-4D5A-ABDB-1B831A5F8F79}.Ad-Hoc|iPhoneSimulator.ActiveCfg = Release|iPhone
		{FB5CF614-195E-4D5A-ABDB-1B831A5F8F79}.Ad-Hoc|iPhoneSimulator.Build.0 = Release|iPhone
		{FB5CF614-195E-4D5A-ABDB-1B831A5F8F79}.Ad-Hoc|x64.ActiveCfg = Release|iPhone
		{FB5CF614-195E-4D5A-ABDB-1B831A5F8F79}.Ad-Hoc|x64.Build.0 = Release|iPhone
		{FB5CF614-195E-4D5A-ABDB-1B831A5F8F79}.Ad-Hoc|x86.ActiveCfg = Release|iPhone
		{FB5CF614-195E-4D5A-ABDB-1B831A5F8F79}.Ad-Hoc|x86.Build.0 = Release|iPhone
		{FB5CF614-195E-4D5A-ABDB-1B831A5F8F79}.AppStore|Any CPU.ActiveCfg = Release|iPhone
		{FB5CF614-195E-4D5A-ABDB-1B831A5F8F79}.AppStore|Any CPU.Build.0 = Release|iPhone
		{FB5CF614-195E-4D5A-ABDB-1B831A5F8F79}.AppStore|ARM.ActiveCfg = Release|iPhone
		{FB5CF614-195E-4D5A-ABDB-1B831A5F8F79}.AppStore|ARM.Build.0 = Release|iPhone
		{FB5CF614-195E-4D5A-ABDB-1B831A5F8F79}.AppStore|iPhone.ActiveCfg = Release|iPhone
		{FB5CF614-195E-4D5A-ABDB-1B831A5F8F79}.AppStore|iPhone.Build.0 = Release|iPhone
		{FB5CF614-195E-4D5A-ABDB-1B831A5F8F79}.AppStore|iPhoneSimulator.ActiveCfg = Release|iPhone
		{FB5CF614-195E-4D5A-ABDB-1B831A5F8F79}.AppStore|iPhoneSimulator.Build.0 = Release|iPhone
		{FB5CF614-195E-4D5A-ABDB-1B831A5F8F79}.AppStore|x64.ActiveCfg = Release|iPhone
		{FB5CF614-195E-4D5A-ABDB-1B831A5F8F79}.AppStore|x64.Build.0 = Release|iPhone
		{FB5CF614-195E-4D5A-ABDB-1B831A5F8F79}.AppStore|x86.ActiveCfg = Release|iPhone
		{FB5CF614-195E-4D5A-ABDB-1B831A5F8F79}.AppStore|x86.Build.0 = Release|iPhone
		{FB5CF614-195E-4D5A-ABDB-1B831A5F8F79}.Debug|Any CPU.ActiveCfg = Debug|iPhoneSimulator
		{FB5CF614-195E-4D5A-ABDB-1B831A5F8F79}.Debug|Any CPU.Build.0 = Debug|iPhoneSimulator
		{FB5CF614-195E-4D5A-ABDB-1B831A5F8F79}.Debug|ARM.ActiveCfg = Debug|iPhone
		{FB5CF614-195E-4D5A-ABDB-1B831A5F8F79}.Debug|ARM.Build.0 = Debug|iPhone
		{FB5CF614-195E-4D5A-ABDB-1B831A5F8F79}.Debug|iPhone.ActiveCfg = Debug|iPhone
		{FB5CF614-195E-4D5A-ABDB-1B831A5F8F79}.Debug|iPhone.Build.0 = Debug|iPhone
		{FB5CF614-195E-4D5A-ABDB-1B831A5F8F79}.Debug|iPhoneSimulator.ActiveCfg = Debug|iPhoneSimulator
		{FB5CF614-195E-4D5A-ABDB-1B831A5F8F79}.Debug|iPhoneSimulator.Build.0 = Debug|iPhoneSimulator
		{FB5CF614-195E-4D5A-ABDB-1B831A5F8F79}.Debug|x64.ActiveCfg = Debug|iPhone
		{FB5CF614-195E-4D5A-ABDB-1B831A5F8F79}.Debug|x64.Build.0 = Debug|iPhone
		{FB5CF614-195E-4D5A-ABDB-1B831A5F8F79}.Debug|x86.ActiveCfg = Debug|iPhone
		{FB5CF614-195E-4D5A-ABDB-1B831A5F8F79}.Debug|x86.Build.0 = Debug|iPhone
		{FB5CF614-195E-4D5A-ABDB-1B831A5F8F79}.Release|Any CPU.ActiveCfg = Release|iPhoneSimulator
		{FB5CF614-195E-4D5A-ABDB-1B831A5F8F79}.Release|Any CPU.Build.0 = Release|iPhoneSimulator
		{FB5CF614-195E-4D5A-ABDB-1B831A5F8F79}.Release|ARM.ActiveCfg = Release|iPhone
		{FB5CF614-195E-4D5A-ABDB-1B831A5F8F79}.Release|ARM.Build.0 = Release|iPhone
		{FB5CF614-195E-4D5A-ABDB-1B831A5F8F79}.Release|iPhone.ActiveCfg = Release|iPhone
		{FB5CF614-195E-4D5A-ABDB-1B831A5F8F79}.Release|iPhone.Build.0 = Release|iPhone
		{FB5CF614-195E-4D5A-ABDB-1B831A5F8F79}.Release|iPhoneSimulator.ActiveCfg = Release|iPhoneSimulator
		{FB5CF614-195E-4D5A-ABDB-1B831A5F8F79}.Release|iPhoneSimulator.Build.0 = Release|iPhoneSimulator
		{FB5CF614-195E-4D5A-ABDB-1B831A5F8F79}.Release|x64.ActiveCfg = Release|iPhone
		{FB5CF614-195E-4D5A-ABDB-1B831A5F8F79}.Release|x64.Build.0 = Release|iPhone
		{FB5CF614-195E-4D5A-ABDB-1B831A5F8F79}.Release|x86.ActiveCfg = Release|iPhone
		{FB5CF614-195E-4D5A-ABDB-1B831A5F8F79}.Release|x86.Build.0 = Release|iPhone
		{A14504ED-D613-43D1-AD3D-AE3F411C51CE}.Ad-Hoc|Any CPU.ActiveCfg = Release|iPhone
		{A14504ED-D613-43D1-AD3D-AE3F411C51CE}.Ad-Hoc|Any CPU.Build.0 = Release|iPhone
		{A14504ED-D613-43D1-AD3D-AE3F411C51CE}.Ad-Hoc|ARM.ActiveCfg = Release|iPhone
		{A14504ED-D613-43D1-AD3D-AE3F411C51CE}.Ad-Hoc|ARM.Build.0 = Release|iPhone
		{A14504ED-D613-43D1-AD3D-AE3F411C51CE}.Ad-Hoc|iPhone.ActiveCfg = Release|iPhone
		{A14504ED-D613-43D1-AD3D-AE3F411C51CE}.Ad-Hoc|iPhone.Build.0 = Release|iPhone
		{A14504ED-D613-43D1-AD3D-AE3F411C51CE}.Ad-Hoc|iPhoneSimulator.ActiveCfg = Release|iPhone
		{A14504ED-D613-43D1-AD3D-AE3F411C51CE}.Ad-Hoc|iPhoneSimulator.Build.0 = Release|iPhone
		{A14504ED-D613-43D1-AD3D-AE3F411C51CE}.Ad-Hoc|x64.ActiveCfg = Release|iPhone
		{A14504ED-D613-43D1-AD3D-AE3F411C51CE}.Ad-Hoc|x64.Build.0 = Release|iPhone
		{A14504ED-D613-43D1-AD3D-AE3F411C51CE}.Ad-Hoc|x86.ActiveCfg = Release|iPhone
		{A14504ED-D613-43D1-AD3D-AE3F411C51CE}.Ad-Hoc|x86.Build.0 = Release|iPhone
		{A14504ED-D613-43D1-AD3D-AE3F411C51CE}.AppStore|Any CPU.ActiveCfg = Release|iPhone
		{A14504ED-D613-43D1-AD3D-AE3F411C51CE}.AppStore|Any CPU.Build.0 = Release|iPhone
		{A14504ED-D613-43D1-AD3D-AE3F411C51CE}.AppStore|ARM.ActiveCfg = Release|iPhone
		{A14504ED-D613-43D1-AD3D-AE3F411C51CE}.AppStore|ARM.Build.0 = Release|iPhone
		{A14504ED-D613-43D1-AD3D-AE3F411C51CE}.AppStore|iPhone.ActiveCfg = Release|iPhone
		{A14504ED-D613-43D1-AD3D-AE3F411C51CE}.AppStore|iPhone.Build.0 = Release|iPhone
		{A14504ED-D613-43D1-AD3D-AE3F411C51CE}.AppStore|iPhoneSimulator.ActiveCfg = Release|iPhone
		{A14504ED-D613-43D1-AD3D-AE3F411C51CE}.AppStore|iPhoneSimulator.Build.0 = Release|iPhone
		{A14504ED-D613-43D1-AD3D-AE3F411C51CE}.AppStore|x64.ActiveCfg = Release|iPhone
		{A14504ED-D613-43D1-AD3D-AE3F411C51CE}.AppStore|x64.Build.0 = Release|iPhone
		{A14504ED-D613-43D1-AD3D-AE3F411C51CE}.AppStore|x86.ActiveCfg = Release|iPhone
		{A14504ED-D613-43D1-AD3D-AE3F411C51CE}.AppStore|x86.Build.0 = Release|iPhone
		{A14504ED-D613-43D1-AD3D-AE3F411C51CE}.Debug|Any CPU.ActiveCfg = Debug|Any CPU
		{A14504ED-D613-43D1-AD3D-AE3F411C51CE}.Debug|Any CPU.Build.0 = Debug|Any CPU
		{A14504ED-D613-43D1-AD3D-AE3F411C51CE}.Debug|ARM.ActiveCfg = Debug|ARM
		{A14504ED-D613-43D1-AD3D-AE3F411C51CE}.Debug|ARM.Build.0 = Debug|ARM
		{A14504ED-D613-43D1-AD3D-AE3F411C51CE}.Debug|iPhone.ActiveCfg = Debug|iPhone
		{A14504ED-D613-43D1-AD3D-AE3F411C51CE}.Debug|iPhone.Build.0 = Debug|iPhone
		{A14504ED-D613-43D1-AD3D-AE3F411C51CE}.Debug|iPhoneSimulator.ActiveCfg = Debug|iPhoneSimulator
		{A14504ED-D613-43D1-AD3D-AE3F411C51CE}.Debug|iPhoneSimulator.Build.0 = Debug|iPhoneSimulator
		{A14504ED-D613-43D1-AD3D-AE3F411C51CE}.Debug|x64.ActiveCfg = Debug|x64
		{A14504ED-D613-43D1-AD3D-AE3F411C51CE}.Debug|x64.Build.0 = Debug|x64
		{A14504ED-D613-43D1-AD3D-AE3F411C51CE}.Debug|x86.ActiveCfg = Debug|x86
		{A14504ED-D613-43D1-AD3D-AE3F411C51CE}.Debug|x86.Build.0 = Debug|x86
		{A14504ED-D613-43D1-AD3D-AE3F411C51CE}.Release|Any CPU.ActiveCfg = Release|Any CPU
		{A14504ED-D613-43D1-AD3D-AE3F411C51CE}.Release|Any CPU.Build.0 = Release|Any CPU
		{A14504ED-D613-43D1-AD3D-AE3F411C51CE}.Release|ARM.ActiveCfg = Release|ARM
		{A14504ED-D613-43D1-AD3D-AE3F411C51CE}.Release|ARM.Build.0 = Release|ARM
		{A14504ED-D613-43D1-AD3D-AE3F411C51CE}.Release|iPhone.ActiveCfg = Release|iPhone
		{A14504ED-D613-43D1-AD3D-AE3F411C51CE}.Release|iPhone.Build.0 = Release|iPhone
		{A14504ED-D613-43D1-AD3D-AE3F411C51CE}.Release|iPhoneSimulator.ActiveCfg = Release|iPhoneSimulator
		{A14504ED-D613-43D1-AD3D-AE3F411C51CE}.Release|iPhoneSimulator.Build.0 = Release|iPhoneSimulator
		{A14504ED-D613-43D1-AD3D-AE3F411C51CE}.Release|x64.ActiveCfg = Release|x64
		{A14504ED-D613-43D1-AD3D-AE3F411C51CE}.Release|x64.Build.0 = Release|x64
		{A14504ED-D613-43D1-AD3D-AE3F411C51CE}.Release|x86.ActiveCfg = Release|x86
		{A14504ED-D613-43D1-AD3D-AE3F411C51CE}.Release|x86.Build.0 = Release|x86
	EndGlobalSection
	GlobalSection(SolutionProperties) = preSolution
		HideSolutionNode = FALSE
	EndGlobalSection
EndGlobal
