
Microsoft Visual Studio Solution File, Format Version 12.00
# Visual Studio 14
VisualStudioVersion = 14.0.25420.1
MinimumVisualStudioVersion = 10.0.40219.1
Project("{D954291E-2A0B-460D-934E-DC6B0785DB48}") = "Emgu.TF", "..\..\Emgu.TF\Emgu.TF.shproj", "{D47D776E-9970-4552-BC8A-24CADCBEA009}"
EndProject
Project("{D954291E-2A0B-460D-934E-DC6B0785DB48}") = "Emgu.TF.Util", "..\..\Emgu.TF.Util\Emgu.TF.Util.shproj", "{98561642-5EC3-4244-BAF9-6876D9BA5527}"
EndProject
Project("{D954291E-2A0B-460D-934E-DC6B0785DB48}") = "Emgu.TF.Models", "..\..\Emgu.TF.Models\Emgu.TF.Models.shproj", "{752279F0-17EF-4EC8-857C-8F5F897AF0E8}"
EndProject
Project("{D954291E-2A0B-460D-934E-DC6B0785DB48}") = "XamarinForms", "..\..\Emgu.TF.Example\XamarinForms\XamarinForms\XamarinForms.shproj", "{26BDB58D-52D9-4AD1-9205-BE5792781A98}"
EndProject
Project("{FAE04EC0-301F-11D3-BF4B-00C04F79EFBC}") = "XamarinForms.iOS", "..\..\Emgu.TF.Example\XamarinForms\XamarinForms.iOS\XamarinForms.iOS.csproj", "{24A85BC6-BECC-4194-9B93-213B53E57127}"
EndProject
Project("{FAE04EC0-301F-11D3-BF4B-00C04F79EFBC}") = "Emgu.TF.World.iOS", "..\..\Emgu.TF.World\Emgu.TF.World.iOS.csproj", "{BFD51463-0DD6-4527-8354-4E36050C3568}"
EndProject
Global
	GlobalSection(SharedMSBuildProjectFiles) = preSolution
		..\..\Emgu.TF.Models\Emgu.TF.Models.projitems*{752279f0-17ef-4ec8-857c-8f5f897af0e8}*SharedItemsImports = 13
		..\..\Emgu.TF.Util\Emgu.TF.Util.projitems*{98561642-5ec3-4244-baf9-6876d9ba5527}*SharedItemsImports = 13
		..\..\Emgu.TF.Models\Emgu.TF.Models.projitems*{a056234d-e585-4fff-a2e0-e63688595509}*SharedItemsImports = 4
		..\..\Emgu.TF.Util\Emgu.TF.Util.projitems*{a056234d-e585-4fff-a2e0-e63688595509}*SharedItemsImports = 4
		..\..\Emgu.TF\Emgu.TF.projitems*{a056234d-e585-4fff-a2e0-e63688595509}*SharedItemsImports = 4
		..\..\Emgu.TF\Emgu.TF.projitems*{d47d776e-9970-4552-bc8a-24cadcbea009}*SharedItemsImports = 13
	EndGlobalSection
	GlobalSection(SolutionConfigurationPlatforms) = preSolution
		Debug|Any CPU = Debug|Any CPU
		Release|Any CPU = Release|Any CPU
		Debug|iPhoneSimulator = Debug|iPhoneSimulator
		Release|iPhoneSimulator = Release|iPhoneSimulator
		Debug|iPhone = Debug|iPhone
		Release|iPhone = Release|iPhone
		Ad-Hoc|iPhone = Ad-Hoc|iPhone
		AppStore|iPhone = AppStore|iPhone
		Debug|x64 = Debug|x64
		Debug|x86 = Debug|x86
		Debug|ARM = Debug|ARM
		Release|x64 = Release|x64
		Release|x86 = Release|x86
		Release|ARM = Release|ARM
	EndGlobalSection
	GlobalSection(ProjectConfigurationPlatforms) = postSolution
		{A056234D-E585-4FFF-A2E0-E63688595509}.Debug|Any CPU.ActiveCfg = Debug|Any CPU
		{A056234D-E585-4FFF-A2E0-E63688595509}.Debug|Any CPU.Build.0 = Debug|Any CPU
		{A056234D-E585-4FFF-A2E0-E63688595509}.Release|Any CPU.ActiveCfg = Release|Any CPU
		{A056234D-E585-4FFF-A2E0-E63688595509}.Release|Any CPU.Build.0 = Release|Any CPU
		{24A85BC6-BECC-4194-9B93-213B53E57127}.Debug|Any CPU.ActiveCfg = Debug|iPhoneSimulator
		{24A85BC6-BECC-4194-9B93-213B53E57127}.Debug|Any CPU.Build.0 = Debug|iPhoneSimulator
		{24A85BC6-BECC-4194-9B93-213B53E57127}.Release|Any CPU.ActiveCfg = Release|iPhoneSimulator
		{24A85BC6-BECC-4194-9B93-213B53E57127}.Release|Any CPU.Build.0 = Release|iPhoneSimulator
		{24A85BC6-BECC-4194-9B93-213B53E57127}.Debug|iPhoneSimulator.ActiveCfg = Debug|iPhoneSimulator
		{24A85BC6-BECC-4194-9B93-213B53E57127}.Debug|iPhoneSimulator.Build.0 = Debug|iPhoneSimulator
		{24A85BC6-BECC-4194-9B93-213B53E57127}.Release|iPhoneSimulator.ActiveCfg = Release|iPhoneSimulator
		{24A85BC6-BECC-4194-9B93-213B53E57127}.Release|iPhoneSimulator.Build.0 = Release|iPhoneSimulator
		{24A85BC6-BECC-4194-9B93-213B53E57127}.Debug|iPhone.ActiveCfg = Debug|iPhone
		{24A85BC6-BECC-4194-9B93-213B53E57127}.Debug|iPhone.Build.0 = Debug|iPhone
		{24A85BC6-BECC-4194-9B93-213B53E57127}.Release|iPhone.ActiveCfg = Release|iPhone
		{24A85BC6-BECC-4194-9B93-213B53E57127}.Release|iPhone.Build.0 = Release|iPhone
		{24A85BC6-BECC-4194-9B93-213B53E57127}.Ad-Hoc|iPhone.ActiveCfg = Ad-Hoc|iPhone
		{24A85BC6-BECC-4194-9B93-213B53E57127}.Ad-Hoc|iPhone.Build.0 = Ad-Hoc|iPhone
		{24A85BC6-BECC-4194-9B93-213B53E57127}.AppStore|iPhone.ActiveCfg = AppStore|iPhone
		{24A85BC6-BECC-4194-9B93-213B53E57127}.AppStore|iPhone.Build.0 = AppStore|iPhone
		{24A85BC6-BECC-4194-9B93-213B53E57127}.Debug|x64.ActiveCfg = Debug|x64
		{24A85BC6-BECC-4194-9B93-213B53E57127}.Debug|x64.Build.0 = Debug|x64
		{24A85BC6-BECC-4194-9B93-213B53E57127}.Debug|x86.ActiveCfg = Debug|x86
		{24A85BC6-BECC-4194-9B93-213B53E57127}.Debug|x86.Build.0 = Debug|x86
		{24A85BC6-BECC-4194-9B93-213B53E57127}.Debug|ARM.ActiveCfg = Debug|ARM
		{24A85BC6-BECC-4194-9B93-213B53E57127}.Debug|ARM.Build.0 = Debug|ARM
		{24A85BC6-BECC-4194-9B93-213B53E57127}.Release|x64.ActiveCfg = Release|x64
		{24A85BC6-BECC-4194-9B93-213B53E57127}.Release|x64.Build.0 = Release|x64
		{24A85BC6-BECC-4194-9B93-213B53E57127}.Release|x86.ActiveCfg = Release|x86
		{24A85BC6-BECC-4194-9B93-213B53E57127}.Release|x86.Build.0 = Release|x86
		{24A85BC6-BECC-4194-9B93-213B53E57127}.Release|ARM.ActiveCfg = Release|ARM
		{24A85BC6-BECC-4194-9B93-213B53E57127}.Release|ARM.Build.0 = Release|ARM
		{BFD51463-0DD6-4527-8354-4E36050C3568}.Debug|Any CPU.ActiveCfg = Debug|Any CPU
		{BFD51463-0DD6-4527-8354-4E36050C3568}.Debug|Any CPU.Build.0 = Debug|Any CPU
		{BFD51463-0DD6-4527-8354-4E36050C3568}.Release|Any CPU.ActiveCfg = Release|Any CPU
		{BFD51463-0DD6-4527-8354-4E36050C3568}.Release|Any CPU.Build.0 = Release|Any CPU
		{BFD51463-0DD6-4527-8354-4E36050C3568}.Debug|iPhoneSimulator.ActiveCfg = Debug|Any CPU
		{BFD51463-0DD6-4527-8354-4E36050C3568}.Debug|iPhoneSimulator.Build.0 = Debug|Any CPU
		{BFD51463-0DD6-4527-8354-4E36050C3568}.Release|iPhoneSimulator.ActiveCfg = Release|Any CPU
		{BFD51463-0DD6-4527-8354-4E36050C3568}.Release|iPhoneSimulator.Build.0 = Release|Any CPU
		{BFD51463-0DD6-4527-8354-4E36050C3568}.Debug|iPhone.ActiveCfg = Debug|Any CPU
		{BFD51463-0DD6-4527-8354-4E36050C3568}.Debug|iPhone.Build.0 = Debug|Any CPU
		{BFD51463-0DD6-4527-8354-4E36050C3568}.Release|iPhone.ActiveCfg = Release|Any CPU
		{BFD51463-0DD6-4527-8354-4E36050C3568}.Release|iPhone.Build.0 = Release|Any CPU
		{BFD51463-0DD6-4527-8354-4E36050C3568}.Ad-Hoc|iPhone.ActiveCfg = Release|Any CPU
		{BFD51463-0DD6-4527-8354-4E36050C3568}.Ad-Hoc|iPhone.Build.0 = Release|Any CPU
		{BFD51463-0DD6-4527-8354-4E36050C3568}.AppStore|iPhone.ActiveCfg = Release|Any CPU
		{BFD51463-0DD6-4527-8354-4E36050C3568}.AppStore|iPhone.Build.0 = Release|Any CPU
		{BFD51463-0DD6-4527-8354-4E36050C3568}.Debug|x64.ActiveCfg = Debug|Any CPU
		{BFD51463-0DD6-4527-8354-4E36050C3568}.Debug|x64.Build.0 = Debug|Any CPU
		{BFD51463-0DD6-4527-8354-4E36050C3568}.Debug|x86.ActiveCfg = Debug|Any CPU
		{BFD51463-0DD6-4527-8354-4E36050C3568}.Debug|x86.Build.0 = Debug|Any CPU
		{BFD51463-0DD6-4527-8354-4E36050C3568}.Debug|ARM.ActiveCfg = Debug|Any CPU
		{BFD51463-0DD6-4527-8354-4E36050C3568}.Debug|ARM.Build.0 = Debug|Any CPU
		{BFD51463-0DD6-4527-8354-4E36050C3568}.Release|x64.ActiveCfg = Release|Any CPU
		{BFD51463-0DD6-4527-8354-4E36050C3568}.Release|x64.Build.0 = Release|Any CPU
		{BFD51463-0DD6-4527-8354-4E36050C3568}.Release|x86.ActiveCfg = Release|Any CPU
		{BFD51463-0DD6-4527-8354-4E36050C3568}.Release|x86.Build.0 = Release|Any CPU
		{BFD51463-0DD6-4527-8354-4E36050C3568}.Release|ARM.ActiveCfg = Release|Any CPU
		{BFD51463-0DD6-4527-8354-4E36050C3568}.Release|ARM.Build.0 = Release|Any CPU
	EndGlobalSection
	GlobalSection(SolutionProperties) = preSolution
		HideSolutionNode = FALSE
	EndGlobalSection
EndGlobal
