
Microsoft Visual Studio Solution File, Format Version 12.00
# Visual Studio Version 17
VisualStudioVersion = 17.10.34916.146
MinimumVisualStudioVersion = 10.0.40219.1
Project("{D954291E-2A0B-460D-934E-DC6B0785DB48}") = "Emgu.TF.Util.Shared", "..\..\Emgu.TF.Util\Emgu.TF.Util.Shared.shproj", "{98561642-5EC3-4244-BAF9-6876D9BA5527}"
EndProject
Project("{D954291E-2A0B-460D-934E-DC6B0785DB48}") = "Emgu.TF.Lite.Shared", "..\..\Emgu.TF.Lite\Emgu.TF.Lite.Shared.shproj", "{8F587FB9-BBA6-4C30-9329-8CBAC7020FE0}"
EndProject
Project("{D954291E-2A0B-460D-934E-DC6B0785DB48}") = "Emgu.Models.Shared", "..\..\Emgu.Models\Emgu.Models.Shared.shproj", "{8EDCE0C8-BA71-4396-9428-35D05877258C}"
EndProject
Project("{D954291E-2A0B-460D-934E-DC6B0785DB48}") = "Emgu.TF.Lite.Models.Shared", "..\..\Emgu.TF.Lite.Models\Emgu.TF.Lite.Models.Shared.shproj", "{E956DD26-1294-4731-8A90-C4CBA9F291B6}"
EndProject
Project("{9A19103F-16F7-4668-BE54-9A1E7A4F7556}") = "Emgu.TF.Lite.Netstandard", "..\..\Emgu.TF.Lite\Emgu.TF.Lite.Netstandard\Emgu.TF.Lite.Netstandard.csproj", "{FDAB1BD5-2BC7-4839-83A6-3DCD6E8C4B5A}"
EndProject
Project("{9A19103F-16F7-4668-BE54-9A1E7A4F7556}") = "Emgu.TF.Lite.Models.Netstandard", "..\..\Emgu.TF.Lite.Models\Emgu.TF.Lite.Models.Netstandard\Emgu.TF.Lite.Models.Netstandard.csproj", "{BD5392A2-30E8-4D5A-A1AD-F66A95B54D14}"
EndProject
Project("{9A19103F-16F7-4668-BE54-9A1E7A4F7556}") = "Emgu.TF.Lite.Platform.Maui.Android", "..\..\Emgu.TF.Platform\Maui\Android\Lite\Emgu.TF.Lite.Platform.Maui.Android.csproj", "{0EA73EE9-FC06-4734-BC29-F8AE34EE31A9}"
EndProject
Project("{9A19103F-16F7-4668-BE54-9A1E7A4F7556}") = "Maui.Demo.Lite", "..\..\Emgu.TF.Example\Maui.Lite\Maui.Demo.Lite.csproj", "{E162F4C3-F8C8-495F-B9B1-B7A1FC806D2C}"
EndProject
Global
	GlobalSection(SolutionConfigurationPlatforms) = preSolution
		Ad-Hoc|Any CPU = Ad-Hoc|Any CPU
		Ad-Hoc|ARM = Ad-Hoc|ARM
		Ad-Hoc|arm64-v8a = Ad-Hoc|arm64-v8a
		Ad-Hoc|x64 = Ad-Hoc|x64
		Ad-Hoc|x86 = Ad-Hoc|x86
		AppStore|Any CPU = AppStore|Any CPU
		AppStore|ARM = AppStore|ARM
		AppStore|arm64-v8a = AppStore|arm64-v8a
		AppStore|x64 = AppStore|x64
		AppStore|x86 = AppStore|x86
		Debug|Any CPU = Debug|Any CPU
		Debug|ARM = Debug|ARM
		Debug|arm64-v8a = Debug|arm64-v8a
		Debug|x64 = Debug|x64
		Debug|x86 = Debug|x86
		Release|Any CPU = Release|Any CPU
		Release|ARM = Release|ARM
		Release|arm64-v8a = Release|arm64-v8a
		Release|x64 = Release|x64
		Release|x86 = Release|x86
	EndGlobalSection
	GlobalSection(ProjectConfigurationPlatforms) = postSolution
		{FDAB1BD5-2BC7-4839-83A6-3DCD6E8C4B5A}.Ad-Hoc|Any CPU.ActiveCfg = Debug|Any CPU
		{FDAB1BD5-2BC7-4839-83A6-3DCD6E8C4B5A}.Ad-Hoc|Any CPU.Build.0 = Debug|Any CPU
		{FDAB1BD5-2BC7-4839-83A6-3DCD6E8C4B5A}.Ad-Hoc|ARM.ActiveCfg = Debug|Any CPU
		{FDAB1BD5-2BC7-4839-83A6-3DCD6E8C4B5A}.Ad-Hoc|ARM.Build.0 = Debug|Any CPU
		{FDAB1BD5-2BC7-4839-83A6-3DCD6E8C4B5A}.Ad-Hoc|arm64-v8a.ActiveCfg = Debug|Any CPU
		{FDAB1BD5-2BC7-4839-83A6-3DCD6E8C4B5A}.Ad-Hoc|arm64-v8a.Build.0 = Debug|Any CPU
		{FDAB1BD5-2BC7-4839-83A6-3DCD6E8C4B5A}.Ad-Hoc|x64.ActiveCfg = Debug|Any CPU
		{FDAB1BD5-2BC7-4839-83A6-3DCD6E8C4B5A}.Ad-Hoc|x64.Build.0 = Debug|Any CPU
		{FDAB1BD5-2BC7-4839-83A6-3DCD6E8C4B5A}.Ad-Hoc|x86.ActiveCfg = Debug|Any CPU
		{FDAB1BD5-2BC7-4839-83A6-3DCD6E8C4B5A}.Ad-Hoc|x86.Build.0 = Debug|Any CPU
		{FDAB1BD5-2BC7-4839-83A6-3DCD6E8C4B5A}.AppStore|Any CPU.ActiveCfg = Debug|Any CPU
		{FDAB1BD5-2BC7-4839-83A6-3DCD6E8C4B5A}.AppStore|Any CPU.Build.0 = Debug|Any CPU
		{FDAB1BD5-2BC7-4839-83A6-3DCD6E8C4B5A}.AppStore|ARM.ActiveCfg = Debug|Any CPU
		{FDAB1BD5-2BC7-4839-83A6-3DCD6E8C4B5A}.AppStore|ARM.Build.0 = Debug|Any CPU
		{FDAB1BD5-2BC7-4839-83A6-3DCD6E8C4B5A}.AppStore|arm64-v8a.ActiveCfg = Debug|Any CPU
		{FDAB1BD5-2BC7-4839-83A6-3DCD6E8C4B5A}.AppStore|arm64-v8a.Build.0 = Debug|Any CPU
		{FDAB1BD5-2BC7-4839-83A6-3DCD6E8C4B5A}.AppStore|x64.ActiveCfg = Debug|Any CPU
		{FDAB1BD5-2BC7-4839-83A6-3DCD6E8C4B5A}.AppStore|x64.Build.0 = Debug|Any CPU
		{FDAB1BD5-2BC7-4839-83A6-3DCD6E8C4B5A}.AppStore|x86.ActiveCfg = Debug|Any CPU
		{FDAB1BD5-2BC7-4839-83A6-3DCD6E8C4B5A}.AppStore|x86.Build.0 = Debug|Any CPU
		{FDAB1BD5-2BC7-4839-83A6-3DCD6E8C4B5A}.Debug|Any CPU.ActiveCfg = Debug|Any CPU
		{FDAB1BD5-2BC7-4839-83A6-3DCD6E8C4B5A}.Debug|Any CPU.Build.0 = Debug|Any CPU
		{FDAB1BD5-2BC7-4839-83A6-3DCD6E8C4B5A}.Debug|ARM.ActiveCfg = Debug|Any CPU
		{FDAB1BD5-2BC7-4839-83A6-3DCD6E8C4B5A}.Debug|ARM.Build.0 = Debug|Any CPU
		{FDAB1BD5-2BC7-4839-83A6-3DCD6E8C4B5A}.Debug|arm64-v8a.ActiveCfg = Debug|Any CPU
		{FDAB1BD5-2BC7-4839-83A6-3DCD6E8C4B5A}.Debug|arm64-v8a.Build.0 = Debug|Any CPU
		{FDAB1BD5-2BC7-4839-83A6-3DCD6E8C4B5A}.Debug|x64.ActiveCfg = Debug|Any CPU
		{FDAB1BD5-2BC7-4839-83A6-3DCD6E8C4B5A}.Debug|x64.Build.0 = Debug|Any CPU
		{FDAB1BD5-2BC7-4839-83A6-3DCD6E8C4B5A}.Debug|x86.ActiveCfg = Debug|Any CPU
		{FDAB1BD5-2BC7-4839-83A6-3DCD6E8C4B5A}.Debug|x86.Build.0 = Debug|Any CPU
		{FDAB1BD5-2BC7-4839-83A6-3DCD6E8C4B5A}.Release|Any CPU.ActiveCfg = Release|Any CPU
		{FDAB1BD5-2BC7-4839-83A6-3DCD6E8C4B5A}.Release|Any CPU.Build.0 = Release|Any CPU
		{FDAB1BD5-2BC7-4839-83A6-3DCD6E8C4B5A}.Release|ARM.ActiveCfg = Release|Any CPU
		{FDAB1BD5-2BC7-4839-83A6-3DCD6E8C4B5A}.Release|ARM.Build.0 = Release|Any CPU
		{FDAB1BD5-2BC7-4839-83A6-3DCD6E8C4B5A}.Release|arm64-v8a.ActiveCfg = Release|Any CPU
		{FDAB1BD5-2BC7-4839-83A6-3DCD6E8C4B5A}.Release|arm64-v8a.Build.0 = Release|Any CPU
		{FDAB1BD5-2BC7-4839-83A6-3DCD6E8C4B5A}.Release|x64.ActiveCfg = Release|Any CPU
		{FDAB1BD5-2BC7-4839-83A6-3DCD6E8C4B5A}.Release|x64.Build.0 = Release|Any CPU
		{FDAB1BD5-2BC7-4839-83A6-3DCD6E8C4B5A}.Release|x86.ActiveCfg = Release|Any CPU
		{FDAB1BD5-2BC7-4839-83A6-3DCD6E8C4B5A}.Release|x86.Build.0 = Release|Any CPU
		{BD5392A2-30E8-4D5A-A1AD-F66A95B54D14}.Ad-Hoc|Any CPU.ActiveCfg = Release|Any CPU
		{BD5392A2-30E8-4D5A-A1AD-F66A95B54D14}.Ad-Hoc|Any CPU.Build.0 = Release|Any CPU
		{BD5392A2-30E8-4D5A-A1AD-F66A95B54D14}.Ad-Hoc|ARM.ActiveCfg = Release|Any CPU
		{BD5392A2-30E8-4D5A-A1AD-F66A95B54D14}.Ad-Hoc|ARM.Build.0 = Release|Any CPU
		{BD5392A2-30E8-4D5A-A1AD-F66A95B54D14}.Ad-Hoc|arm64-v8a.ActiveCfg = Release|Any CPU
		{BD5392A2-30E8-4D5A-A1AD-F66A95B54D14}.Ad-Hoc|arm64-v8a.Build.0 = Release|Any CPU
		{BD5392A2-30E8-4D5A-A1AD-F66A95B54D14}.Ad-Hoc|x64.ActiveCfg = Release|Any CPU
		{BD5392A2-30E8-4D5A-A1AD-F66A95B54D14}.Ad-Hoc|x64.Build.0 = Release|Any CPU
		{BD5392A2-30E8-4D5A-A1AD-F66A95B54D14}.Ad-Hoc|x86.ActiveCfg = Release|Any CPU
		{BD5392A2-30E8-4D5A-A1AD-F66A95B54D14}.Ad-Hoc|x86.Build.0 = Release|Any CPU
		{BD5392A2-30E8-4D5A-A1AD-F66A95B54D14}.AppStore|Any CPU.ActiveCfg = Release|Any CPU
		{BD5392A2-30E8-4D5A-A1AD-F66A95B54D14}.AppStore|Any CPU.Build.0 = Release|Any CPU
		{BD5392A2-30E8-4D5A-A1AD-F66A95B54D14}.AppStore|ARM.ActiveCfg = Release|Any CPU
		{BD5392A2-30E8-4D5A-A1AD-F66A95B54D14}.AppStore|ARM.Build.0 = Release|Any CPU
		{BD5392A2-30E8-4D5A-A1AD-F66A95B54D14}.AppStore|arm64-v8a.ActiveCfg = Release|Any CPU
		{BD5392A2-30E8-4D5A-A1AD-F66A95B54D14}.AppStore|arm64-v8a.Build.0 = Release|Any CPU
		{BD5392A2-30E8-4D5A-A1AD-F66A95B54D14}.AppStore|x64.ActiveCfg = Release|Any CPU
		{BD5392A2-30E8-4D5A-A1AD-F66A95B54D14}.AppStore|x64.Build.0 = Release|Any CPU
		{BD5392A2-30E8-4D5A-A1AD-F66A95B54D14}.AppStore|x86.ActiveCfg = Release|Any CPU
		{BD5392A2-30E8-4D5A-A1AD-F66A95B54D14}.AppStore|x86.Build.0 = Release|Any CPU
		{BD5392A2-30E8-4D5A-A1AD-F66A95B54D14}.Debug|Any CPU.ActiveCfg = Debug|Any CPU
		{BD5392A2-30E8-4D5A-A1AD-F66A95B54D14}.Debug|Any CPU.Build.0 = Debug|Any CPU
		{BD5392A2-30E8-4D5A-A1AD-F66A95B54D14}.Debug|ARM.ActiveCfg = Debug|Any CPU
		{BD5392A2-30E8-4D5A-A1AD-F66A95B54D14}.Debug|ARM.Build.0 = Debug|Any CPU
		{BD5392A2-30E8-4D5A-A1AD-F66A95B54D14}.Debug|arm64-v8a.ActiveCfg = Debug|Any CPU
		{BD5392A2-30E8-4D5A-A1AD-F66A95B54D14}.Debug|arm64-v8a.Build.0 = Debug|Any CPU
		{BD5392A2-30E8-4D5A-A1AD-F66A95B54D14}.Debug|x64.ActiveCfg = Debug|Any CPU
		{BD5392A2-30E8-4D5A-A1AD-F66A95B54D14}.Debug|x64.Build.0 = Debug|Any CPU
		{BD5392A2-30E8-4D5A-A1AD-F66A95B54D14}.Debug|x86.ActiveCfg = Debug|Any CPU
		{BD5392A2-30E8-4D5A-A1AD-F66A95B54D14}.Debug|x86.Build.0 = Debug|Any CPU
		{BD5392A2-30E8-4D5A-A1AD-F66A95B54D14}.Release|Any CPU.ActiveCfg = Release|Any CPU
		{BD5392A2-30E8-4D5A-A1AD-F66A95B54D14}.Release|Any CPU.Build.0 = Release|Any CPU
		{BD5392A2-30E8-4D5A-A1AD-F66A95B54D14}.Release|ARM.ActiveCfg = Release|Any CPU
		{BD5392A2-30E8-4D5A-A1AD-F66A95B54D14}.Release|ARM.Build.0 = Release|Any CPU
		{BD5392A2-30E8-4D5A-A1AD-F66A95B54D14}.Release|arm64-v8a.ActiveCfg = Release|Any CPU
		{BD5392A2-30E8-4D5A-A1AD-F66A95B54D14}.Release|arm64-v8a.Build.0 = Release|Any CPU
		{BD5392A2-30E8-4D5A-A1AD-F66A95B54D14}.Release|x64.ActiveCfg = Release|Any CPU
		{BD5392A2-30E8-4D5A-A1AD-F66A95B54D14}.Release|x64.Build.0 = Release|Any CPU
		{BD5392A2-30E8-4D5A-A1AD-F66A95B54D14}.Release|x86.ActiveCfg = Release|Any CPU
		{BD5392A2-30E8-4D5A-A1AD-F66A95B54D14}.Release|x86.Build.0 = Release|Any CPU
		{0EA73EE9-FC06-4734-BC29-F8AE34EE31A9}.Ad-Hoc|Any CPU.ActiveCfg = Debug|Any CPU
		{0EA73EE9-FC06-4734-BC29-F8AE34EE31A9}.Ad-Hoc|Any CPU.Build.0 = Debug|Any CPU
		{0EA73EE9-FC06-4734-BC29-F8AE34EE31A9}.Ad-Hoc|ARM.ActiveCfg = Debug|Any CPU
		{0EA73EE9-FC06-4734-BC29-F8AE34EE31A9}.Ad-Hoc|ARM.Build.0 = Debug|Any CPU
		{0EA73EE9-FC06-4734-BC29-F8AE34EE31A9}.Ad-Hoc|arm64-v8a.ActiveCfg = Debug|Any CPU
		{0EA73EE9-FC06-4734-BC29-F8AE34EE31A9}.Ad-Hoc|arm64-v8a.Build.0 = Debug|Any CPU
		{0EA73EE9-FC06-4734-BC29-F8AE34EE31A9}.Ad-Hoc|x64.ActiveCfg = Debug|Any CPU
		{0EA73EE9-FC06-4734-BC29-F8AE34EE31A9}.Ad-Hoc|x64.Build.0 = Debug|Any CPU
		{0EA73EE9-FC06-4734-BC29-F8AE34EE31A9}.Ad-Hoc|x86.ActiveCfg = Debug|Any CPU
		{0EA73EE9-FC06-4734-BC29-F8AE34EE31A9}.Ad-Hoc|x86.Build.0 = Debug|Any CPU
		{0EA73EE9-FC06-4734-BC29-F8AE34EE31A9}.AppStore|Any CPU.ActiveCfg = Debug|Any CPU
		{0EA73EE9-FC06-4734-BC29-F8AE34EE31A9}.AppStore|Any CPU.Build.0 = Debug|Any CPU
		{0EA73EE9-FC06-4734-BC29-F8AE34EE31A9}.AppStore|ARM.ActiveCfg = Debug|Any CPU
		{0EA73EE9-FC06-4734-BC29-F8AE34EE31A9}.AppStore|ARM.Build.0 = Debug|Any CPU
		{0EA73EE9-FC06-4734-BC29-F8AE34EE31A9}.AppStore|arm64-v8a.ActiveCfg = Debug|Any CPU
		{0EA73EE9-FC06-4734-BC29-F8AE34EE31A9}.AppStore|arm64-v8a.Build.0 = Debug|Any CPU
		{0EA73EE9-FC06-4734-BC29-F8AE34EE31A9}.AppStore|x64.ActiveCfg = Debug|Any CPU
		{0EA73EE9-FC06-4734-BC29-F8AE34EE31A9}.AppStore|x64.Build.0 = Debug|Any CPU
		{0EA73EE9-FC06-4734-BC29-F8AE34EE31A9}.AppStore|x86.ActiveCfg = Debug|Any CPU
		{0EA73EE9-FC06-4734-BC29-F8AE34EE31A9}.AppStore|x86.Build.0 = Debug|Any CPU
		{0EA73EE9-FC06-4734-BC29-F8AE34EE31A9}.Debug|Any CPU.ActiveCfg = Debug|Any CPU
		{0EA73EE9-FC06-4734-BC29-F8AE34EE31A9}.Debug|Any CPU.Build.0 = Debug|Any CPU
		{0EA73EE9-FC06-4734-BC29-F8AE34EE31A9}.Debug|ARM.ActiveCfg = Debug|Any CPU
		{0EA73EE9-FC06-4734-BC29-F8AE34EE31A9}.Debug|ARM.Build.0 = Debug|Any CPU
		{0EA73EE9-FC06-4734-BC29-F8AE34EE31A9}.Debug|arm64-v8a.ActiveCfg = Debug|Any CPU
		{0EA73EE9-FC06-4734-BC29-F8AE34EE31A9}.Debug|arm64-v8a.Build.0 = Debug|Any CPU
		{0EA73EE9-FC06-4734-BC29-F8AE34EE31A9}.Debug|x64.ActiveCfg = Debug|Any CPU
		{0EA73EE9-FC06-4734-BC29-F8AE34EE31A9}.Debug|x64.Build.0 = Debug|Any CPU
		{0EA73EE9-FC06-4734-BC29-F8AE34EE31A9}.Debug|x86.ActiveCfg = Debug|Any CPU
		{0EA73EE9-FC06-4734-BC29-F8AE34EE31A9}.Debug|x86.Build.0 = Debug|Any CPU
		{0EA73EE9-FC06-4734-BC29-F8AE34EE31A9}.Release|Any CPU.ActiveCfg = Release|Any CPU
		{0EA73EE9-FC06-4734-BC29-F8AE34EE31A9}.Release|Any CPU.Build.0 = Release|Any CPU
		{0EA73EE9-FC06-4734-BC29-F8AE34EE31A9}.Release|ARM.ActiveCfg = Release|Any CPU
		{0EA73EE9-FC06-4734-BC29-F8AE34EE31A9}.Release|ARM.Build.0 = Release|Any CPU
		{0EA73EE9-FC06-4734-BC29-F8AE34EE31A9}.Release|arm64-v8a.ActiveCfg = Release|Any CPU
		{0EA73EE9-FC06-4734-BC29-F8AE34EE31A9}.Release|arm64-v8a.Build.0 = Release|Any CPU
		{0EA73EE9-FC06-4734-BC29-F8AE34EE31A9}.Release|x64.ActiveCfg = Release|Any CPU
		{0EA73EE9-FC06-4734-BC29-F8AE34EE31A9}.Release|x64.Build.0 = Release|Any CPU
		{0EA73EE9-FC06-4734-BC29-F8AE34EE31A9}.Release|x86.ActiveCfg = Release|Any CPU
		{0EA73EE9-FC06-4734-BC29-F8AE34EE31A9}.Release|x86.Build.0 = Release|Any CPU
		{E162F4C3-F8C8-495F-B9B1-B7A1FC806D2C}.Ad-Hoc|Any CPU.ActiveCfg = Debug|Any CPU
		{E162F4C3-F8C8-495F-B9B1-B7A1FC806D2C}.Ad-Hoc|Any CPU.Build.0 = Debug|Any CPU
		{E162F4C3-F8C8-495F-B9B1-B7A1FC806D2C}.Ad-Hoc|Any CPU.Deploy.0 = Debug|Any CPU
		{E162F4C3-F8C8-495F-B9B1-B7A1FC806D2C}.Ad-Hoc|ARM.ActiveCfg = Debug|Any CPU
		{E162F4C3-F8C8-495F-B9B1-B7A1FC806D2C}.Ad-Hoc|ARM.Build.0 = Debug|Any CPU
		{E162F4C3-F8C8-495F-B9B1-B7A1FC806D2C}.Ad-Hoc|ARM.Deploy.0 = Debug|Any CPU
		{E162F4C3-F8C8-495F-B9B1-B7A1FC806D2C}.Ad-Hoc|arm64-v8a.ActiveCfg = Debug|Any CPU
		{E162F4C3-F8C8-495F-B9B1-B7A1FC806D2C}.Ad-Hoc|arm64-v8a.Build.0 = Debug|Any CPU
		{E162F4C3-F8C8-495F-B9B1-B7A1FC806D2C}.Ad-Hoc|arm64-v8a.Deploy.0 = Debug|Any CPU
		{E162F4C3-F8C8-495F-B9B1-B7A1FC806D2C}.Ad-Hoc|x64.ActiveCfg = Debug|Any CPU
		{E162F4C3-F8C8-495F-B9B1-B7A1FC806D2C}.Ad-Hoc|x64.Build.0 = Debug|Any CPU
		{E162F4C3-F8C8-495F-B9B1-B7A1FC806D2C}.Ad-Hoc|x64.Deploy.0 = Debug|Any CPU
		{E162F4C3-F8C8-495F-B9B1-B7A1FC806D2C}.Ad-Hoc|x86.ActiveCfg = Debug|Any CPU
		{E162F4C3-F8C8-495F-B9B1-B7A1FC806D2C}.Ad-Hoc|x86.Build.0 = Debug|Any CPU
		{E162F4C3-F8C8-495F-B9B1-B7A1FC806D2C}.Ad-Hoc|x86.Deploy.0 = Debug|Any CPU
		{E162F4C3-F8C8-495F-B9B1-B7A1FC806D2C}.AppStore|Any CPU.ActiveCfg = Debug|Any CPU
		{E162F4C3-F8C8-495F-B9B1-B7A1FC806D2C}.AppStore|Any CPU.Build.0 = Debug|Any CPU
		{E162F4C3-F8C8-495F-B9B1-B7A1FC806D2C}.AppStore|Any CPU.Deploy.0 = Debug|Any CPU
		{E162F4C3-F8C8-495F-B9B1-B7A1FC806D2C}.AppStore|ARM.ActiveCfg = Debug|Any CPU
		{E162F4C3-F8C8-495F-B9B1-B7A1FC806D2C}.AppStore|ARM.Build.0 = Debug|Any CPU
		{E162F4C3-F8C8-495F-B9B1-B7A1FC806D2C}.AppStore|ARM.Deploy.0 = Debug|Any CPU
		{E162F4C3-F8C8-495F-B9B1-B7A1FC806D2C}.AppStore|arm64-v8a.ActiveCfg = Debug|Any CPU
		{E162F4C3-F8C8-495F-B9B1-B7A1FC806D2C}.AppStore|arm64-v8a.Build.0 = Debug|Any CPU
		{E162F4C3-F8C8-495F-B9B1-B7A1FC806D2C}.AppStore|arm64-v8a.Deploy.0 = Debug|Any CPU
		{E162F4C3-F8C8-495F-B9B1-B7A1FC806D2C}.AppStore|x64.ActiveCfg = Debug|Any CPU
		{E162F4C3-F8C8-495F-B9B1-B7A1FC806D2C}.AppStore|x64.Build.0 = Debug|Any CPU
		{E162F4C3-F8C8-495F-B9B1-B7A1FC806D2C}.AppStore|x64.Deploy.0 = Debug|Any CPU
		{E162F4C3-F8C8-495F-B9B1-B7A1FC806D2C}.AppStore|x86.ActiveCfg = Debug|Any CPU
		{E162F4C3-F8C8-495F-B9B1-B7A1FC806D2C}.AppStore|x86.Build.0 = Debug|Any CPU
		{E162F4C3-F8C8-495F-B9B1-B7A1FC806D2C}.AppStore|x86.Deploy.0 = Debug|Any CPU
		{E162F4C3-F8C8-495F-B9B1-B7A1FC806D2C}.Debug|Any CPU.ActiveCfg = Debug|Any CPU
		{E162F4C3-F8C8-495F-B9B1-B7A1FC806D2C}.Debug|Any CPU.Build.0 = Debug|Any CPU
		{E162F4C3-F8C8-495F-B9B1-B7A1FC806D2C}.Debug|Any CPU.Deploy.0 = Debug|Any CPU
		{E162F4C3-F8C8-495F-B9B1-B7A1FC806D2C}.Debug|ARM.ActiveCfg = Debug|Any CPU
		{E162F4C3-F8C8-495F-B9B1-B7A1FC806D2C}.Debug|ARM.Build.0 = Debug|Any CPU
		{E162F4C3-F8C8-495F-B9B1-B7A1FC806D2C}.Debug|ARM.Deploy.0 = Debug|Any CPU
		{E162F4C3-F8C8-495F-B9B1-B7A1FC806D2C}.Debug|arm64-v8a.ActiveCfg = Debug|Any CPU
		{E162F4C3-F8C8-495F-B9B1-B7A1FC806D2C}.Debug|arm64-v8a.Build.0 = Debug|Any CPU
		{E162F4C3-F8C8-495F-B9B1-B7A1FC806D2C}.Debug|arm64-v8a.Deploy.0 = Debug|Any CPU
		{E162F4C3-F8C8-495F-B9B1-B7A1FC806D2C}.Debug|x64.ActiveCfg = Debug|Any CPU
		{E162F4C3-F8C8-495F-B9B1-B7A1FC806D2C}.Debug|x64.Build.0 = Debug|Any CPU
		{E162F4C3-F8C8-495F-B9B1-B7A1FC806D2C}.Debug|x64.Deploy.0 = Debug|Any CPU
		{E162F4C3-F8C8-495F-B9B1-B7A1FC806D2C}.Debug|x86.ActiveCfg = Debug|Any CPU
		{E162F4C3-F8C8-495F-B9B1-B7A1FC806D2C}.Debug|x86.Build.0 = Debug|Any CPU
		{E162F4C3-F8C8-495F-B9B1-B7A1FC806D2C}.Debug|x86.Deploy.0 = Debug|Any CPU
		{E162F4C3-F8C8-495F-B9B1-B7A1FC806D2C}.Release|Any CPU.ActiveCfg = Release|Any CPU
		{E162F4C3-F8C8-495F-B9B1-B7A1FC806D2C}.Release|Any CPU.Build.0 = Release|Any CPU
		{E162F4C3-F8C8-495F-B9B1-B7A1FC806D2C}.Release|Any CPU.Deploy.0 = Release|Any CPU
		{E162F4C3-F8C8-495F-B9B1-B7A1FC806D2C}.Release|ARM.ActiveCfg = Release|Any CPU
		{E162F4C3-F8C8-495F-B9B1-B7A1FC806D2C}.Release|ARM.Build.0 = Release|Any CPU
		{E162F4C3-F8C8-495F-B9B1-B7A1FC806D2C}.Release|ARM.Deploy.0 = Release|Any CPU
		{E162F4C3-F8C8-495F-B9B1-B7A1FC806D2C}.Release|arm64-v8a.ActiveCfg = Release|Any CPU
		{E162F4C3-F8C8-495F-B9B1-B7A1FC806D2C}.Release|arm64-v8a.Build.0 = Release|Any CPU
		{E162F4C3-F8C8-495F-B9B1-B7A1FC806D2C}.Release|arm64-v8a.Deploy.0 = Release|Any CPU
		{E162F4C3-F8C8-495F-B9B1-B7A1FC806D2C}.Release|x64.ActiveCfg = Release|Any CPU
		{E162F4C3-F8C8-495F-B9B1-B7A1FC806D2C}.Release|x64.Build.0 = Release|Any CPU
		{E162F4C3-F8C8-495F-B9B1-B7A1FC806D2C}.Release|x64.Deploy.0 = Release|Any CPU
		{E162F4C3-F8C8-495F-B9B1-B7A1FC806D2C}.Release|x86.ActiveCfg = Release|Any CPU
		{E162F4C3-F8C8-495F-B9B1-B7A1FC806D2C}.Release|x86.Build.0 = Release|Any CPU
		{E162F4C3-F8C8-495F-B9B1-B7A1FC806D2C}.Release|x86.Deploy.0 = Release|Any CPU
	EndGlobalSection
	GlobalSection(SolutionProperties) = preSolution
		HideSolutionNode = FALSE
	EndGlobalSection
	GlobalSection(ExtensibilityGlobals) = postSolution
		SolutionGuid = {0C5F3704-DA89-43A5-A528-F2F02311B324}
	EndGlobalSection
	GlobalSection(SharedMSBuildProjectFiles) = preSolution
		..\..\Emgu.Models\Emgu.Models.Shared.projitems*{8edce0c8-ba71-4396-9428-35d05877258c}*SharedItemsImports = 13
		..\..\Emgu.TF.Lite\Emgu.TF.Lite.Shared.projitems*{8f587fb9-bba6-4c30-9329-8cbac7020fe0}*SharedItemsImports = 13
		..\..\Emgu.TF.Util\Emgu.TF.Util.Shared.projitems*{98561642-5ec3-4244-baf9-6876d9ba5527}*SharedItemsImports = 13
		..\..\Emgu.Models\Emgu.Models.Shared.projitems*{bd5392a2-30e8-4d5a-a1ad-f66a95b54d14}*SharedItemsImports = 5
		..\..\Emgu.TF.Lite.Models\Emgu.TF.Lite.Models.Shared.projitems*{bd5392a2-30e8-4d5a-a1ad-f66a95b54d14}*SharedItemsImports = 5
		..\..\Emgu.TF.Lite.Models\Emgu.TF.Lite.Models.Shared.projitems*{e956dd26-1294-4731-8a90-c4cba9f291b6}*SharedItemsImports = 13
		..\..\Emgu.TF.Lite\Emgu.TF.Lite.Shared.projitems*{fdab1bd5-2bc7-4839-83a6-3dcd6e8c4b5a}*SharedItemsImports = 5
		..\..\Emgu.TF.Util\Emgu.TF.Util.Shared.projitems*{fdab1bd5-2bc7-4839-83a6-3dcd6e8c4b5a}*SharedItemsImports = 5
	EndGlobalSection
EndGlobal
