
Microsoft Visual Studio Solution File, Format Version 12.00
# Visual Studio Version 16
VisualStudioVersion = 16.0.29306.81
MinimumVisualStudioVersion = 10.0.40219.1
Project("{D954291E-2A0B-460D-934E-DC6B0785DB48}") = "Emgu.TF.Util.Shared", "..\..\Emgu.TF.Util\Emgu.TF.Util.Shared.shproj", "{98561642-5EC3-4244-BAF9-6876D9BA5527}"
EndProject
Project("{D954291E-2A0B-460D-934E-DC6B0785DB48}") = "Emgu.TF.Shared", "..\..\Emgu.TF\Emgu.TF.Shared.shproj", "{D47D776E-9970-4552-BC8A-24CADCBEA009}"
EndProject
Project("{D954291E-2A0B-460D-934E-DC6B0785DB48}") = "XamarinForms", "..\..\Emgu.TF.Example\XamarinForms\XamarinForms\XamarinForms.shproj", "{26BDB58D-52D9-4AD1-9205-BE5792781A98}"
EndProject
Project("{FAE04EC0-301F-11D3-BF4B-00C04F79EFBC}") = "XamarinForms.Android", "..\..\Emgu.TF.Example\XamarinForms\XamarinForms.Android\XamarinForms.Android.csproj", "{ED27FFDC-D1DA-4602-9F0E-AF775FCEC5E8}"
EndProject
Project("{D954291E-2A0B-460D-934E-DC6B0785DB48}") = "Emgu.TF.Models.Shared", "..\..\Emgu.TF.Models\Emgu.TF.Models.Shared.shproj", "{752279F0-17EF-4EC8-857C-8F5F897AF0E8}"
EndProject
Project("{D954291E-2A0B-460D-934E-DC6B0785DB48}") = "Emgu.Models.Shared", "..\..\Emgu.Models\Emgu.Models.Shared.shproj", "{8EDCE0C8-BA71-4396-9428-35D05877258C}"
EndProject
Project("{D954291E-2A0B-460D-934E-DC6B0785DB48}") = "Emgu.TF.Protobuf.Shared", "..\..\Emgu.TF.Protobuf\Emgu.TF.Protobuf.Shared.shproj", "{88FED2CB-EE86-4B5E-85A0-9F5FDF42111F}"
EndProject
Project("{9A19103F-16F7-4668-BE54-9A1E7A4F7556}") = "Emgu.TF.Netstandard", "..\..\Emgu.TF\Emgu.TF.Netstandard\Emgu.TF.Netstandard.csproj", "{C096E7E5-AB7F-4255-B4FC-D6FBE96CBFDF}"
EndProject
Project("{FAE04EC0-301F-11D3-BF4B-00C04F79EFBC}") = "Emgu.TF.Runtime.Android", "..\..\Emgu.TF.Runtime\Android\Emgu.TF.Runtime.Android.csproj", "{B2F6D900-AA34-49D2-98EE-3C9F8DD896F2}"
EndProject
Project("{9A19103F-16F7-4668-BE54-9A1E7A4F7556}") = "Emgu.TF.Protobuf.Netstandard", "..\..\Emgu.TF.Protobuf\Emgu.TF.Protobuf.Netstandard\Emgu.TF.Protobuf.Netstandard.csproj", "{F6F7C7BC-1EA0-4623-966C-BCD3FC7B8D88}"
EndProject
Project("{FAE04EC0-301F-11D3-BF4B-00C04F79EFBC}") = "Emgu.TF.Models.Android", "..\..\Emgu.TF.Models\Emgu.TF.Models.Android\Emgu.TF.Models.Android.csproj", "{65E850A1-D9B6-4999-9BB6-BBF586CE2B0B}"
EndProject
Global
	GlobalSection(SharedMSBuildProjectFiles) = preSolution
		..\..\Emgu.TF.Example\XamarinForms\XamarinForms\XamarinForms.projitems*{26bdb58d-52d9-4ad1-9205-be5792781a98}*SharedItemsImports = 13
		..\..\Emgu.Models\Emgu.Models.Shared.projitems*{65e850a1-d9b6-4999-9bb6-bbf586ce2b0b}*SharedItemsImports = 4
		..\..\Emgu.TF.Models\Emgu.TF.Models.Shared.projitems*{65e850a1-d9b6-4999-9bb6-bbf586ce2b0b}*SharedItemsImports = 4
		..\..\Emgu.TF.Models\Emgu.TF.Models.Shared.projitems*{752279f0-17ef-4ec8-857c-8f5f897af0e8}*SharedItemsImports = 13
		..\..\Emgu.TF.Protobuf\Emgu.TF.Protobuf.Shared.projitems*{88fed2cb-ee86-4b5e-85a0-9f5fdf42111f}*SharedItemsImports = 13
		..\..\Emgu.Models\Emgu.Models.Shared.projitems*{8edce0c8-ba71-4396-9428-35d05877258c}*SharedItemsImports = 13
		..\..\Emgu.TF.Util\Emgu.TF.Util.Shared.projitems*{98561642-5ec3-4244-baf9-6876d9ba5527}*SharedItemsImports = 13
		..\..\Emgu.TF.Util\Emgu.TF.Util.Shared.projitems*{c096e7e5-ab7f-4255-b4fc-d6fbe96cbfdf}*SharedItemsImports = 5
		..\..\Emgu.TF\Emgu.TF.Shared.projitems*{c096e7e5-ab7f-4255-b4fc-d6fbe96cbfdf}*SharedItemsImports = 5
		..\..\Emgu.TF\Emgu.TF.Shared.projitems*{d47d776e-9970-4552-bc8a-24cadcbea009}*SharedItemsImports = 13
		..\..\Emgu.TF.Example\XamarinForms\XamarinForms\XamarinForms.projitems*{ed27ffdc-d1da-4602-9f0e-af775fcec5e8}*SharedItemsImports = 4
		..\..\Emgu.TF.Protobuf\Emgu.TF.Protobuf.Shared.projitems*{f6f7c7bc-1ea0-4623-966c-bcd3fc7b8d88}*SharedItemsImports = 5
	EndGlobalSection
	GlobalSection(SolutionConfigurationPlatforms) = preSolution
		Ad-Hoc|Any CPU = Ad-Hoc|Any CPU
		Ad-Hoc|ARM = Ad-Hoc|ARM
		Ad-Hoc|arm64-v8a = Ad-Hoc|arm64-v8a
		Ad-Hoc|iPhone = Ad-Hoc|iPhone
		Ad-Hoc|iPhoneSimulator = Ad-Hoc|iPhoneSimulator
		Ad-Hoc|x64 = Ad-Hoc|x64
		Ad-Hoc|x86 = Ad-Hoc|x86
		Ad-Hoc|x86_64 = Ad-Hoc|x86_64
		AppStore|Any CPU = AppStore|Any CPU
		AppStore|ARM = AppStore|ARM
		AppStore|arm64-v8a = AppStore|arm64-v8a
		AppStore|iPhone = AppStore|iPhone
		AppStore|iPhoneSimulator = AppStore|iPhoneSimulator
		AppStore|x64 = AppStore|x64
		AppStore|x86 = AppStore|x86
		AppStore|x86_64 = AppStore|x86_64
		Debug|Any CPU = Debug|Any CPU
		Debug|ARM = Debug|ARM
		Debug|arm64-v8a = Debug|arm64-v8a
		Debug|iPhone = Debug|iPhone
		Debug|iPhoneSimulator = Debug|iPhoneSimulator
		Debug|x64 = Debug|x64
		Debug|x86 = Debug|x86
		Debug|x86_64 = Debug|x86_64
		Release|Any CPU = Release|Any CPU
		Release|ARM = Release|ARM
		Release|arm64-v8a = Release|arm64-v8a
		Release|iPhone = Release|iPhone
		Release|iPhoneSimulator = Release|iPhoneSimulator
		Release|x64 = Release|x64
		Release|x86 = Release|x86
		Release|x86_64 = Release|x86_64
	EndGlobalSection
	GlobalSection(ProjectConfigurationPlatforms) = postSolution
		{ED27FFDC-D1DA-4602-9F0E-AF775FCEC5E8}.Ad-Hoc|Any CPU.ActiveCfg = Release|Any CPU
		{ED27FFDC-D1DA-4602-9F0E-AF775FCEC5E8}.Ad-Hoc|Any CPU.Build.0 = Release|Any CPU
		{ED27FFDC-D1DA-4602-9F0E-AF775FCEC5E8}.Ad-Hoc|Any CPU.Deploy.0 = Release|Any CPU
		{ED27FFDC-D1DA-4602-9F0E-AF775FCEC5E8}.Ad-Hoc|ARM.ActiveCfg = Release|Any CPU
		{ED27FFDC-D1DA-4602-9F0E-AF775FCEC5E8}.Ad-Hoc|ARM.Build.0 = Release|Any CPU
		{ED27FFDC-D1DA-4602-9F0E-AF775FCEC5E8}.Ad-Hoc|ARM.Deploy.0 = Release|Any CPU
		{ED27FFDC-D1DA-4602-9F0E-AF775FCEC5E8}.Ad-Hoc|arm64-v8a.ActiveCfg = Debug|Any CPU
		{ED27FFDC-D1DA-4602-9F0E-AF775FCEC5E8}.Ad-Hoc|arm64-v8a.Build.0 = Debug|Any CPU
		{ED27FFDC-D1DA-4602-9F0E-AF775FCEC5E8}.Ad-Hoc|arm64-v8a.Deploy.0 = Debug|Any CPU
		{ED27FFDC-D1DA-4602-9F0E-AF775FCEC5E8}.Ad-Hoc|iPhone.ActiveCfg = Debug|Any CPU
		{ED27FFDC-D1DA-4602-9F0E-AF775FCEC5E8}.Ad-Hoc|iPhone.Build.0 = Debug|Any CPU
		{ED27FFDC-D1DA-4602-9F0E-AF775FCEC5E8}.Ad-Hoc|iPhone.Deploy.0 = Debug|Any CPU
		{ED27FFDC-D1DA-4602-9F0E-AF775FCEC5E8}.Ad-Hoc|iPhoneSimulator.ActiveCfg = Debug|Any CPU
		{ED27FFDC-D1DA-4602-9F0E-AF775FCEC5E8}.Ad-Hoc|iPhoneSimulator.Build.0 = Debug|Any CPU
		{ED27FFDC-D1DA-4602-9F0E-AF775FCEC5E8}.Ad-Hoc|iPhoneSimulator.Deploy.0 = Debug|Any CPU
		{ED27FFDC-D1DA-4602-9F0E-AF775FCEC5E8}.Ad-Hoc|x64.ActiveCfg = Release|Any CPU
		{ED27FFDC-D1DA-4602-9F0E-AF775FCEC5E8}.Ad-Hoc|x64.Build.0 = Release|Any CPU
		{ED27FFDC-D1DA-4602-9F0E-AF775FCEC5E8}.Ad-Hoc|x64.Deploy.0 = Release|Any CPU
		{ED27FFDC-D1DA-4602-9F0E-AF775FCEC5E8}.Ad-Hoc|x86.ActiveCfg = Release|Any CPU
		{ED27FFDC-D1DA-4602-9F0E-AF775FCEC5E8}.Ad-Hoc|x86.Build.0 = Release|Any CPU
		{ED27FFDC-D1DA-4602-9F0E-AF775FCEC5E8}.Ad-Hoc|x86.Deploy.0 = Release|Any CPU
		{ED27FFDC-D1DA-4602-9F0E-AF775FCEC5E8}.Ad-Hoc|x86_64.ActiveCfg = Debug|Any CPU
		{ED27FFDC-D1DA-4602-9F0E-AF775FCEC5E8}.Ad-Hoc|x86_64.Build.0 = Debug|Any CPU
		{ED27FFDC-D1DA-4602-9F0E-AF775FCEC5E8}.Ad-Hoc|x86_64.Deploy.0 = Debug|Any CPU
		{ED27FFDC-D1DA-4602-9F0E-AF775FCEC5E8}.AppStore|Any CPU.ActiveCfg = Release|Any CPU
		{ED27FFDC-D1DA-4602-9F0E-AF775FCEC5E8}.AppStore|Any CPU.Build.0 = Release|Any CPU
		{ED27FFDC-D1DA-4602-9F0E-AF775FCEC5E8}.AppStore|Any CPU.Deploy.0 = Release|Any CPU
		{ED27FFDC-D1DA-4602-9F0E-AF775FCEC5E8}.AppStore|ARM.ActiveCfg = Release|Any CPU
		{ED27FFDC-D1DA-4602-9F0E-AF775FCEC5E8}.AppStore|ARM.Build.0 = Release|Any CPU
		{ED27FFDC-D1DA-4602-9F0E-AF775FCEC5E8}.AppStore|ARM.Deploy.0 = Release|Any CPU
		{ED27FFDC-D1DA-4602-9F0E-AF775FCEC5E8}.AppStore|arm64-v8a.ActiveCfg = Debug|Any CPU
		{ED27FFDC-D1DA-4602-9F0E-AF775FCEC5E8}.AppStore|arm64-v8a.Build.0 = Debug|Any CPU
		{ED27FFDC-D1DA-4602-9F0E-AF775FCEC5E8}.AppStore|arm64-v8a.Deploy.0 = Debug|Any CPU
		{ED27FFDC-D1DA-4602-9F0E-AF775FCEC5E8}.AppStore|iPhone.ActiveCfg = Debug|Any CPU
		{ED27FFDC-D1DA-4602-9F0E-AF775FCEC5E8}.AppStore|iPhone.Build.0 = Debug|Any CPU
		{ED27FFDC-D1DA-4602-9F0E-AF775FCEC5E8}.AppStore|iPhone.Deploy.0 = Debug|Any CPU
		{ED27FFDC-D1DA-4602-9F0E-AF775FCEC5E8}.AppStore|iPhoneSimulator.ActiveCfg = Debug|Any CPU
		{ED27FFDC-D1DA-4602-9F0E-AF775FCEC5E8}.AppStore|iPhoneSimulator.Build.0 = Debug|Any CPU
		{ED27FFDC-D1DA-4602-9F0E-AF775FCEC5E8}.AppStore|iPhoneSimulator.Deploy.0 = Debug|Any CPU
		{ED27FFDC-D1DA-4602-9F0E-AF775FCEC5E8}.AppStore|x64.ActiveCfg = Release|Any CPU
		{ED27FFDC-D1DA-4602-9F0E-AF775FCEC5E8}.AppStore|x64.Build.0 = Release|Any CPU
		{ED27FFDC-D1DA-4602-9F0E-AF775FCEC5E8}.AppStore|x64.Deploy.0 = Release|Any CPU
		{ED27FFDC-D1DA-4602-9F0E-AF775FCEC5E8}.AppStore|x86.ActiveCfg = Release|Any CPU
		{ED27FFDC-D1DA-4602-9F0E-AF775FCEC5E8}.AppStore|x86.Build.0 = Release|Any CPU
		{ED27FFDC-D1DA-4602-9F0E-AF775FCEC5E8}.AppStore|x86.Deploy.0 = Release|Any CPU
		{ED27FFDC-D1DA-4602-9F0E-AF775FCEC5E8}.AppStore|x86_64.ActiveCfg = Debug|Any CPU
		{ED27FFDC-D1DA-4602-9F0E-AF775FCEC5E8}.AppStore|x86_64.Build.0 = Debug|Any CPU
		{ED27FFDC-D1DA-4602-9F0E-AF775FCEC5E8}.AppStore|x86_64.Deploy.0 = Debug|Any CPU
		{ED27FFDC-D1DA-4602-9F0E-AF775FCEC5E8}.Debug|Any CPU.ActiveCfg = Debug|Any CPU
		{ED27FFDC-D1DA-4602-9F0E-AF775FCEC5E8}.Debug|Any CPU.Build.0 = Debug|Any CPU
		{ED27FFDC-D1DA-4602-9F0E-AF775FCEC5E8}.Debug|Any CPU.Deploy.0 = Debug|Any CPU
		{ED27FFDC-D1DA-4602-9F0E-AF775FCEC5E8}.Debug|ARM.ActiveCfg = Debug|Any CPU
		{ED27FFDC-D1DA-4602-9F0E-AF775FCEC5E8}.Debug|ARM.Build.0 = Debug|Any CPU
		{ED27FFDC-D1DA-4602-9F0E-AF775FCEC5E8}.Debug|ARM.Deploy.0 = Debug|Any CPU
		{ED27FFDC-D1DA-4602-9F0E-AF775FCEC5E8}.Debug|arm64-v8a.ActiveCfg = Debug|Any CPU
		{ED27FFDC-D1DA-4602-9F0E-AF775FCEC5E8}.Debug|arm64-v8a.Build.0 = Debug|Any CPU
		{ED27FFDC-D1DA-4602-9F0E-AF775FCEC5E8}.Debug|arm64-v8a.Deploy.0 = Debug|Any CPU
		{ED27FFDC-D1DA-4602-9F0E-AF775FCEC5E8}.Debug|iPhone.ActiveCfg = Debug|Any CPU
		{ED27FFDC-D1DA-4602-9F0E-AF775FCEC5E8}.Debug|iPhone.Build.0 = Debug|Any CPU
		{ED27FFDC-D1DA-4602-9F0E-AF775FCEC5E8}.Debug|iPhone.Deploy.0 = Debug|Any CPU
		{ED27FFDC-D1DA-4602-9F0E-AF775FCEC5E8}.Debug|iPhoneSimulator.ActiveCfg = Debug|Any CPU
		{ED27FFDC-D1DA-4602-9F0E-AF775FCEC5E8}.Debug|iPhoneSimulator.Build.0 = Debug|Any CPU
		{ED27FFDC-D1DA-4602-9F0E-AF775FCEC5E8}.Debug|iPhoneSimulator.Deploy.0 = Debug|Any CPU
		{ED27FFDC-D1DA-4602-9F0E-AF775FCEC5E8}.Debug|x64.ActiveCfg = Debug|Any CPU
		{ED27FFDC-D1DA-4602-9F0E-AF775FCEC5E8}.Debug|x64.Build.0 = Debug|Any CPU
		{ED27FFDC-D1DA-4602-9F0E-AF775FCEC5E8}.Debug|x64.Deploy.0 = Debug|Any CPU
		{ED27FFDC-D1DA-4602-9F0E-AF775FCEC5E8}.Debug|x86.ActiveCfg = Debug|Any CPU
		{ED27FFDC-D1DA-4602-9F0E-AF775FCEC5E8}.Debug|x86.Build.0 = Debug|Any CPU
		{ED27FFDC-D1DA-4602-9F0E-AF775FCEC5E8}.Debug|x86.Deploy.0 = Debug|Any CPU
		{ED27FFDC-D1DA-4602-9F0E-AF775FCEC5E8}.Debug|x86_64.ActiveCfg = Debug|Any CPU
		{ED27FFDC-D1DA-4602-9F0E-AF775FCEC5E8}.Debug|x86_64.Build.0 = Debug|Any CPU
		{ED27FFDC-D1DA-4602-9F0E-AF775FCEC5E8}.Debug|x86_64.Deploy.0 = Debug|Any CPU
		{ED27FFDC-D1DA-4602-9F0E-AF775FCEC5E8}.Release|Any CPU.ActiveCfg = Release|Any CPU
		{ED27FFDC-D1DA-4602-9F0E-AF775FCEC5E8}.Release|Any CPU.Build.0 = Release|Any CPU
		{ED27FFDC-D1DA-4602-9F0E-AF775FCEC5E8}.Release|Any CPU.Deploy.0 = Release|Any CPU
		{ED27FFDC-D1DA-4602-9F0E-AF775FCEC5E8}.Release|ARM.ActiveCfg = Release|Any CPU
		{ED27FFDC-D1DA-4602-9F0E-AF775FCEC5E8}.Release|ARM.Build.0 = Release|Any CPU
		{ED27FFDC-D1DA-4602-9F0E-AF775FCEC5E8}.Release|ARM.Deploy.0 = Release|Any CPU
		{ED27FFDC-D1DA-4602-9F0E-AF775FCEC5E8}.Release|arm64-v8a.ActiveCfg = Release|Any CPU
		{ED27FFDC-D1DA-4602-9F0E-AF775FCEC5E8}.Release|arm64-v8a.Build.0 = Release|Any CPU
		{ED27FFDC-D1DA-4602-9F0E-AF775FCEC5E8}.Release|arm64-v8a.Deploy.0 = Release|Any CPU
		{ED27FFDC-D1DA-4602-9F0E-AF775FCEC5E8}.Release|iPhone.ActiveCfg = Release|Any CPU
		{ED27FFDC-D1DA-4602-9F0E-AF775FCEC5E8}.Release|iPhone.Build.0 = Release|Any CPU
		{ED27FFDC-D1DA-4602-9F0E-AF775FCEC5E8}.Release|iPhone.Deploy.0 = Release|Any CPU
		{ED27FFDC-D1DA-4602-9F0E-AF775FCEC5E8}.Release|iPhoneSimulator.ActiveCfg = Release|Any CPU
		{ED27FFDC-D1DA-4602-9F0E-AF775FCEC5E8}.Release|iPhoneSimulator.Build.0 = Release|Any CPU
		{ED27FFDC-D1DA-4602-9F0E-AF775FCEC5E8}.Release|iPhoneSimulator.Deploy.0 = Release|Any CPU
		{ED27FFDC-D1DA-4602-9F0E-AF775FCEC5E8}.Release|x64.ActiveCfg = Release|Any CPU
		{ED27FFDC-D1DA-4602-9F0E-AF775FCEC5E8}.Release|x64.Build.0 = Release|Any CPU
		{ED27FFDC-D1DA-4602-9F0E-AF775FCEC5E8}.Release|x64.Deploy.0 = Release|Any CPU
		{ED27FFDC-D1DA-4602-9F0E-AF775FCEC5E8}.Release|x86.ActiveCfg = Release|Any CPU
		{ED27FFDC-D1DA-4602-9F0E-AF775FCEC5E8}.Release|x86.Build.0 = Release|Any CPU
		{ED27FFDC-D1DA-4602-9F0E-AF775FCEC5E8}.Release|x86.Deploy.0 = Release|Any CPU
		{ED27FFDC-D1DA-4602-9F0E-AF775FCEC5E8}.Release|x86_64.ActiveCfg = Release|Any CPU
		{ED27FFDC-D1DA-4602-9F0E-AF775FCEC5E8}.Release|x86_64.Build.0 = Release|Any CPU
		{ED27FFDC-D1DA-4602-9F0E-AF775FCEC5E8}.Release|x86_64.Deploy.0 = Release|Any CPU
		{C096E7E5-AB7F-4255-B4FC-D6FBE96CBFDF}.Ad-Hoc|Any CPU.ActiveCfg = Debug|Any CPU
		{C096E7E5-AB7F-4255-B4FC-D6FBE96CBFDF}.Ad-Hoc|Any CPU.Build.0 = Debug|Any CPU
		{C096E7E5-AB7F-4255-B4FC-D6FBE96CBFDF}.Ad-Hoc|ARM.ActiveCfg = Debug|Any CPU
		{C096E7E5-AB7F-4255-B4FC-D6FBE96CBFDF}.Ad-Hoc|ARM.Build.0 = Debug|Any CPU
		{C096E7E5-AB7F-4255-B4FC-D6FBE96CBFDF}.Ad-Hoc|arm64-v8a.ActiveCfg = Debug|Any CPU
		{C096E7E5-AB7F-4255-B4FC-D6FBE96CBFDF}.Ad-Hoc|arm64-v8a.Build.0 = Debug|Any CPU
		{C096E7E5-AB7F-4255-B4FC-D6FBE96CBFDF}.Ad-Hoc|iPhone.ActiveCfg = Debug|Any CPU
		{C096E7E5-AB7F-4255-B4FC-D6FBE96CBFDF}.Ad-Hoc|iPhone.Build.0 = Debug|Any CPU
		{C096E7E5-AB7F-4255-B4FC-D6FBE96CBFDF}.Ad-Hoc|iPhoneSimulator.ActiveCfg = Debug|Any CPU
		{C096E7E5-AB7F-4255-B4FC-D6FBE96CBFDF}.Ad-Hoc|iPhoneSimulator.Build.0 = Debug|Any CPU
		{C096E7E5-AB7F-4255-B4FC-D6FBE96CBFDF}.Ad-Hoc|x64.ActiveCfg = Debug|Any CPU
		{C096E7E5-AB7F-4255-B4FC-D6FBE96CBFDF}.Ad-Hoc|x64.Build.0 = Debug|Any CPU
		{C096E7E5-AB7F-4255-B4FC-D6FBE96CBFDF}.Ad-Hoc|x86.ActiveCfg = Debug|Any CPU
		{C096E7E5-AB7F-4255-B4FC-D6FBE96CBFDF}.Ad-Hoc|x86.Build.0 = Debug|Any CPU
		{C096E7E5-AB7F-4255-B4FC-D6FBE96CBFDF}.Ad-Hoc|x86_64.ActiveCfg = Debug|Any CPU
		{C096E7E5-AB7F-4255-B4FC-D6FBE96CBFDF}.Ad-Hoc|x86_64.Build.0 = Debug|Any CPU
		{C096E7E5-AB7F-4255-B4FC-D6FBE96CBFDF}.AppStore|Any CPU.ActiveCfg = Debug|Any CPU
		{C096E7E5-AB7F-4255-B4FC-D6FBE96CBFDF}.AppStore|Any CPU.Build.0 = Debug|Any CPU
		{C096E7E5-AB7F-4255-B4FC-D6FBE96CBFDF}.AppStore|ARM.ActiveCfg = Debug|Any CPU
		{C096E7E5-AB7F-4255-B4FC-D6FBE96CBFDF}.AppStore|ARM.Build.0 = Debug|Any CPU
		{C096E7E5-AB7F-4255-B4FC-D6FBE96CBFDF}.AppStore|arm64-v8a.ActiveCfg = Debug|Any CPU
		{C096E7E5-AB7F-4255-B4FC-D6FBE96CBFDF}.AppStore|arm64-v8a.Build.0 = Debug|Any CPU
		{C096E7E5-AB7F-4255-B4FC-D6FBE96CBFDF}.AppStore|iPhone.ActiveCfg = Debug|Any CPU
		{C096E7E5-AB7F-4255-B4FC-D6FBE96CBFDF}.AppStore|iPhone.Build.0 = Debug|Any CPU
		{C096E7E5-AB7F-4255-B4FC-D6FBE96CBFDF}.AppStore|iPhoneSimulator.ActiveCfg = Debug|Any CPU
		{C096E7E5-AB7F-4255-B4FC-D6FBE96CBFDF}.AppStore|iPhoneSimulator.Build.0 = Debug|Any CPU
		{C096E7E5-AB7F-4255-B4FC-D6FBE96CBFDF}.AppStore|x64.ActiveCfg = Debug|Any CPU
		{C096E7E5-AB7F-4255-B4FC-D6FBE96CBFDF}.AppStore|x64.Build.0 = Debug|Any CPU
		{C096E7E5-AB7F-4255-B4FC-D6FBE96CBFDF}.AppStore|x86.ActiveCfg = Debug|Any CPU
		{C096E7E5-AB7F-4255-B4FC-D6FBE96CBFDF}.AppStore|x86.Build.0 = Debug|Any CPU
		{C096E7E5-AB7F-4255-B4FC-D6FBE96CBFDF}.AppStore|x86_64.ActiveCfg = Debug|Any CPU
		{C096E7E5-AB7F-4255-B4FC-D6FBE96CBFDF}.AppStore|x86_64.Build.0 = Debug|Any CPU
		{C096E7E5-AB7F-4255-B4FC-D6FBE96CBFDF}.Debug|Any CPU.ActiveCfg = Debug|Any CPU
		{C096E7E5-AB7F-4255-B4FC-D6FBE96CBFDF}.Debug|Any CPU.Build.0 = Debug|Any CPU
		{C096E7E5-AB7F-4255-B4FC-D6FBE96CBFDF}.Debug|ARM.ActiveCfg = Debug|Any CPU
		{C096E7E5-AB7F-4255-B4FC-D6FBE96CBFDF}.Debug|ARM.Build.0 = Debug|Any CPU
		{C096E7E5-AB7F-4255-B4FC-D6FBE96CBFDF}.Debug|arm64-v8a.ActiveCfg = Debug|Any CPU
		{C096E7E5-AB7F-4255-B4FC-D6FBE96CBFDF}.Debug|arm64-v8a.Build.0 = Debug|Any CPU
		{C096E7E5-AB7F-4255-B4FC-D6FBE96CBFDF}.Debug|iPhone.ActiveCfg = Debug|Any CPU
		{C096E7E5-AB7F-4255-B4FC-D6FBE96CBFDF}.Debug|iPhone.Build.0 = Debug|Any CPU
		{C096E7E5-AB7F-4255-B4FC-D6FBE96CBFDF}.Debug|iPhoneSimulator.ActiveCfg = Debug|Any CPU
		{C096E7E5-AB7F-4255-B4FC-D6FBE96CBFDF}.Debug|iPhoneSimulator.Build.0 = Debug|Any CPU
		{C096E7E5-AB7F-4255-B4FC-D6FBE96CBFDF}.Debug|x64.ActiveCfg = Debug|Any CPU
		{C096E7E5-AB7F-4255-B4FC-D6FBE96CBFDF}.Debug|x64.Build.0 = Debug|Any CPU
		{C096E7E5-AB7F-4255-B4FC-D6FBE96CBFDF}.Debug|x86.ActiveCfg = Debug|Any CPU
		{C096E7E5-AB7F-4255-B4FC-D6FBE96CBFDF}.Debug|x86.Build.0 = Debug|Any CPU
		{C096E7E5-AB7F-4255-B4FC-D6FBE96CBFDF}.Debug|x86_64.ActiveCfg = Debug|Any CPU
		{C096E7E5-AB7F-4255-B4FC-D6FBE96CBFDF}.Debug|x86_64.Build.0 = Debug|Any CPU
		{C096E7E5-AB7F-4255-B4FC-D6FBE96CBFDF}.Release|Any CPU.ActiveCfg = Release|Any CPU
		{C096E7E5-AB7F-4255-B4FC-D6FBE96CBFDF}.Release|Any CPU.Build.0 = Release|Any CPU
		{C096E7E5-AB7F-4255-B4FC-D6FBE96CBFDF}.Release|ARM.ActiveCfg = Release|Any CPU
		{C096E7E5-AB7F-4255-B4FC-D6FBE96CBFDF}.Release|ARM.Build.0 = Release|Any CPU
		{C096E7E5-AB7F-4255-B4FC-D6FBE96CBFDF}.Release|arm64-v8a.ActiveCfg = Release|Any CPU
		{C096E7E5-AB7F-4255-B4FC-D6FBE96CBFDF}.Release|arm64-v8a.Build.0 = Release|Any CPU
		{C096E7E5-AB7F-4255-B4FC-D6FBE96CBFDF}.Release|iPhone.ActiveCfg = Release|Any CPU
		{C096E7E5-AB7F-4255-B4FC-D6FBE96CBFDF}.Release|iPhone.Build.0 = Release|Any CPU
		{C096E7E5-AB7F-4255-B4FC-D6FBE96CBFDF}.Release|iPhoneSimulator.ActiveCfg = Release|Any CPU
		{C096E7E5-AB7F-4255-B4FC-D6FBE96CBFDF}.Release|iPhoneSimulator.Build.0 = Release|Any CPU
		{C096E7E5-AB7F-4255-B4FC-D6FBE96CBFDF}.Release|x64.ActiveCfg = Release|Any CPU
		{C096E7E5-AB7F-4255-B4FC-D6FBE96CBFDF}.Release|x64.Build.0 = Release|Any CPU
		{C096E7E5-AB7F-4255-B4FC-D6FBE96CBFDF}.Release|x86.ActiveCfg = Release|Any CPU
		{C096E7E5-AB7F-4255-B4FC-D6FBE96CBFDF}.Release|x86.Build.0 = Release|Any CPU
		{C096E7E5-AB7F-4255-B4FC-D6FBE96CBFDF}.Release|x86_64.ActiveCfg = Release|Any CPU
		{C096E7E5-AB7F-4255-B4FC-D6FBE96CBFDF}.Release|x86_64.Build.0 = Release|Any CPU
		{B2F6D900-AA34-49D2-98EE-3C9F8DD896F2}.Ad-Hoc|Any CPU.ActiveCfg = Release|Any CPU
		{B2F6D900-AA34-49D2-98EE-3C9F8DD896F2}.Ad-Hoc|Any CPU.Build.0 = Release|Any CPU
		{B2F6D900-AA34-49D2-98EE-3C9F8DD896F2}.Ad-Hoc|ARM.ActiveCfg = Release|Any CPU
		{B2F6D900-AA34-49D2-98EE-3C9F8DD896F2}.Ad-Hoc|ARM.Build.0 = Release|Any CPU
		{B2F6D900-AA34-49D2-98EE-3C9F8DD896F2}.Ad-Hoc|arm64-v8a.ActiveCfg = Release|Any CPU
		{B2F6D900-AA34-49D2-98EE-3C9F8DD896F2}.Ad-Hoc|arm64-v8a.Build.0 = Release|Any CPU
		{B2F6D900-AA34-49D2-98EE-3C9F8DD896F2}.Ad-Hoc|iPhone.ActiveCfg = Release|Any CPU
		{B2F6D900-AA34-49D2-98EE-3C9F8DD896F2}.Ad-Hoc|iPhone.Build.0 = Release|Any CPU
		{B2F6D900-AA34-49D2-98EE-3C9F8DD896F2}.Ad-Hoc|iPhoneSimulator.ActiveCfg = Release|Any CPU
		{B2F6D900-AA34-49D2-98EE-3C9F8DD896F2}.Ad-Hoc|iPhoneSimulator.Build.0 = Release|Any CPU
		{B2F6D900-AA34-49D2-98EE-3C9F8DD896F2}.Ad-Hoc|x64.ActiveCfg = Release|Any CPU
		{B2F6D900-AA34-49D2-98EE-3C9F8DD896F2}.Ad-Hoc|x64.Build.0 = Release|Any CPU
		{B2F6D900-AA34-49D2-98EE-3C9F8DD896F2}.Ad-Hoc|x86.ActiveCfg = Release|x86
		{B2F6D900-AA34-49D2-98EE-3C9F8DD896F2}.Ad-Hoc|x86.Build.0 = Release|x86
		{B2F6D900-AA34-49D2-98EE-3C9F8DD896F2}.Ad-Hoc|x86_64.ActiveCfg = Release|Any CPU
		{B2F6D900-AA34-49D2-98EE-3C9F8DD896F2}.Ad-Hoc|x86_64.Build.0 = Release|Any CPU
		{B2F6D900-AA34-49D2-98EE-3C9F8DD896F2}.AppStore|Any CPU.ActiveCfg = Release|Any CPU
		{B2F6D900-AA34-49D2-98EE-3C9F8DD896F2}.AppStore|Any CPU.Build.0 = Release|Any CPU
		{B2F6D900-AA34-49D2-98EE-3C9F8DD896F2}.AppStore|ARM.ActiveCfg = Release|Any CPU
		{B2F6D900-AA34-49D2-98EE-3C9F8DD896F2}.AppStore|ARM.Build.0 = Release|Any CPU
		{B2F6D900-AA34-49D2-98EE-3C9F8DD896F2}.AppStore|arm64-v8a.ActiveCfg = Release|Any CPU
		{B2F6D900-AA34-49D2-98EE-3C9F8DD896F2}.AppStore|arm64-v8a.Build.0 = Release|Any CPU
		{B2F6D900-AA34-49D2-98EE-3C9F8DD896F2}.AppStore|iPhone.ActiveCfg = Release|Any CPU
		{B2F6D900-AA34-49D2-98EE-3C9F8DD896F2}.AppStore|iPhone.Build.0 = Release|Any CPU
		{B2F6D900-AA34-49D2-98EE-3C9F8DD896F2}.AppStore|iPhoneSimulator.ActiveCfg = Release|Any CPU
		{B2F6D900-AA34-49D2-98EE-3C9F8DD896F2}.AppStore|iPhoneSimulator.Build.0 = Release|Any CPU
		{B2F6D900-AA34-49D2-98EE-3C9F8DD896F2}.AppStore|x64.ActiveCfg = Release|Any CPU
		{B2F6D900-AA34-49D2-98EE-3C9F8DD896F2}.AppStore|x64.Build.0 = Release|Any CPU
		{B2F6D900-AA34-49D2-98EE-3C9F8DD896F2}.AppStore|x86.ActiveCfg = Release|x86
		{B2F6D900-AA34-49D2-98EE-3C9F8DD896F2}.AppStore|x86.Build.0 = Release|x86
		{B2F6D900-AA34-49D2-98EE-3C9F8DD896F2}.AppStore|x86_64.ActiveCfg = Release|Any CPU
		{B2F6D900-AA34-49D2-98EE-3C9F8DD896F2}.AppStore|x86_64.Build.0 = Release|Any CPU
		{B2F6D900-AA34-49D2-98EE-3C9F8DD896F2}.Debug|Any CPU.ActiveCfg = Debug|Any CPU
		{B2F6D900-AA34-49D2-98EE-3C9F8DD896F2}.Debug|Any CPU.Build.0 = Debug|Any CPU
		{B2F6D900-AA34-49D2-98EE-3C9F8DD896F2}.Debug|ARM.ActiveCfg = Debug|Any CPU
		{B2F6D900-AA34-49D2-98EE-3C9F8DD896F2}.Debug|ARM.Build.0 = Debug|Any CPU
		{B2F6D900-AA34-49D2-98EE-3C9F8DD896F2}.Debug|arm64-v8a.ActiveCfg = Debug|Any CPU
		{B2F6D900-AA34-49D2-98EE-3C9F8DD896F2}.Debug|arm64-v8a.Build.0 = Debug|Any CPU
		{B2F6D900-AA34-49D2-98EE-3C9F8DD896F2}.Debug|iPhone.ActiveCfg = Debug|Any CPU
		{B2F6D900-AA34-49D2-98EE-3C9F8DD896F2}.Debug|iPhone.Build.0 = Debug|Any CPU
		{B2F6D900-AA34-49D2-98EE-3C9F8DD896F2}.Debug|iPhoneSimulator.ActiveCfg = Debug|Any CPU
		{B2F6D900-AA34-49D2-98EE-3C9F8DD896F2}.Debug|iPhoneSimulator.Build.0 = Debug|Any CPU
		{B2F6D900-AA34-49D2-98EE-3C9F8DD896F2}.Debug|x64.ActiveCfg = Debug|Any CPU
		{B2F6D900-AA34-49D2-98EE-3C9F8DD896F2}.Debug|x64.Build.0 = Debug|Any CPU
		{B2F6D900-AA34-49D2-98EE-3C9F8DD896F2}.Debug|x86.ActiveCfg = Debug|x86
		{B2F6D900-AA34-49D2-98EE-3C9F8DD896F2}.Debug|x86.Build.0 = Debug|x86
		{B2F6D900-AA34-49D2-98EE-3C9F8DD896F2}.Debug|x86_64.ActiveCfg = Debug|Any CPU
		{B2F6D900-AA34-49D2-98EE-3C9F8DD896F2}.Debug|x86_64.Build.0 = Debug|Any CPU
		{B2F6D900-AA34-49D2-98EE-3C9F8DD896F2}.Release|Any CPU.ActiveCfg = Release|Any CPU
		{B2F6D900-AA34-49D2-98EE-3C9F8DD896F2}.Release|Any CPU.Build.0 = Release|Any CPU
		{B2F6D900-AA34-49D2-98EE-3C9F8DD896F2}.Release|ARM.ActiveCfg = Release|Any CPU
		{B2F6D900-AA34-49D2-98EE-3C9F8DD896F2}.Release|ARM.Build.0 = Release|Any CPU
		{B2F6D900-AA34-49D2-98EE-3C9F8DD896F2}.Release|arm64-v8a.ActiveCfg = Release|Any CPU
		{B2F6D900-AA34-49D2-98EE-3C9F8DD896F2}.Release|arm64-v8a.Build.0 = Release|Any CPU
		{B2F6D900-AA34-49D2-98EE-3C9F8DD896F2}.Release|iPhone.ActiveCfg = Release|Any CPU
		{B2F6D900-AA34-49D2-98EE-3C9F8DD896F2}.Release|iPhone.Build.0 = Release|Any CPU
		{B2F6D900-AA34-49D2-98EE-3C9F8DD896F2}.Release|iPhoneSimulator.ActiveCfg = Release|Any CPU
		{B2F6D900-AA34-49D2-98EE-3C9F8DD896F2}.Release|iPhoneSimulator.Build.0 = Release|Any CPU
		{B2F6D900-AA34-49D2-98EE-3C9F8DD896F2}.Release|x64.ActiveCfg = Release|Any CPU
		{B2F6D900-AA34-49D2-98EE-3C9F8DD896F2}.Release|x64.Build.0 = Release|Any CPU
		{B2F6D900-AA34-49D2-98EE-3C9F8DD896F2}.Release|x86.ActiveCfg = Release|x86
		{B2F6D900-AA34-49D2-98EE-3C9F8DD896F2}.Release|x86.Build.0 = Release|x86
		{B2F6D900-AA34-49D2-98EE-3C9F8DD896F2}.Release|x86_64.ActiveCfg = Release|Any CPU
		{B2F6D900-AA34-49D2-98EE-3C9F8DD896F2}.Release|x86_64.Build.0 = Release|Any CPU
		{F6F7C7BC-1EA0-4623-966C-BCD3FC7B8D88}.Ad-Hoc|Any CPU.ActiveCfg = Debug|Any CPU
		{F6F7C7BC-1EA0-4623-966C-BCD3FC7B8D88}.Ad-Hoc|Any CPU.Build.0 = Debug|Any CPU
		{F6F7C7BC-1EA0-4623-966C-BCD3FC7B8D88}.Ad-Hoc|ARM.ActiveCfg = Debug|Any CPU
		{F6F7C7BC-1EA0-4623-966C-BCD3FC7B8D88}.Ad-Hoc|ARM.Build.0 = Debug|Any CPU
		{F6F7C7BC-1EA0-4623-966C-BCD3FC7B8D88}.Ad-Hoc|arm64-v8a.ActiveCfg = Debug|Any CPU
		{F6F7C7BC-1EA0-4623-966C-BCD3FC7B8D88}.Ad-Hoc|arm64-v8a.Build.0 = Debug|Any CPU
		{F6F7C7BC-1EA0-4623-966C-BCD3FC7B8D88}.Ad-Hoc|iPhone.ActiveCfg = Debug|Any CPU
		{F6F7C7BC-1EA0-4623-966C-BCD3FC7B8D88}.Ad-Hoc|iPhone.Build.0 = Debug|Any CPU
		{F6F7C7BC-1EA0-4623-966C-BCD3FC7B8D88}.Ad-Hoc|iPhoneSimulator.ActiveCfg = Debug|Any CPU
		{F6F7C7BC-1EA0-4623-966C-BCD3FC7B8D88}.Ad-Hoc|iPhoneSimulator.Build.0 = Debug|Any CPU
		{F6F7C7BC-1EA0-4623-966C-BCD3FC7B8D88}.Ad-Hoc|x64.ActiveCfg = Debug|Any CPU
		{F6F7C7BC-1EA0-4623-966C-BCD3FC7B8D88}.Ad-Hoc|x64.Build.0 = Debug|Any CPU
		{F6F7C7BC-1EA0-4623-966C-BCD3FC7B8D88}.Ad-Hoc|x86.ActiveCfg = Debug|Any CPU
		{F6F7C7BC-1EA0-4623-966C-BCD3FC7B8D88}.Ad-Hoc|x86.Build.0 = Debug|Any CPU
		{F6F7C7BC-1EA0-4623-966C-BCD3FC7B8D88}.Ad-Hoc|x86_64.ActiveCfg = Debug|Any CPU
		{F6F7C7BC-1EA0-4623-966C-BCD3FC7B8D88}.Ad-Hoc|x86_64.Build.0 = Debug|Any CPU
		{F6F7C7BC-1EA0-4623-966C-BCD3FC7B8D88}.AppStore|Any CPU.ActiveCfg = Debug|Any CPU
		{F6F7C7BC-1EA0-4623-966C-BCD3FC7B8D88}.AppStore|Any CPU.Build.0 = Debug|Any CPU
		{F6F7C7BC-1EA0-4623-966C-BCD3FC7B8D88}.AppStore|ARM.ActiveCfg = Debug|Any CPU
		{F6F7C7BC-1EA0-4623-966C-BCD3FC7B8D88}.AppStore|ARM.Build.0 = Debug|Any CPU
		{F6F7C7BC-1EA0-4623-966C-BCD3FC7B8D88}.AppStore|arm64-v8a.ActiveCfg = Debug|Any CPU
		{F6F7C7BC-1EA0-4623-966C-BCD3FC7B8D88}.AppStore|arm64-v8a.Build.0 = Debug|Any CPU
		{F6F7C7BC-1EA0-4623-966C-BCD3FC7B8D88}.AppStore|iPhone.ActiveCfg = Debug|Any CPU
		{F6F7C7BC-1EA0-4623-966C-BCD3FC7B8D88}.AppStore|iPhone.Build.0 = Debug|Any CPU
		{F6F7C7BC-1EA0-4623-966C-BCD3FC7B8D88}.AppStore|iPhoneSimulator.ActiveCfg = Debug|Any CPU
		{F6F7C7BC-1EA0-4623-966C-BCD3FC7B8D88}.AppStore|iPhoneSimulator.Build.0 = Debug|Any CPU
		{F6F7C7BC-1EA0-4623-966C-BCD3FC7B8D88}.AppStore|x64.ActiveCfg = Debug|Any CPU
		{F6F7C7BC-1EA0-4623-966C-BCD3FC7B8D88}.AppStore|x64.Build.0 = Debug|Any CPU
		{F6F7C7BC-1EA0-4623-966C-BCD3FC7B8D88}.AppStore|x86.ActiveCfg = Debug|Any CPU
		{F6F7C7BC-1EA0-4623-966C-BCD3FC7B8D88}.AppStore|x86.Build.0 = Debug|Any CPU
		{F6F7C7BC-1EA0-4623-966C-BCD3FC7B8D88}.AppStore|x86_64.ActiveCfg = Debug|Any CPU
		{F6F7C7BC-1EA0-4623-966C-BCD3FC7B8D88}.AppStore|x86_64.Build.0 = Debug|Any CPU
		{F6F7C7BC-1EA0-4623-966C-BCD3FC7B8D88}.Debug|Any CPU.ActiveCfg = Debug|Any CPU
		{F6F7C7BC-1EA0-4623-966C-BCD3FC7B8D88}.Debug|Any CPU.Build.0 = Debug|Any CPU
		{F6F7C7BC-1EA0-4623-966C-BCD3FC7B8D88}.Debug|ARM.ActiveCfg = Debug|Any CPU
		{F6F7C7BC-1EA0-4623-966C-BCD3FC7B8D88}.Debug|ARM.Build.0 = Debug|Any CPU
		{F6F7C7BC-1EA0-4623-966C-BCD3FC7B8D88}.Debug|arm64-v8a.ActiveCfg = Debug|Any CPU
		{F6F7C7BC-1EA0-4623-966C-BCD3FC7B8D88}.Debug|arm64-v8a.Build.0 = Debug|Any CPU
		{F6F7C7BC-1EA0-4623-966C-BCD3FC7B8D88}.Debug|iPhone.ActiveCfg = Debug|Any CPU
		{F6F7C7BC-1EA0-4623-966C-BCD3FC7B8D88}.Debug|iPhone.Build.0 = Debug|Any CPU
		{F6F7C7BC-1EA0-4623-966C-BCD3FC7B8D88}.Debug|iPhoneSimulator.ActiveCfg = Debug|Any CPU
		{F6F7C7BC-1EA0-4623-966C-BCD3FC7B8D88}.Debug|iPhoneSimulator.Build.0 = Debug|Any CPU
		{F6F7C7BC-1EA0-4623-966C-BCD3FC7B8D88}.Debug|x64.ActiveCfg = Debug|Any CPU
		{F6F7C7BC-1EA0-4623-966C-BCD3FC7B8D88}.Debug|x64.Build.0 = Debug|Any CPU
		{F6F7C7BC-1EA0-4623-966C-BCD3FC7B8D88}.Debug|x86.ActiveCfg = Debug|Any CPU
		{F6F7C7BC-1EA0-4623-966C-BCD3FC7B8D88}.Debug|x86.Build.0 = Debug|Any CPU
		{F6F7C7BC-1EA0-4623-966C-BCD3FC7B8D88}.Debug|x86_64.ActiveCfg = Debug|Any CPU
		{F6F7C7BC-1EA0-4623-966C-BCD3FC7B8D88}.Debug|x86_64.Build.0 = Debug|Any CPU
		{F6F7C7BC-1EA0-4623-966C-BCD3FC7B8D88}.Release|Any CPU.ActiveCfg = Release|Any CPU
		{F6F7C7BC-1EA0-4623-966C-BCD3FC7B8D88}.Release|Any CPU.Build.0 = Release|Any CPU
		{F6F7C7BC-1EA0-4623-966C-BCD3FC7B8D88}.Release|ARM.ActiveCfg = Release|Any CPU
		{F6F7C7BC-1EA0-4623-966C-BCD3FC7B8D88}.Release|ARM.Build.0 = Release|Any CPU
		{F6F7C7BC-1EA0-4623-966C-BCD3FC7B8D88}.Release|arm64-v8a.ActiveCfg = Release|Any CPU
		{F6F7C7BC-1EA0-4623-966C-BCD3FC7B8D88}.Release|arm64-v8a.Build.0 = Release|Any CPU
		{F6F7C7BC-1EA0-4623-966C-BCD3FC7B8D88}.Release|iPhone.ActiveCfg = Release|Any CPU
		{F6F7C7BC-1EA0-4623-966C-BCD3FC7B8D88}.Release|iPhone.Build.0 = Release|Any CPU
		{F6F7C7BC-1EA0-4623-966C-BCD3FC7B8D88}.Release|iPhoneSimulator.ActiveCfg = Release|Any CPU
		{F6F7C7BC-1EA0-4623-966C-BCD3FC7B8D88}.Release|iPhoneSimulator.Build.0 = Release|Any CPU
		{F6F7C7BC-1EA0-4623-966C-BCD3FC7B8D88}.Release|x64.ActiveCfg = Release|Any CPU
		{F6F7C7BC-1EA0-4623-966C-BCD3FC7B8D88}.Release|x64.Build.0 = Release|Any CPU
		{F6F7C7BC-1EA0-4623-966C-BCD3FC7B8D88}.Release|x86.ActiveCfg = Release|Any CPU
		{F6F7C7BC-1EA0-4623-966C-BCD3FC7B8D88}.Release|x86.Build.0 = Release|Any CPU
		{F6F7C7BC-1EA0-4623-966C-BCD3FC7B8D88}.Release|x86_64.ActiveCfg = Release|Any CPU
		{F6F7C7BC-1EA0-4623-966C-BCD3FC7B8D88}.Release|x86_64.Build.0 = Release|Any CPU
		{65E850A1-D9B6-4999-9BB6-BBF586CE2B0B}.Ad-Hoc|Any CPU.ActiveCfg = Release|Any CPU
		{65E850A1-D9B6-4999-9BB6-BBF586CE2B0B}.Ad-Hoc|Any CPU.Build.0 = Release|Any CPU
		{65E850A1-D9B6-4999-9BB6-BBF586CE2B0B}.Ad-Hoc|ARM.ActiveCfg = Release|Any CPU
		{65E850A1-D9B6-4999-9BB6-BBF586CE2B0B}.Ad-Hoc|ARM.Build.0 = Release|Any CPU
		{65E850A1-D9B6-4999-9BB6-BBF586CE2B0B}.Ad-Hoc|arm64-v8a.ActiveCfg = Release|Any CPU
		{65E850A1-D9B6-4999-9BB6-BBF586CE2B0B}.Ad-Hoc|arm64-v8a.Build.0 = Release|Any CPU
		{65E850A1-D9B6-4999-9BB6-BBF586CE2B0B}.Ad-Hoc|iPhone.ActiveCfg = Release|Any CPU
		{65E850A1-D9B6-4999-9BB6-BBF586CE2B0B}.Ad-Hoc|iPhone.Build.0 = Release|Any CPU
		{65E850A1-D9B6-4999-9BB6-BBF586CE2B0B}.Ad-Hoc|iPhoneSimulator.ActiveCfg = Release|Any CPU
		{65E850A1-D9B6-4999-9BB6-BBF586CE2B0B}.Ad-Hoc|iPhoneSimulator.Build.0 = Release|Any CPU
		{65E850A1-D9B6-4999-9BB6-BBF586CE2B0B}.Ad-Hoc|x64.ActiveCfg = Release|Any CPU
		{65E850A1-D9B6-4999-9BB6-BBF586CE2B0B}.Ad-Hoc|x64.Build.0 = Release|Any CPU
		{65E850A1-D9B6-4999-9BB6-BBF586CE2B0B}.Ad-Hoc|x86.ActiveCfg = Release|Any CPU
		{65E850A1-D9B6-4999-9BB6-BBF586CE2B0B}.Ad-Hoc|x86.Build.0 = Release|Any CPU
		{65E850A1-D9B6-4999-9BB6-BBF586CE2B0B}.Ad-Hoc|x86_64.ActiveCfg = Release|Any CPU
		{65E850A1-D9B6-4999-9BB6-BBF586CE2B0B}.Ad-Hoc|x86_64.Build.0 = Release|Any CPU
		{65E850A1-D9B6-4999-9BB6-BBF586CE2B0B}.AppStore|Any CPU.ActiveCfg = Release|Any CPU
		{65E850A1-D9B6-4999-9BB6-BBF586CE2B0B}.AppStore|Any CPU.Build.0 = Release|Any CPU
		{65E850A1-D9B6-4999-9BB6-BBF586CE2B0B}.AppStore|ARM.ActiveCfg = Release|Any CPU
		{65E850A1-D9B6-4999-9BB6-BBF586CE2B0B}.AppStore|ARM.Build.0 = Release|Any CPU
		{65E850A1-D9B6-4999-9BB6-BBF586CE2B0B}.AppStore|arm64-v8a.ActiveCfg = Release|Any CPU
		{65E850A1-D9B6-4999-9BB6-BBF586CE2B0B}.AppStore|arm64-v8a.Build.0 = Release|Any CPU
		{65E850A1-D9B6-4999-9BB6-BBF586CE2B0B}.AppStore|iPhone.ActiveCfg = Release|Any CPU
		{65E850A1-D9B6-4999-9BB6-BBF586CE2B0B}.AppStore|iPhone.Build.0 = Release|Any CPU
		{65E850A1-D9B6-4999-9BB6-BBF586CE2B0B}.AppStore|iPhoneSimulator.ActiveCfg = Release|Any CPU
		{65E850A1-D9B6-4999-9BB6-BBF586CE2B0B}.AppStore|iPhoneSimulator.Build.0 = Release|Any CPU
		{65E850A1-D9B6-4999-9BB6-BBF586CE2B0B}.AppStore|x64.ActiveCfg = Release|Any CPU
		{65E850A1-D9B6-4999-9BB6-BBF586CE2B0B}.AppStore|x64.Build.0 = Release|Any CPU
		{65E850A1-D9B6-4999-9BB6-BBF586CE2B0B}.AppStore|x86.ActiveCfg = Release|Any CPU
		{65E850A1-D9B6-4999-9BB6-BBF586CE2B0B}.AppStore|x86.Build.0 = Release|Any CPU
		{65E850A1-D9B6-4999-9BB6-BBF586CE2B0B}.AppStore|x86_64.ActiveCfg = Release|Any CPU
		{65E850A1-D9B6-4999-9BB6-BBF586CE2B0B}.AppStore|x86_64.Build.0 = Release|Any CPU
		{65E850A1-D9B6-4999-9BB6-BBF586CE2B0B}.Debug|Any CPU.ActiveCfg = Debug|Any CPU
		{65E850A1-D9B6-4999-9BB6-BBF586CE2B0B}.Debug|Any CPU.Build.0 = Debug|Any CPU
		{65E850A1-D9B6-4999-9BB6-BBF586CE2B0B}.Debug|ARM.ActiveCfg = Debug|Any CPU
		{65E850A1-D9B6-4999-9BB6-BBF586CE2B0B}.Debug|ARM.Build.0 = Debug|Any CPU
		{65E850A1-D9B6-4999-9BB6-BBF586CE2B0B}.Debug|arm64-v8a.ActiveCfg = Debug|Any CPU
		{65E850A1-D9B6-4999-9BB6-BBF586CE2B0B}.Debug|arm64-v8a.Build.0 = Debug|Any CPU
		{65E850A1-D9B6-4999-9BB6-BBF586CE2B0B}.Debug|iPhone.ActiveCfg = Debug|Any CPU
		{65E850A1-D9B6-4999-9BB6-BBF586CE2B0B}.Debug|iPhone.Build.0 = Debug|Any CPU
		{65E850A1-D9B6-4999-9BB6-BBF586CE2B0B}.Debug|iPhoneSimulator.ActiveCfg = Debug|Any CPU
		{65E850A1-D9B6-4999-9BB6-BBF586CE2B0B}.Debug|iPhoneSimulator.Build.0 = Debug|Any CPU
		{65E850A1-D9B6-4999-9BB6-BBF586CE2B0B}.Debug|x64.ActiveCfg = Debug|Any CPU
		{65E850A1-D9B6-4999-9BB6-BBF586CE2B0B}.Debug|x64.Build.0 = Debug|Any CPU
		{65E850A1-D9B6-4999-9BB6-BBF586CE2B0B}.Debug|x86.ActiveCfg = Debug|Any CPU
		{65E850A1-D9B6-4999-9BB6-BBF586CE2B0B}.Debug|x86.Build.0 = Debug|Any CPU
		{65E850A1-D9B6-4999-9BB6-BBF586CE2B0B}.Debug|x86_64.ActiveCfg = Debug|Any CPU
		{65E850A1-D9B6-4999-9BB6-BBF586CE2B0B}.Debug|x86_64.Build.0 = Debug|Any CPU
		{65E850A1-D9B6-4999-9BB6-BBF586CE2B0B}.Release|Any CPU.ActiveCfg = Release|Any CPU
		{65E850A1-D9B6-4999-9BB6-BBF586CE2B0B}.Release|Any CPU.Build.0 = Release|Any CPU
		{65E850A1-D9B6-4999-9BB6-BBF586CE2B0B}.Release|ARM.ActiveCfg = Release|Any CPU
		{65E850A1-D9B6-4999-9BB6-BBF586CE2B0B}.Release|ARM.Build.0 = Release|Any CPU
		{65E850A1-D9B6-4999-9BB6-BBF586CE2B0B}.Release|arm64-v8a.ActiveCfg = Release|Any CPU
		{65E850A1-D9B6-4999-9BB6-BBF586CE2B0B}.Release|arm64-v8a.Build.0 = Release|Any CPU
		{65E850A1-D9B6-4999-9BB6-BBF586CE2B0B}.Release|iPhone.ActiveCfg = Release|Any CPU
		{65E850A1-D9B6-4999-9BB6-BBF586CE2B0B}.Release|iPhone.Build.0 = Release|Any CPU
		{65E850A1-D9B6-4999-9BB6-BBF586CE2B0B}.Release|iPhoneSimulator.ActiveCfg = Release|Any CPU
		{65E850A1-D9B6-4999-9BB6-BBF586CE2B0B}.Release|iPhoneSimulator.Build.0 = Release|Any CPU
		{65E850A1-D9B6-4999-9BB6-BBF586CE2B0B}.Release|x64.ActiveCfg = Release|Any CPU
		{65E850A1-D9B6-4999-9BB6-BBF586CE2B0B}.Release|x64.Build.0 = Release|Any CPU
		{65E850A1-D9B6-4999-9BB6-BBF586CE2B0B}.Release|x86.ActiveCfg = Release|Any CPU
		{65E850A1-D9B6-4999-9BB6-BBF586CE2B0B}.Release|x86.Build.0 = Release|Any CPU
		{65E850A1-D9B6-4999-9BB6-BBF586CE2B0B}.Release|x86_64.ActiveCfg = Release|Any CPU
		{65E850A1-D9B6-4999-9BB6-BBF586CE2B0B}.Release|x86_64.Build.0 = Release|Any CPU
	EndGlobalSection
	GlobalSection(SolutionProperties) = preSolution
		HideSolutionNode = FALSE
	EndGlobalSection
	GlobalSection(ExtensibilityGlobals) = postSolution
		SolutionGuid = {0C5F3704-DA89-43A5-A528-F2F02311B324}
	EndGlobalSection
EndGlobal
