
Microsoft Visual Studio Solution File, Format Version 12.00
# Visual Studio Version 16
VisualStudioVersion = 16.0.29326.143
MinimumVisualStudioVersion = 10.0.40219.1
Project("{D954291E-2A0B-460D-934E-DC6B0785DB48}") = "Emgu.TF.Util.Shared", "..\..\Emgu.TF.Util\Emgu.TF.Util.Shared.shproj", "{98561642-5EC3-4244-BAF9-6876D9BA5527}"
EndProject
Project("{D954291E-2A0B-460D-934E-DC6B0785DB48}") = "Emgu.TF.Lite.Shared", "..\..\Emgu.TF.Lite\Emgu.TF.Lite.Shared.shproj", "{8F587FB9-BBA6-4C30-9329-8CBAC7020FE0}"
EndProject
Project("{D954291E-2A0B-460D-934E-DC6B0785DB48}") = "XamarinForms.Lite", "..\..\Emgu.TF.Example\XamarinForms\XamarinForms.Lite\XamarinForms.Lite.shproj", "{26F4D7AF-57B6-4D2D-9A1C-AAFA757DDC4A}"
EndProject
Project("{FAE04EC0-301F-11D3-BF4B-00C04F79EFBC}") = "XamarinForms.Lite.Android", "..\..\Emgu.TF.Example\XamarinForms\XamarinForms.Lite.Android\XamarinForms.Lite.Android.csproj", "{50CE0DEE-7D39-47A7-B913-5858897F38F4}"
EndProject
Project("{D954291E-2A0B-460D-934E-DC6B0785DB48}") = "Emgu.Models.Shared", "..\..\Emgu.Models\Emgu.Models.Shared.shproj", "{8EDCE0C8-BA71-4396-9428-35D05877258C}"
EndProject
Project("{D954291E-2A0B-460D-934E-DC6B0785DB48}") = "Emgu.TF.Lite.Models.Shared", "..\..\Emgu.TF.Lite.Models\Emgu.TF.Lite.Models.Shared.shproj", "{E956DD26-1294-4731-8A90-C4CBA9F291B6}"
EndProject
Project("{9A19103F-16F7-4668-BE54-9A1E7A4F7556}") = "Emgu.TF.Lite.Netstandard", "..\..\Emgu.TF.Lite\Emgu.TF.Lite.Netstandard\Emgu.TF.Lite.Netstandard.csproj", "{FDAB1BD5-2BC7-4839-83A6-3DCD6E8C4B5A}"
EndProject
Project("{FAE04EC0-301F-11D3-BF4B-00C04F79EFBC}") = "Emgu.TF.Lite.Models.Android", "..\..\Emgu.TF.Lite.Models\Emgu.TF.Lite.Models.Android\Emgu.TF.Lite.Models.Android.csproj", "{B8C8535C-D4B3-49E3-82E7-8C16F607D624}"
EndProject
Project("{FAE04EC0-301F-11D3-BF4B-00C04F79EFBC}") = "Emgu.TF.Lite.Runtime.Android", "..\..\Emgu.TF.Runtime\Android\Emgu.TF.Lite.Runtime.Android.csproj", "{D11AA8F3-DEF2-4F40-A4E5-FB8A8938DDB7}"
EndProject
Global
	GlobalSection(SharedMSBuildProjectFiles) = preSolution
		..\..\Emgu.TF.Example\XamarinForms\XamarinForms.Lite\XamarinForms.Lite.projitems*{26f4d7af-57b6-4d2d-9a1c-aafa757ddc4a}*SharedItemsImports = 13
		..\..\Emgu.TF.Example\XamarinForms\XamarinForms.Lite\XamarinForms.Lite.projitems*{50ce0dee-7d39-47a7-b913-5858897f38f4}*SharedItemsImports = 4
		..\..\Emgu.Models\Emgu.Models.Shared.projitems*{8edce0c8-ba71-4396-9428-35d05877258c}*SharedItemsImports = 13
		..\..\Emgu.TF.Lite\Emgu.TF.Lite.Shared.projitems*{8f587fb9-bba6-4c30-9329-8cbac7020fe0}*SharedItemsImports = 13
		..\..\Emgu.TF.Util\Emgu.TF.Util.Shared.projitems*{98561642-5ec3-4244-baf9-6876d9ba5527}*SharedItemsImports = 13
		..\..\Emgu.Models\Emgu.Models.Shared.projitems*{b8c8535c-d4b3-49e3-82e7-8c16f607d624}*SharedItemsImports = 4
		..\..\Emgu.TF.Lite.Models\Emgu.TF.Lite.Models.Shared.projitems*{b8c8535c-d4b3-49e3-82e7-8c16f607d624}*SharedItemsImports = 4
		..\..\Emgu.TF.Lite.Models\Emgu.TF.Lite.Models.Shared.projitems*{e956dd26-1294-4731-8a90-c4cba9f291b6}*SharedItemsImports = 13
		..\..\Emgu.TF.Lite\Emgu.TF.Lite.Shared.projitems*{fdab1bd5-2bc7-4839-83a6-3dcd6e8c4b5a}*SharedItemsImports = 5
		..\..\Emgu.TF.Util\Emgu.TF.Util.Shared.projitems*{fdab1bd5-2bc7-4839-83a6-3dcd6e8c4b5a}*SharedItemsImports = 5
	EndGlobalSection
	GlobalSection(SolutionConfigurationPlatforms) = preSolution
		Ad-Hoc|Any CPU = Ad-Hoc|Any CPU
		Ad-Hoc|ARM = Ad-Hoc|ARM
		Ad-Hoc|arm64-v8a = Ad-Hoc|arm64-v8a
		Ad-Hoc|iPhone = Ad-Hoc|iPhone
		Ad-Hoc|iPhoneSimulator = Ad-Hoc|iPhoneSimulator
		Ad-Hoc|x64 = Ad-Hoc|x64
		Ad-Hoc|x86 = Ad-Hoc|x86
		Ad-Hoc|x86_64 = Ad-Hoc|x86_64
		AppStore|Any CPU = AppStore|Any CPU
		AppStore|ARM = AppStore|ARM
		AppStore|arm64-v8a = AppStore|arm64-v8a
		AppStore|iPhone = AppStore|iPhone
		AppStore|iPhoneSimulator = AppStore|iPhoneSimulator
		AppStore|x64 = AppStore|x64
		AppStore|x86 = AppStore|x86
		AppStore|x86_64 = AppStore|x86_64
		Debug|Any CPU = Debug|Any CPU
		Debug|ARM = Debug|ARM
		Debug|arm64-v8a = Debug|arm64-v8a
		Debug|iPhone = Debug|iPhone
		Debug|iPhoneSimulator = Debug|iPhoneSimulator
		Debug|x64 = Debug|x64
		Debug|x86 = Debug|x86
		Debug|x86_64 = Debug|x86_64
		Release|Any CPU = Release|Any CPU
		Release|ARM = Release|ARM
		Release|arm64-v8a = Release|arm64-v8a
		Release|iPhone = Release|iPhone
		Release|iPhoneSimulator = Release|iPhoneSimulator
		Release|x64 = Release|x64
		Release|x86 = Release|x86
		Release|x86_64 = Release|x86_64
	EndGlobalSection
	GlobalSection(ProjectConfigurationPlatforms) = postSolution
		{50CE0DEE-7D39-47A7-B913-5858897F38F4}.Ad-Hoc|Any CPU.ActiveCfg = Release|Any CPU
		{50CE0DEE-7D39-47A7-B913-5858897F38F4}.Ad-Hoc|Any CPU.Build.0 = Release|Any CPU
		{50CE0DEE-7D39-47A7-B913-5858897F38F4}.Ad-Hoc|Any CPU.Deploy.0 = Release|Any CPU
		{50CE0DEE-7D39-47A7-B913-5858897F38F4}.Ad-Hoc|ARM.ActiveCfg = Release|Any CPU
		{50CE0DEE-7D39-47A7-B913-5858897F38F4}.Ad-Hoc|ARM.Build.0 = Release|Any CPU
		{50CE0DEE-7D39-47A7-B913-5858897F38F4}.Ad-Hoc|ARM.Deploy.0 = Release|Any CPU
		{50CE0DEE-7D39-47A7-B913-5858897F38F4}.Ad-Hoc|arm64-v8a.ActiveCfg = Debug|Any CPU
		{50CE0DEE-7D39-47A7-B913-5858897F38F4}.Ad-Hoc|arm64-v8a.Build.0 = Debug|Any CPU
		{50CE0DEE-7D39-47A7-B913-5858897F38F4}.Ad-Hoc|arm64-v8a.Deploy.0 = Debug|Any CPU
		{50CE0DEE-7D39-47A7-B913-5858897F38F4}.Ad-Hoc|iPhone.ActiveCfg = Debug|Any CPU
		{50CE0DEE-7D39-47A7-B913-5858897F38F4}.Ad-Hoc|iPhone.Build.0 = Debug|Any CPU
		{50CE0DEE-7D39-47A7-B913-5858897F38F4}.Ad-Hoc|iPhone.Deploy.0 = Debug|Any CPU
		{50CE0DEE-7D39-47A7-B913-5858897F38F4}.Ad-Hoc|iPhoneSimulator.ActiveCfg = Debug|Any CPU
		{50CE0DEE-7D39-47A7-B913-5858897F38F4}.Ad-Hoc|iPhoneSimulator.Build.0 = Debug|Any CPU
		{50CE0DEE-7D39-47A7-B913-5858897F38F4}.Ad-Hoc|iPhoneSimulator.Deploy.0 = Debug|Any CPU
		{50CE0DEE-7D39-47A7-B913-5858897F38F4}.Ad-Hoc|x64.ActiveCfg = Release|Any CPU
		{50CE0DEE-7D39-47A7-B913-5858897F38F4}.Ad-Hoc|x64.Build.0 = Release|Any CPU
		{50CE0DEE-7D39-47A7-B913-5858897F38F4}.Ad-Hoc|x64.Deploy.0 = Release|Any CPU
		{50CE0DEE-7D39-47A7-B913-5858897F38F4}.Ad-Hoc|x86.ActiveCfg = Release|Any CPU
		{50CE0DEE-7D39-47A7-B913-5858897F38F4}.Ad-Hoc|x86.Build.0 = Release|Any CPU
		{50CE0DEE-7D39-47A7-B913-5858897F38F4}.Ad-Hoc|x86.Deploy.0 = Release|Any CPU
		{50CE0DEE-7D39-47A7-B913-5858897F38F4}.Ad-Hoc|x86_64.ActiveCfg = Debug|Any CPU
		{50CE0DEE-7D39-47A7-B913-5858897F38F4}.Ad-Hoc|x86_64.Build.0 = Debug|Any CPU
		{50CE0DEE-7D39-47A7-B913-5858897F38F4}.Ad-Hoc|x86_64.Deploy.0 = Debug|Any CPU
		{50CE0DEE-7D39-47A7-B913-5858897F38F4}.AppStore|Any CPU.ActiveCfg = Release|Any CPU
		{50CE0DEE-7D39-47A7-B913-5858897F38F4}.AppStore|Any CPU.Build.0 = Release|Any CPU
		{50CE0DEE-7D39-47A7-B913-5858897F38F4}.AppStore|Any CPU.Deploy.0 = Release|Any CPU
		{50CE0DEE-7D39-47A7-B913-5858897F38F4}.AppStore|ARM.ActiveCfg = Release|Any CPU
		{50CE0DEE-7D39-47A7-B913-5858897F38F4}.AppStore|ARM.Build.0 = Release|Any CPU
		{50CE0DEE-7D39-47A7-B913-5858897F38F4}.AppStore|ARM.Deploy.0 = Release|Any CPU
		{50CE0DEE-7D39-47A7-B913-5858897F38F4}.AppStore|arm64-v8a.ActiveCfg = Debug|Any CPU
		{50CE0DEE-7D39-47A7-B913-5858897F38F4}.AppStore|arm64-v8a.Build.0 = Debug|Any CPU
		{50CE0DEE-7D39-47A7-B913-5858897F38F4}.AppStore|arm64-v8a.Deploy.0 = Debug|Any CPU
		{50CE0DEE-7D39-47A7-B913-5858897F38F4}.AppStore|iPhone.ActiveCfg = Debug|Any CPU
		{50CE0DEE-7D39-47A7-B913-5858897F38F4}.AppStore|iPhone.Build.0 = Debug|Any CPU
		{50CE0DEE-7D39-47A7-B913-5858897F38F4}.AppStore|iPhone.Deploy.0 = Debug|Any CPU
		{50CE0DEE-7D39-47A7-B913-5858897F38F4}.AppStore|iPhoneSimulator.ActiveCfg = Debug|Any CPU
		{50CE0DEE-7D39-47A7-B913-5858897F38F4}.AppStore|iPhoneSimulator.Build.0 = Debug|Any CPU
		{50CE0DEE-7D39-47A7-B913-5858897F38F4}.AppStore|iPhoneSimulator.Deploy.0 = Debug|Any CPU
		{50CE0DEE-7D39-47A7-B913-5858897F38F4}.AppStore|x64.ActiveCfg = Release|Any CPU
		{50CE0DEE-7D39-47A7-B913-5858897F38F4}.AppStore|x64.Build.0 = Release|Any CPU
		{50CE0DEE-7D39-47A7-B913-5858897F38F4}.AppStore|x64.Deploy.0 = Release|Any CPU
		{50CE0DEE-7D39-47A7-B913-5858897F38F4}.AppStore|x86.ActiveCfg = Release|Any CPU
		{50CE0DEE-7D39-47A7-B913-5858897F38F4}.AppStore|x86.Build.0 = Release|Any CPU
		{50CE0DEE-7D39-47A7-B913-5858897F38F4}.AppStore|x86.Deploy.0 = Release|Any CPU
		{50CE0DEE-7D39-47A7-B913-5858897F38F4}.AppStore|x86_64.ActiveCfg = Debug|Any CPU
		{50CE0DEE-7D39-47A7-B913-5858897F38F4}.AppStore|x86_64.Build.0 = Debug|Any CPU
		{50CE0DEE-7D39-47A7-B913-5858897F38F4}.AppStore|x86_64.Deploy.0 = Debug|Any CPU
		{50CE0DEE-7D39-47A7-B913-5858897F38F4}.Debug|Any CPU.ActiveCfg = Debug|Any CPU
		{50CE0DEE-7D39-47A7-B913-5858897F38F4}.Debug|Any CPU.Build.0 = Debug|Any CPU
		{50CE0DEE-7D39-47A7-B913-5858897F38F4}.Debug|Any CPU.Deploy.0 = Debug|Any CPU
		{50CE0DEE-7D39-47A7-B913-5858897F38F4}.Debug|ARM.ActiveCfg = Debug|Any CPU
		{50CE0DEE-7D39-47A7-B913-5858897F38F4}.Debug|ARM.Build.0 = Debug|Any CPU
		{50CE0DEE-7D39-47A7-B913-5858897F38F4}.Debug|ARM.Deploy.0 = Debug|Any CPU
		{50CE0DEE-7D39-47A7-B913-5858897F38F4}.Debug|arm64-v8a.ActiveCfg = Debug|Any CPU
		{50CE0DEE-7D39-47A7-B913-5858897F38F4}.Debug|arm64-v8a.Build.0 = Debug|Any CPU
		{50CE0DEE-7D39-47A7-B913-5858897F38F4}.Debug|arm64-v8a.Deploy.0 = Debug|Any CPU
		{50CE0DEE-7D39-47A7-B913-5858897F38F4}.Debug|iPhone.ActiveCfg = Debug|Any CPU
		{50CE0DEE-7D39-47A7-B913-5858897F38F4}.Debug|iPhone.Build.0 = Debug|Any CPU
		{50CE0DEE-7D39-47A7-B913-5858897F38F4}.Debug|iPhone.Deploy.0 = Debug|Any CPU
		{50CE0DEE-7D39-47A7-B913-5858897F38F4}.Debug|iPhoneSimulator.ActiveCfg = Debug|Any CPU
		{50CE0DEE-7D39-47A7-B913-5858897F38F4}.Debug|iPhoneSimulator.Build.0 = Debug|Any CPU
		{50CE0DEE-7D39-47A7-B913-5858897F38F4}.Debug|iPhoneSimulator.Deploy.0 = Debug|Any CPU
		{50CE0DEE-7D39-47A7-B913-5858897F38F4}.Debug|x64.ActiveCfg = Debug|Any CPU
		{50CE0DEE-7D39-47A7-B913-5858897F38F4}.Debug|x64.Build.0 = Debug|Any CPU
		{50CE0DEE-7D39-47A7-B913-5858897F38F4}.Debug|x64.Deploy.0 = Debug|Any CPU
		{50CE0DEE-7D39-47A7-B913-5858897F38F4}.Debug|x86.ActiveCfg = Debug|Any CPU
		{50CE0DEE-7D39-47A7-B913-5858897F38F4}.Debug|x86.Build.0 = Debug|Any CPU
		{50CE0DEE-7D39-47A7-B913-5858897F38F4}.Debug|x86.Deploy.0 = Debug|Any CPU
		{50CE0DEE-7D39-47A7-B913-5858897F38F4}.Debug|x86_64.ActiveCfg = Debug|Any CPU
		{50CE0DEE-7D39-47A7-B913-5858897F38F4}.Debug|x86_64.Build.0 = Debug|Any CPU
		{50CE0DEE-7D39-47A7-B913-5858897F38F4}.Debug|x86_64.Deploy.0 = Debug|Any CPU
		{50CE0DEE-7D39-47A7-B913-5858897F38F4}.Release|Any CPU.ActiveCfg = Release|Any CPU
		{50CE0DEE-7D39-47A7-B913-5858897F38F4}.Release|Any CPU.Build.0 = Release|Any CPU
		{50CE0DEE-7D39-47A7-B913-5858897F38F4}.Release|Any CPU.Deploy.0 = Release|Any CPU
		{50CE0DEE-7D39-47A7-B913-5858897F38F4}.Release|ARM.ActiveCfg = Release|Any CPU
		{50CE0DEE-7D39-47A7-B913-5858897F38F4}.Release|ARM.Build.0 = Release|Any CPU
		{50CE0DEE-7D39-47A7-B913-5858897F38F4}.Release|ARM.Deploy.0 = Release|Any CPU
		{50CE0DEE-7D39-47A7-B913-5858897F38F4}.Release|arm64-v8a.ActiveCfg = Release|Any CPU
		{50CE0DEE-7D39-47A7-B913-5858897F38F4}.Release|arm64-v8a.Build.0 = Release|Any CPU
		{50CE0DEE-7D39-47A7-B913-5858897F38F4}.Release|arm64-v8a.Deploy.0 = Release|Any CPU
		{50CE0DEE-7D39-47A7-B913-5858897F38F4}.Release|iPhone.ActiveCfg = Release|Any CPU
		{50CE0DEE-7D39-47A7-B913-5858897F38F4}.Release|iPhone.Build.0 = Release|Any CPU
		{50CE0DEE-7D39-47A7-B913-5858897F38F4}.Release|iPhone.Deploy.0 = Release|Any CPU
		{50CE0DEE-7D39-47A7-B913-5858897F38F4}.Release|iPhoneSimulator.ActiveCfg = Release|Any CPU
		{50CE0DEE-7D39-47A7-B913-5858897F38F4}.Release|iPhoneSimulator.Build.0 = Release|Any CPU
		{50CE0DEE-7D39-47A7-B913-5858897F38F4}.Release|iPhoneSimulator.Deploy.0 = Release|Any CPU
		{50CE0DEE-7D39-47A7-B913-5858897F38F4}.Release|x64.ActiveCfg = Release|Any CPU
		{50CE0DEE-7D39-47A7-B913-5858897F38F4}.Release|x64.Build.0 = Release|Any CPU
		{50CE0DEE-7D39-47A7-B913-5858897F38F4}.Release|x64.Deploy.0 = Release|Any CPU
		{50CE0DEE-7D39-47A7-B913-5858897F38F4}.Release|x86.ActiveCfg = Release|Any CPU
		{50CE0DEE-7D39-47A7-B913-5858897F38F4}.Release|x86.Build.0 = Release|Any CPU
		{50CE0DEE-7D39-47A7-B913-5858897F38F4}.Release|x86.Deploy.0 = Release|Any CPU
		{50CE0DEE-7D39-47A7-B913-5858897F38F4}.Release|x86_64.ActiveCfg = Release|Any CPU
		{50CE0DEE-7D39-47A7-B913-5858897F38F4}.Release|x86_64.Build.0 = Release|Any CPU
		{50CE0DEE-7D39-47A7-B913-5858897F38F4}.Release|x86_64.Deploy.0 = Release|Any CPU
		{FDAB1BD5-2BC7-4839-83A6-3DCD6E8C4B5A}.Ad-Hoc|Any CPU.ActiveCfg = Debug|Any CPU
		{FDAB1BD5-2BC7-4839-83A6-3DCD6E8C4B5A}.Ad-Hoc|Any CPU.Build.0 = Debug|Any CPU
		{FDAB1BD5-2BC7-4839-83A6-3DCD6E8C4B5A}.Ad-Hoc|ARM.ActiveCfg = Debug|Any CPU
		{FDAB1BD5-2BC7-4839-83A6-3DCD6E8C4B5A}.Ad-Hoc|ARM.Build.0 = Debug|Any CPU
		{FDAB1BD5-2BC7-4839-83A6-3DCD6E8C4B5A}.Ad-Hoc|arm64-v8a.ActiveCfg = Debug|Any CPU
		{FDAB1BD5-2BC7-4839-83A6-3DCD6E8C4B5A}.Ad-Hoc|arm64-v8a.Build.0 = Debug|Any CPU
		{FDAB1BD5-2BC7-4839-83A6-3DCD6E8C4B5A}.Ad-Hoc|iPhone.ActiveCfg = Debug|Any CPU
		{FDAB1BD5-2BC7-4839-83A6-3DCD6E8C4B5A}.Ad-Hoc|iPhone.Build.0 = Debug|Any CPU
		{FDAB1BD5-2BC7-4839-83A6-3DCD6E8C4B5A}.Ad-Hoc|iPhoneSimulator.ActiveCfg = Debug|Any CPU
		{FDAB1BD5-2BC7-4839-83A6-3DCD6E8C4B5A}.Ad-Hoc|iPhoneSimulator.Build.0 = Debug|Any CPU
		{FDAB1BD5-2BC7-4839-83A6-3DCD6E8C4B5A}.Ad-Hoc|x64.ActiveCfg = Debug|Any CPU
		{FDAB1BD5-2BC7-4839-83A6-3DCD6E8C4B5A}.Ad-Hoc|x64.Build.0 = Debug|Any CPU
		{FDAB1BD5-2BC7-4839-83A6-3DCD6E8C4B5A}.Ad-Hoc|x86.ActiveCfg = Debug|Any CPU
		{FDAB1BD5-2BC7-4839-83A6-3DCD6E8C4B5A}.Ad-Hoc|x86.Build.0 = Debug|Any CPU
		{FDAB1BD5-2BC7-4839-83A6-3DCD6E8C4B5A}.Ad-Hoc|x86_64.ActiveCfg = Debug|Any CPU
		{FDAB1BD5-2BC7-4839-83A6-3DCD6E8C4B5A}.Ad-Hoc|x86_64.Build.0 = Debug|Any CPU
		{FDAB1BD5-2BC7-4839-83A6-3DCD6E8C4B5A}.AppStore|Any CPU.ActiveCfg = Debug|Any CPU
		{FDAB1BD5-2BC7-4839-83A6-3DCD6E8C4B5A}.AppStore|Any CPU.Build.0 = Debug|Any CPU
		{FDAB1BD5-2BC7-4839-83A6-3DCD6E8C4B5A}.AppStore|ARM.ActiveCfg = Debug|Any CPU
		{FDAB1BD5-2BC7-4839-83A6-3DCD6E8C4B5A}.AppStore|ARM.Build.0 = Debug|Any CPU
		{FDAB1BD5-2BC7-4839-83A6-3DCD6E8C4B5A}.AppStore|arm64-v8a.ActiveCfg = Debug|Any CPU
		{FDAB1BD5-2BC7-4839-83A6-3DCD6E8C4B5A}.AppStore|arm64-v8a.Build.0 = Debug|Any CPU
		{FDAB1BD5-2BC7-4839-83A6-3DCD6E8C4B5A}.AppStore|iPhone.ActiveCfg = Debug|Any CPU
		{FDAB1BD5-2BC7-4839-83A6-3DCD6E8C4B5A}.AppStore|iPhone.Build.0 = Debug|Any CPU
		{FDAB1BD5-2BC7-4839-83A6-3DCD6E8C4B5A}.AppStore|iPhoneSimulator.ActiveCfg = Debug|Any CPU
		{FDAB1BD5-2BC7-4839-83A6-3DCD6E8C4B5A}.AppStore|iPhoneSimulator.Build.0 = Debug|Any CPU
		{FDAB1BD5-2BC7-4839-83A6-3DCD6E8C4B5A}.AppStore|x64.ActiveCfg = Debug|Any CPU
		{FDAB1BD5-2BC7-4839-83A6-3DCD6E8C4B5A}.AppStore|x64.Build.0 = Debug|Any CPU
		{FDAB1BD5-2BC7-4839-83A6-3DCD6E8C4B5A}.AppStore|x86.ActiveCfg = Debug|Any CPU
		{FDAB1BD5-2BC7-4839-83A6-3DCD6E8C4B5A}.AppStore|x86.Build.0 = Debug|Any CPU
		{FDAB1BD5-2BC7-4839-83A6-3DCD6E8C4B5A}.AppStore|x86_64.ActiveCfg = Debug|Any CPU
		{FDAB1BD5-2BC7-4839-83A6-3DCD6E8C4B5A}.AppStore|x86_64.Build.0 = Debug|Any CPU
		{FDAB1BD5-2BC7-4839-83A6-3DCD6E8C4B5A}.Debug|Any CPU.ActiveCfg = Debug|Any CPU
		{FDAB1BD5-2BC7-4839-83A6-3DCD6E8C4B5A}.Debug|Any CPU.Build.0 = Debug|Any CPU
		{FDAB1BD5-2BC7-4839-83A6-3DCD6E8C4B5A}.Debug|ARM.ActiveCfg = Debug|Any CPU
		{FDAB1BD5-2BC7-4839-83A6-3DCD6E8C4B5A}.Debug|ARM.Build.0 = Debug|Any CPU
		{FDAB1BD5-2BC7-4839-83A6-3DCD6E8C4B5A}.Debug|arm64-v8a.ActiveCfg = Debug|Any CPU
		{FDAB1BD5-2BC7-4839-83A6-3DCD6E8C4B5A}.Debug|arm64-v8a.Build.0 = Debug|Any CPU
		{FDAB1BD5-2BC7-4839-83A6-3DCD6E8C4B5A}.Debug|iPhone.ActiveCfg = Debug|Any CPU
		{FDAB1BD5-2BC7-4839-83A6-3DCD6E8C4B5A}.Debug|iPhone.Build.0 = Debug|Any CPU
		{FDAB1BD5-2BC7-4839-83A6-3DCD6E8C4B5A}.Debug|iPhoneSimulator.ActiveCfg = Debug|Any CPU
		{FDAB1BD5-2BC7-4839-83A6-3DCD6E8C4B5A}.Debug|iPhoneSimulator.Build.0 = Debug|Any CPU
		{FDAB1BD5-2BC7-4839-83A6-3DCD6E8C4B5A}.Debug|x64.ActiveCfg = Debug|Any CPU
		{FDAB1BD5-2BC7-4839-83A6-3DCD6E8C4B5A}.Debug|x64.Build.0 = Debug|Any CPU
		{FDAB1BD5-2BC7-4839-83A6-3DCD6E8C4B5A}.Debug|x86.ActiveCfg = Debug|Any CPU
		{FDAB1BD5-2BC7-4839-83A6-3DCD6E8C4B5A}.Debug|x86.Build.0 = Debug|Any CPU
		{FDAB1BD5-2BC7-4839-83A6-3DCD6E8C4B5A}.Debug|x86_64.ActiveCfg = Debug|Any CPU
		{FDAB1BD5-2BC7-4839-83A6-3DCD6E8C4B5A}.Debug|x86_64.Build.0 = Debug|Any CPU
		{FDAB1BD5-2BC7-4839-83A6-3DCD6E8C4B5A}.Release|Any CPU.ActiveCfg = Release|Any CPU
		{FDAB1BD5-2BC7-4839-83A6-3DCD6E8C4B5A}.Release|Any CPU.Build.0 = Release|Any CPU
		{FDAB1BD5-2BC7-4839-83A6-3DCD6E8C4B5A}.Release|ARM.ActiveCfg = Release|Any CPU
		{FDAB1BD5-2BC7-4839-83A6-3DCD6E8C4B5A}.Release|ARM.Build.0 = Release|Any CPU
		{FDAB1BD5-2BC7-4839-83A6-3DCD6E8C4B5A}.Release|arm64-v8a.ActiveCfg = Release|Any CPU
		{FDAB1BD5-2BC7-4839-83A6-3DCD6E8C4B5A}.Release|arm64-v8a.Build.0 = Release|Any CPU
		{FDAB1BD5-2BC7-4839-83A6-3DCD6E8C4B5A}.Release|iPhone.ActiveCfg = Release|Any CPU
		{FDAB1BD5-2BC7-4839-83A6-3DCD6E8C4B5A}.Release|iPhone.Build.0 = Release|Any CPU
		{FDAB1BD5-2BC7-4839-83A6-3DCD6E8C4B5A}.Release|iPhoneSimulator.ActiveCfg = Release|Any CPU
		{FDAB1BD5-2BC7-4839-83A6-3DCD6E8C4B5A}.Release|iPhoneSimulator.Build.0 = Release|Any CPU
		{FDAB1BD5-2BC7-4839-83A6-3DCD6E8C4B5A}.Release|x64.ActiveCfg = Release|Any CPU
		{FDAB1BD5-2BC7-4839-83A6-3DCD6E8C4B5A}.Release|x64.Build.0 = Release|Any CPU
		{FDAB1BD5-2BC7-4839-83A6-3DCD6E8C4B5A}.Release|x86.ActiveCfg = Release|Any CPU
		{FDAB1BD5-2BC7-4839-83A6-3DCD6E8C4B5A}.Release|x86.Build.0 = Release|Any CPU
		{FDAB1BD5-2BC7-4839-83A6-3DCD6E8C4B5A}.Release|x86_64.ActiveCfg = Release|Any CPU
		{FDAB1BD5-2BC7-4839-83A6-3DCD6E8C4B5A}.Release|x86_64.Build.0 = Release|Any CPU
		{B8C8535C-D4B3-49E3-82E7-8C16F607D624}.Ad-Hoc|Any CPU.ActiveCfg = Release|Any CPU
		{B8C8535C-D4B3-49E3-82E7-8C16F607D624}.Ad-Hoc|Any CPU.Build.0 = Release|Any CPU
		{B8C8535C-D4B3-49E3-82E7-8C16F607D624}.Ad-Hoc|ARM.ActiveCfg = Release|Any CPU
		{B8C8535C-D4B3-49E3-82E7-8C16F607D624}.Ad-Hoc|ARM.Build.0 = Release|Any CPU
		{B8C8535C-D4B3-49E3-82E7-8C16F607D624}.Ad-Hoc|arm64-v8a.ActiveCfg = Release|Any CPU
		{B8C8535C-D4B3-49E3-82E7-8C16F607D624}.Ad-Hoc|arm64-v8a.Build.0 = Release|Any CPU
		{B8C8535C-D4B3-49E3-82E7-8C16F607D624}.Ad-Hoc|iPhone.ActiveCfg = Release|Any CPU
		{B8C8535C-D4B3-49E3-82E7-8C16F607D624}.Ad-Hoc|iPhone.Build.0 = Release|Any CPU
		{B8C8535C-D4B3-49E3-82E7-8C16F607D624}.Ad-Hoc|iPhoneSimulator.ActiveCfg = Release|Any CPU
		{B8C8535C-D4B3-49E3-82E7-8C16F607D624}.Ad-Hoc|iPhoneSimulator.Build.0 = Release|Any CPU
		{B8C8535C-D4B3-49E3-82E7-8C16F607D624}.Ad-Hoc|x64.ActiveCfg = Release|Any CPU
		{B8C8535C-D4B3-49E3-82E7-8C16F607D624}.Ad-Hoc|x64.Build.0 = Release|Any CPU
		{B8C8535C-D4B3-49E3-82E7-8C16F607D624}.Ad-Hoc|x86.ActiveCfg = Release|Any CPU
		{B8C8535C-D4B3-49E3-82E7-8C16F607D624}.Ad-Hoc|x86.Build.0 = Release|Any CPU
		{B8C8535C-D4B3-49E3-82E7-8C16F607D624}.Ad-Hoc|x86_64.ActiveCfg = Release|Any CPU
		{B8C8535C-D4B3-49E3-82E7-8C16F607D624}.Ad-Hoc|x86_64.Build.0 = Release|Any CPU
		{B8C8535C-D4B3-49E3-82E7-8C16F607D624}.AppStore|Any CPU.ActiveCfg = Release|Any CPU
		{B8C8535C-D4B3-49E3-82E7-8C16F607D624}.AppStore|Any CPU.Build.0 = Release|Any CPU
		{B8C8535C-D4B3-49E3-82E7-8C16F607D624}.AppStore|ARM.ActiveCfg = Release|Any CPU
		{B8C8535C-D4B3-49E3-82E7-8C16F607D624}.AppStore|ARM.Build.0 = Release|Any CPU
		{B8C8535C-D4B3-49E3-82E7-8C16F607D624}.AppStore|arm64-v8a.ActiveCfg = Release|Any CPU
		{B8C8535C-D4B3-49E3-82E7-8C16F607D624}.AppStore|arm64-v8a.Build.0 = Release|Any CPU
		{B8C8535C-D4B3-49E3-82E7-8C16F607D624}.AppStore|iPhone.ActiveCfg = Release|Any CPU
		{B8C8535C-D4B3-49E3-82E7-8C16F607D624}.AppStore|iPhone.Build.0 = Release|Any CPU
		{B8C8535C-D4B3-49E3-82E7-8C16F607D624}.AppStore|iPhoneSimulator.ActiveCfg = Release|Any CPU
		{B8C8535C-D4B3-49E3-82E7-8C16F607D624}.AppStore|iPhoneSimulator.Build.0 = Release|Any CPU
		{B8C8535C-D4B3-49E3-82E7-8C16F607D624}.AppStore|x64.ActiveCfg = Release|Any CPU
		{B8C8535C-D4B3-49E3-82E7-8C16F607D624}.AppStore|x64.Build.0 = Release|Any CPU
		{B8C8535C-D4B3-49E3-82E7-8C16F607D624}.AppStore|x86.ActiveCfg = Release|Any CPU
		{B8C8535C-D4B3-49E3-82E7-8C16F607D624}.AppStore|x86.Build.0 = Release|Any CPU
		{B8C8535C-D4B3-49E3-82E7-8C16F607D624}.AppStore|x86_64.ActiveCfg = Release|Any CPU
		{B8C8535C-D4B3-49E3-82E7-8C16F607D624}.AppStore|x86_64.Build.0 = Release|Any CPU
		{B8C8535C-D4B3-49E3-82E7-8C16F607D624}.Debug|Any CPU.ActiveCfg = Debug|Any CPU
		{B8C8535C-D4B3-49E3-82E7-8C16F607D624}.Debug|Any CPU.Build.0 = Debug|Any CPU
		{B8C8535C-D4B3-49E3-82E7-8C16F607D624}.Debug|ARM.ActiveCfg = Debug|Any CPU
		{B8C8535C-D4B3-49E3-82E7-8C16F607D624}.Debug|ARM.Build.0 = Debug|Any CPU
		{B8C8535C-D4B3-49E3-82E7-8C16F607D624}.Debug|arm64-v8a.ActiveCfg = Debug|Any CPU
		{B8C8535C-D4B3-49E3-82E7-8C16F607D624}.Debug|arm64-v8a.Build.0 = Debug|Any CPU
		{B8C8535C-D4B3-49E3-82E7-8C16F607D624}.Debug|iPhone.ActiveCfg = Debug|Any CPU
		{B8C8535C-D4B3-49E3-82E7-8C16F607D624}.Debug|iPhone.Build.0 = Debug|Any CPU
		{B8C8535C-D4B3-49E3-82E7-8C16F607D624}.Debug|iPhoneSimulator.ActiveCfg = Debug|Any CPU
		{B8C8535C-D4B3-49E3-82E7-8C16F607D624}.Debug|iPhoneSimulator.Build.0 = Debug|Any CPU
		{B8C8535C-D4B3-49E3-82E7-8C16F607D624}.Debug|x64.ActiveCfg = Debug|Any CPU
		{B8C8535C-D4B3-49E3-82E7-8C16F607D624}.Debug|x64.Build.0 = Debug|Any CPU
		{B8C8535C-D4B3-49E3-82E7-8C16F607D624}.Debug|x86.ActiveCfg = Debug|Any CPU
		{B8C8535C-D4B3-49E3-82E7-8C16F607D624}.Debug|x86.Build.0 = Debug|Any CPU
		{B8C8535C-D4B3-49E3-82E7-8C16F607D624}.Debug|x86_64.ActiveCfg = Debug|Any CPU
		{B8C8535C-D4B3-49E3-82E7-8C16F607D624}.Debug|x86_64.Build.0 = Debug|Any CPU
		{B8C8535C-D4B3-49E3-82E7-8C16F607D624}.Release|Any CPU.ActiveCfg = Release|Any CPU
		{B8C8535C-D4B3-49E3-82E7-8C16F607D624}.Release|Any CPU.Build.0 = Release|Any CPU
		{B8C8535C-D4B3-49E3-82E7-8C16F607D624}.Release|ARM.ActiveCfg = Release|Any CPU
		{B8C8535C-D4B3-49E3-82E7-8C16F607D624}.Release|ARM.Build.0 = Release|Any CPU
		{B8C8535C-D4B3-49E3-82E7-8C16F607D624}.Release|arm64-v8a.ActiveCfg = Release|Any CPU
		{B8C8535C-D4B3-49E3-82E7-8C16F607D624}.Release|arm64-v8a.Build.0 = Release|Any CPU
		{B8C8535C-D4B3-49E3-82E7-8C16F607D624}.Release|iPhone.ActiveCfg = Release|Any CPU
		{B8C8535C-D4B3-49E3-82E7-8C16F607D624}.Release|iPhone.Build.0 = Release|Any CPU
		{B8C8535C-D4B3-49E3-82E7-8C16F607D624}.Release|iPhoneSimulator.ActiveCfg = Release|Any CPU
		{B8C8535C-D4B3-49E3-82E7-8C16F607D624}.Release|iPhoneSimulator.Build.0 = Release|Any CPU
		{B8C8535C-D4B3-49E3-82E7-8C16F607D624}.Release|x64.ActiveCfg = Release|Any CPU
		{B8C8535C-D4B3-49E3-82E7-8C16F607D624}.Release|x64.Build.0 = Release|Any CPU
		{B8C8535C-D4B3-49E3-82E7-8C16F607D624}.Release|x86.ActiveCfg = Release|Any CPU
		{B8C8535C-D4B3-49E3-82E7-8C16F607D624}.Release|x86.Build.0 = Release|Any CPU
		{B8C8535C-D4B3-49E3-82E7-8C16F607D624}.Release|x86_64.ActiveCfg = Release|Any CPU
		{B8C8535C-D4B3-49E3-82E7-8C16F607D624}.Release|x86_64.Build.0 = Release|Any CPU
		{D11AA8F3-DEF2-4F40-A4E5-FB8A8938DDB7}.Ad-Hoc|Any CPU.ActiveCfg = Release|Any CPU
		{D11AA8F3-DEF2-4F40-A4E5-FB8A8938DDB7}.Ad-Hoc|Any CPU.Build.0 = Release|Any CPU
		{D11AA8F3-DEF2-4F40-A4E5-FB8A8938DDB7}.Ad-Hoc|ARM.ActiveCfg = Release|Any CPU
		{D11AA8F3-DEF2-4F40-A4E5-FB8A8938DDB7}.Ad-Hoc|ARM.Build.0 = Release|Any CPU
		{D11AA8F3-DEF2-4F40-A4E5-FB8A8938DDB7}.Ad-Hoc|arm64-v8a.ActiveCfg = Release|Any CPU
		{D11AA8F3-DEF2-4F40-A4E5-FB8A8938DDB7}.Ad-Hoc|arm64-v8a.Build.0 = Release|Any CPU
		{D11AA8F3-DEF2-4F40-A4E5-FB8A8938DDB7}.Ad-Hoc|iPhone.ActiveCfg = Release|Any CPU
		{D11AA8F3-DEF2-4F40-A4E5-FB8A8938DDB7}.Ad-Hoc|iPhone.Build.0 = Release|Any CPU
		{D11AA8F3-DEF2-4F40-A4E5-FB8A8938DDB7}.Ad-Hoc|iPhoneSimulator.ActiveCfg = Release|Any CPU
		{D11AA8F3-DEF2-4F40-A4E5-FB8A8938DDB7}.Ad-Hoc|iPhoneSimulator.Build.0 = Release|Any CPU
		{D11AA8F3-DEF2-4F40-A4E5-FB8A8938DDB7}.Ad-Hoc|x64.ActiveCfg = Release|Any CPU
		{D11AA8F3-DEF2-4F40-A4E5-FB8A8938DDB7}.Ad-Hoc|x64.Build.0 = Release|Any CPU
		{D11AA8F3-DEF2-4F40-A4E5-FB8A8938DDB7}.Ad-Hoc|x86.ActiveCfg = Release|Any CPU
		{D11AA8F3-DEF2-4F40-A4E5-FB8A8938DDB7}.Ad-Hoc|x86.Build.0 = Release|Any CPU
		{D11AA8F3-DEF2-4F40-A4E5-FB8A8938DDB7}.Ad-Hoc|x86_64.ActiveCfg = Release|Any CPU
		{D11AA8F3-DEF2-4F40-A4E5-FB8A8938DDB7}.Ad-Hoc|x86_64.Build.0 = Release|Any CPU
		{D11AA8F3-DEF2-4F40-A4E5-FB8A8938DDB7}.AppStore|Any CPU.ActiveCfg = Release|Any CPU
		{D11AA8F3-DEF2-4F40-A4E5-FB8A8938DDB7}.AppStore|Any CPU.Build.0 = Release|Any CPU
		{D11AA8F3-DEF2-4F40-A4E5-FB8A8938DDB7}.AppStore|ARM.ActiveCfg = Release|Any CPU
		{D11AA8F3-DEF2-4F40-A4E5-FB8A8938DDB7}.AppStore|ARM.Build.0 = Release|Any CPU
		{D11AA8F3-DEF2-4F40-A4E5-FB8A8938DDB7}.AppStore|arm64-v8a.ActiveCfg = Release|Any CPU
		{D11AA8F3-DEF2-4F40-A4E5-FB8A8938DDB7}.AppStore|arm64-v8a.Build.0 = Release|Any CPU
		{D11AA8F3-DEF2-4F40-A4E5-FB8A8938DDB7}.AppStore|iPhone.ActiveCfg = Release|Any CPU
		{D11AA8F3-DEF2-4F40-A4E5-FB8A8938DDB7}.AppStore|iPhone.Build.0 = Release|Any CPU
		{D11AA8F3-DEF2-4F40-A4E5-FB8A8938DDB7}.AppStore|iPhoneSimulator.ActiveCfg = Release|Any CPU
		{D11AA8F3-DEF2-4F40-A4E5-FB8A8938DDB7}.AppStore|iPhoneSimulator.Build.0 = Release|Any CPU
		{D11AA8F3-DEF2-4F40-A4E5-FB8A8938DDB7}.AppStore|x64.ActiveCfg = Release|Any CPU
		{D11AA8F3-DEF2-4F40-A4E5-FB8A8938DDB7}.AppStore|x64.Build.0 = Release|Any CPU
		{D11AA8F3-DEF2-4F40-A4E5-FB8A8938DDB7}.AppStore|x86.ActiveCfg = Release|Any CPU
		{D11AA8F3-DEF2-4F40-A4E5-FB8A8938DDB7}.AppStore|x86.Build.0 = Release|Any CPU
		{D11AA8F3-DEF2-4F40-A4E5-FB8A8938DDB7}.AppStore|x86_64.ActiveCfg = Release|Any CPU
		{D11AA8F3-DEF2-4F40-A4E5-FB8A8938DDB7}.AppStore|x86_64.Build.0 = Release|Any CPU
		{D11AA8F3-DEF2-4F40-A4E5-FB8A8938DDB7}.Debug|Any CPU.ActiveCfg = Debug|Any CPU
		{D11AA8F3-DEF2-4F40-A4E5-FB8A8938DDB7}.Debug|Any CPU.Build.0 = Debug|Any CPU
		{D11AA8F3-DEF2-4F40-A4E5-FB8A8938DDB7}.Debug|ARM.ActiveCfg = Debug|Any CPU
		{D11AA8F3-DEF2-4F40-A4E5-FB8A8938DDB7}.Debug|ARM.Build.0 = Debug|Any CPU
		{D11AA8F3-DEF2-4F40-A4E5-FB8A8938DDB7}.Debug|arm64-v8a.ActiveCfg = Debug|Any CPU
		{D11AA8F3-DEF2-4F40-A4E5-FB8A8938DDB7}.Debug|arm64-v8a.Build.0 = Debug|Any CPU
		{D11AA8F3-DEF2-4F40-A4E5-FB8A8938DDB7}.Debug|iPhone.ActiveCfg = Debug|Any CPU
		{D11AA8F3-DEF2-4F40-A4E5-FB8A8938DDB7}.Debug|iPhone.Build.0 = Debug|Any CPU
		{D11AA8F3-DEF2-4F40-A4E5-FB8A8938DDB7}.Debug|iPhoneSimulator.ActiveCfg = Debug|Any CPU
		{D11AA8F3-DEF2-4F40-A4E5-FB8A8938DDB7}.Debug|iPhoneSimulator.Build.0 = Debug|Any CPU
		{D11AA8F3-DEF2-4F40-A4E5-FB8A8938DDB7}.Debug|x64.ActiveCfg = Debug|Any CPU
		{D11AA8F3-DEF2-4F40-A4E5-FB8A8938DDB7}.Debug|x64.Build.0 = Debug|Any CPU
		{D11AA8F3-DEF2-4F40-A4E5-FB8A8938DDB7}.Debug|x86.ActiveCfg = Debug|Any CPU
		{D11AA8F3-DEF2-4F40-A4E5-FB8A8938DDB7}.Debug|x86.Build.0 = Debug|Any CPU
		{D11AA8F3-DEF2-4F40-A4E5-FB8A8938DDB7}.Debug|x86_64.ActiveCfg = Debug|Any CPU
		{D11AA8F3-DEF2-4F40-A4E5-FB8A8938DDB7}.Debug|x86_64.Build.0 = Debug|Any CPU
		{D11AA8F3-DEF2-4F40-A4E5-FB8A8938DDB7}.Release|Any CPU.ActiveCfg = Release|Any CPU
		{D11AA8F3-DEF2-4F40-A4E5-FB8A8938DDB7}.Release|Any CPU.Build.0 = Release|Any CPU
		{D11AA8F3-DEF2-4F40-A4E5-FB8A8938DDB7}.Release|ARM.ActiveCfg = Release|Any CPU
		{D11AA8F3-DEF2-4F40-A4E5-FB8A8938DDB7}.Release|ARM.Build.0 = Release|Any CPU
		{D11AA8F3-DEF2-4F40-A4E5-FB8A8938DDB7}.Release|arm64-v8a.ActiveCfg = Release|Any CPU
		{D11AA8F3-DEF2-4F40-A4E5-FB8A8938DDB7}.Release|arm64-v8a.Build.0 = Release|Any CPU
		{D11AA8F3-DEF2-4F40-A4E5-FB8A8938DDB7}.Release|iPhone.ActiveCfg = Release|Any CPU
		{D11AA8F3-DEF2-4F40-A4E5-FB8A8938DDB7}.Release|iPhone.Build.0 = Release|Any CPU
		{D11AA8F3-DEF2-4F40-A4E5-FB8A8938DDB7}.Release|iPhoneSimulator.ActiveCfg = Release|Any CPU
		{D11AA8F3-DEF2-4F40-A4E5-FB8A8938DDB7}.Release|iPhoneSimulator.Build.0 = Release|Any CPU
		{D11AA8F3-DEF2-4F40-A4E5-FB8A8938DDB7}.Release|x64.ActiveCfg = Release|Any CPU
		{D11AA8F3-DEF2-4F40-A4E5-FB8A8938DDB7}.Release|x64.Build.0 = Release|Any CPU
		{D11AA8F3-DEF2-4F40-A4E5-FB8A8938DDB7}.Release|x86.ActiveCfg = Release|Any CPU
		{D11AA8F3-DEF2-4F40-A4E5-FB8A8938DDB7}.Release|x86.Build.0 = Release|Any CPU
		{D11AA8F3-DEF2-4F40-A4E5-FB8A8938DDB7}.Release|x86_64.ActiveCfg = Release|Any CPU
		{D11AA8F3-DEF2-4F40-A4E5-FB8A8938DDB7}.Release|x86_64.Build.0 = Release|Any CPU
	EndGlobalSection
	GlobalSection(SolutionProperties) = preSolution
		HideSolutionNode = FALSE
	EndGlobalSection
	GlobalSection(ExtensibilityGlobals) = postSolution
		SolutionGuid = {0C5F3704-DA89-43A5-A528-F2F02311B324}
	EndGlobalSection
EndGlobal
