
Microsoft Visual Studio Solution File, Format Version 12.00
# Visual Studio Version 16
VisualStudioVersion = 16.0.29418.71
MinimumVisualStudioVersion = 10.0.40219.1
Project("{D954291E-2A0B-460D-934E-DC6B0785DB48}") = "Emgu.TF.Shared", "..\..\Emgu.TF\Emgu.TF.Shared.shproj", "{D47D776E-9970-4552-BC8A-24CADCBEA009}"
EndProject
Project("{FAE04EC0-301F-11D3-BF4B-00C04F79EFBC}") = "Emgu.TF.Test", "..\..\Emgu.TF.Test\Emgu.TF.Test.csproj", "{C6D4A064-1080-4D0C-A0A0-B659DE3A6FAF}"
EndProject
Project("{D954291E-2A0B-460D-934E-DC6B0785DB48}") = "Emgu.TF.Util.Shared", "..\..\Emgu.TF.Util\Emgu.TF.Util.Shared.shproj", "{98561642-5EC3-4244-BAF9-6876D9BA5527}"
EndProject
Project("{D954291E-2A0B-460D-934E-DC6B0785DB48}") = "Emgu.TF.Protobuf.Shared", "..\..\Emgu.TF.Protobuf\Emgu.TF.Protobuf.Shared.shproj", "{88FED2CB-EE86-4B5E-85A0-9F5FDF42111F}"
EndProject
Project("{D954291E-2A0B-460D-934E-DC6B0785DB48}") = "Emgu.TF.Models.Shared", "..\..\Emgu.TF.Models\Emgu.TF.Models.Shared.shproj", "{752279F0-17EF-4EC8-857C-8F5F897AF0E8}"
EndProject
Project("{D954291E-2A0B-460D-934E-DC6B0785DB48}") = "Emgu.Models.Shared", "..\..\Emgu.Models\Emgu.Models.Shared.shproj", "{8EDCE0C8-BA71-4396-9428-35D05877258C}"
EndProject
Project("{9A19103F-16F7-4668-BE54-9A1E7A4F7556}") = "Emgu.TF.Protobuf.Netstandard", "..\..\Emgu.TF.Protobuf\Emgu.TF.Protobuf.Netstandard\Emgu.TF.Protobuf.Netstandard.csproj", "{01147797-9F30-4AB3-A86C-1C4509C88EDB}"
EndProject
Project("{9A19103F-16F7-4668-BE54-9A1E7A4F7556}") = "Emgu.TF.Netstandard", "..\..\Emgu.TF\Emgu.TF.Netstandard\Emgu.TF.Netstandard.csproj", "{1C543CBF-F574-421D-BC17-EFFBB306694C}"
EndProject
Project("{9A19103F-16F7-4668-BE54-9A1E7A4F7556}") = "Emgu.TF.Models.Netstandard", "..\..\Emgu.TF.Models\Emgu.TF.Models.Netstandard\Emgu.TF.Models.Netstandard.csproj", "{88534285-26F1-4421-B595-6C28C1C6DD78}"
EndProject
Project("{9A19103F-16F7-4668-BE54-9A1E7A4F7556}") = "Emgu.TF.CodeGen.NetCore", "..\..\Emgu.TF.CodeGen\Emgu.TF.CodeGen.NetCore\Emgu.TF.CodeGen.NetCore.csproj", "{EFEA6188-E2ED-4B03-AB0B-6A9A14722485}"
EndProject
Project("{D954291E-2A0B-460D-934E-DC6B0785DB48}") = "Emgu.TF.Runtime.Windows", "..\..\Emgu.TF.Runtime\Windows\Emgu.TF.Runtime.Windows.shproj", "{3088794D-7022-4049-98BC-41E2949E48B4}"
EndProject
Project("{D954291E-2A0B-460D-934E-DC6B0785DB48}") = "Emgu.TF.Runtime.Mac", "..\..\Emgu.TF.Runtime\Mac\Emgu.TF.Runtime.Mac.shproj", "{B1E7D925-5D1C-4A1E-9BA0-35163883A110}"
EndProject
Project("{D954291E-2A0B-460D-934E-DC6B0785DB48}") = "Emgu.TF.Runtime.Ubuntu", "..\..\Emgu.TF.Runtime\Ubuntu\Emgu.TF.Runtime.Ubuntu.shproj", "{0F30EC5F-39DD-4A62-AD79-14EBCB894208}"
EndProject
Project("{D954291E-2A0B-460D-934E-DC6B0785DB48}") = "Emgu.TF.Runtime.Raspbian", "..\..\Emgu.TF.Runtime\Raspbian\Emgu.TF.Runtime.Raspbian.shproj", "{61FEA54E-4DD5-4552-BCFC-860610295873}"
EndProject
Global
	GlobalSection(SharedMSBuildProjectFiles) = preSolution
		..\..\Emgu.TF.Protobuf\Emgu.TF.Protobuf.Shared.projitems*{01147797-9f30-4ab3-a86c-1c4509c88edb}*SharedItemsImports = 5
		..\..\Emgu.TF.Runtime\Ubuntu\Emgu.TF.Runtime.Ubuntu.projitems*{0f30ec5f-39dd-4a62-ad79-14ebcb894208}*SharedItemsImports = 13
		..\..\Emgu.TF.Util\Emgu.TF.Util.Shared.projitems*{1c543cbf-f574-421d-bc17-effbb306694c}*SharedItemsImports = 5
		..\..\Emgu.TF\Emgu.TF.Shared.projitems*{1c543cbf-f574-421d-bc17-effbb306694c}*SharedItemsImports = 5
		..\..\Emgu.TF.Runtime\Windows\Emgu.TF.Runtime.Windows.projitems*{3088794d-7022-4049-98bc-41e2949e48b4}*SharedItemsImports = 13
		..\..\Emgu.TF.Runtime\Raspbian\Emgu.TF.Runtime.Raspbian.projitems*{61fea54e-4dd5-4552-bcfc-860610295873}*SharedItemsImports = 13
		..\..\Emgu.TF.Models\Emgu.TF.Models.Shared.projitems*{752279f0-17ef-4ec8-857c-8f5f897af0e8}*SharedItemsImports = 13
		..\..\Emgu.Models\Emgu.Models.Shared.projitems*{88534285-26f1-4421-b595-6c28c1c6dd78}*SharedItemsImports = 5
		..\..\Emgu.TF.Models\Emgu.TF.Models.Shared.projitems*{88534285-26f1-4421-b595-6c28c1c6dd78}*SharedItemsImports = 5
		..\..\Emgu.TF.Protobuf\Emgu.TF.Protobuf.Shared.projitems*{88fed2cb-ee86-4b5e-85a0-9f5fdf42111f}*SharedItemsImports = 13
		..\..\Emgu.Models\Emgu.Models.Shared.projitems*{8edce0c8-ba71-4396-9428-35d05877258c}*SharedItemsImports = 13
		..\..\Emgu.TF.Util\Emgu.TF.Util.Shared.projitems*{98561642-5ec3-4244-baf9-6876d9ba5527}*SharedItemsImports = 13
		..\..\Emgu.TF.Runtime\Mac\Emgu.TF.Runtime.Mac.projitems*{b1e7d925-5d1c-4a1e-9ba0-35163883a110}*SharedItemsImports = 13
		..\..\Emgu.TF\Emgu.TF.Shared.projitems*{d47d776e-9970-4552-bc8a-24cadcbea009}*SharedItemsImports = 13
		..\..\Emgu.TF.Runtime\Mac\Emgu.TF.Runtime.Mac.projitems*{efea6188-e2ed-4b03-ab0b-6a9a14722485}*SharedItemsImports = 5
		..\..\Emgu.TF.Runtime\Raspbian\Emgu.TF.Runtime.Raspbian.projitems*{efea6188-e2ed-4b03-ab0b-6a9a14722485}*SharedItemsImports = 5
		..\..\Emgu.TF.Runtime\Ubuntu\Emgu.TF.Runtime.Ubuntu.projitems*{efea6188-e2ed-4b03-ab0b-6a9a14722485}*SharedItemsImports = 5
		..\..\Emgu.TF.Runtime\Windows\Emgu.TF.Runtime.Windows.projitems*{efea6188-e2ed-4b03-ab0b-6a9a14722485}*SharedItemsImports = 5
	EndGlobalSection
	GlobalSection(SolutionConfigurationPlatforms) = preSolution
		Debug|Any CPU = Debug|Any CPU
		Debug|ARM = Debug|ARM
		Debug|x64 = Debug|x64
		Debug|x86 = Debug|x86
		Release|Any CPU = Release|Any CPU
		Release|ARM = Release|ARM
		Release|x64 = Release|x64
		Release|x86 = Release|x86
	EndGlobalSection
	GlobalSection(ProjectConfigurationPlatforms) = postSolution
		{C6D4A064-1080-4D0C-A0A0-B659DE3A6FAF}.Debug|Any CPU.ActiveCfg = Debug|Any CPU
		{C6D4A064-1080-4D0C-A0A0-B659DE3A6FAF}.Debug|Any CPU.Build.0 = Debug|Any CPU
		{C6D4A064-1080-4D0C-A0A0-B659DE3A6FAF}.Debug|ARM.ActiveCfg = Debug|Any CPU
		{C6D4A064-1080-4D0C-A0A0-B659DE3A6FAF}.Debug|ARM.Build.0 = Debug|Any CPU
		{C6D4A064-1080-4D0C-A0A0-B659DE3A6FAF}.Debug|x64.ActiveCfg = Debug|Any CPU
		{C6D4A064-1080-4D0C-A0A0-B659DE3A6FAF}.Debug|x64.Build.0 = Debug|Any CPU
		{C6D4A064-1080-4D0C-A0A0-B659DE3A6FAF}.Debug|x86.ActiveCfg = Debug|Any CPU
		{C6D4A064-1080-4D0C-A0A0-B659DE3A6FAF}.Debug|x86.Build.0 = Debug|Any CPU
		{C6D4A064-1080-4D0C-A0A0-B659DE3A6FAF}.Release|Any CPU.ActiveCfg = Release|Any CPU
		{C6D4A064-1080-4D0C-A0A0-B659DE3A6FAF}.Release|Any CPU.Build.0 = Release|Any CPU
		{C6D4A064-1080-4D0C-A0A0-B659DE3A6FAF}.Release|ARM.ActiveCfg = Release|Any CPU
		{C6D4A064-1080-4D0C-A0A0-B659DE3A6FAF}.Release|ARM.Build.0 = Release|Any CPU
		{C6D4A064-1080-4D0C-A0A0-B659DE3A6FAF}.Release|x64.ActiveCfg = Release|Any CPU
		{C6D4A064-1080-4D0C-A0A0-B659DE3A6FAF}.Release|x64.Build.0 = Release|Any CPU
		{C6D4A064-1080-4D0C-A0A0-B659DE3A6FAF}.Release|x86.ActiveCfg = Release|Any CPU
		{C6D4A064-1080-4D0C-A0A0-B659DE3A6FAF}.Release|x86.Build.0 = Release|Any CPU
		{01147797-9F30-4AB3-A86C-1C4509C88EDB}.Debug|Any CPU.ActiveCfg = Debug|Any CPU
		{01147797-9F30-4AB3-A86C-1C4509C88EDB}.Debug|Any CPU.Build.0 = Debug|Any CPU
		{01147797-9F30-4AB3-A86C-1C4509C88EDB}.Debug|ARM.ActiveCfg = Debug|Any CPU
		{01147797-9F30-4AB3-A86C-1C4509C88EDB}.Debug|ARM.Build.0 = Debug|Any CPU
		{01147797-9F30-4AB3-A86C-1C4509C88EDB}.Debug|x64.ActiveCfg = Debug|Any CPU
		{01147797-9F30-4AB3-A86C-1C4509C88EDB}.Debug|x64.Build.0 = Debug|Any CPU
		{01147797-9F30-4AB3-A86C-1C4509C88EDB}.Debug|x86.ActiveCfg = Debug|Any CPU
		{01147797-9F30-4AB3-A86C-1C4509C88EDB}.Debug|x86.Build.0 = Debug|Any CPU
		{01147797-9F30-4AB3-A86C-1C4509C88EDB}.Release|Any CPU.ActiveCfg = Release|Any CPU
		{01147797-9F30-4AB3-A86C-1C4509C88EDB}.Release|Any CPU.Build.0 = Release|Any CPU
		{01147797-9F30-4AB3-A86C-1C4509C88EDB}.Release|ARM.ActiveCfg = Release|Any CPU
		{01147797-9F30-4AB3-A86C-1C4509C88EDB}.Release|ARM.Build.0 = Release|Any CPU
		{01147797-9F30-4AB3-A86C-1C4509C88EDB}.Release|x64.ActiveCfg = Release|Any CPU
		{01147797-9F30-4AB3-A86C-1C4509C88EDB}.Release|x64.Build.0 = Release|Any CPU
		{01147797-9F30-4AB3-A86C-1C4509C88EDB}.Release|x86.ActiveCfg = Release|Any CPU
		{01147797-9F30-4AB3-A86C-1C4509C88EDB}.Release|x86.Build.0 = Release|Any CPU
		{1C543CBF-F574-421D-BC17-EFFBB306694C}.Debug|Any CPU.ActiveCfg = Debug|Any CPU
		{1C543CBF-F574-421D-BC17-EFFBB306694C}.Debug|Any CPU.Build.0 = Debug|Any CPU
		{1C543CBF-F574-421D-BC17-EFFBB306694C}.Debug|ARM.ActiveCfg = Debug|Any CPU
		{1C543CBF-F574-421D-BC17-EFFBB306694C}.Debug|ARM.Build.0 = Debug|Any CPU
		{1C543CBF-F574-421D-BC17-EFFBB306694C}.Debug|x64.ActiveCfg = Debug|Any CPU
		{1C543CBF-F574-421D-BC17-EFFBB306694C}.Debug|x64.Build.0 = Debug|Any CPU
		{1C543CBF-F574-421D-BC17-EFFBB306694C}.Debug|x86.ActiveCfg = Debug|Any CPU
		{1C543CBF-F574-421D-BC17-EFFBB306694C}.Debug|x86.Build.0 = Debug|Any CPU
		{1C543CBF-F574-421D-BC17-EFFBB306694C}.Release|Any CPU.ActiveCfg = Release|Any CPU
		{1C543CBF-F574-421D-BC17-EFFBB306694C}.Release|Any CPU.Build.0 = Release|Any CPU
		{1C543CBF-F574-421D-BC17-EFFBB306694C}.Release|ARM.ActiveCfg = Release|Any CPU
		{1C543CBF-F574-421D-BC17-EFFBB306694C}.Release|ARM.Build.0 = Release|Any CPU
		{1C543CBF-F574-421D-BC17-EFFBB306694C}.Release|x64.ActiveCfg = Release|Any CPU
		{1C543CBF-F574-421D-BC17-EFFBB306694C}.Release|x64.Build.0 = Release|Any CPU
		{1C543CBF-F574-421D-BC17-EFFBB306694C}.Release|x86.ActiveCfg = Release|Any CPU
		{1C543CBF-F574-421D-BC17-EFFBB306694C}.Release|x86.Build.0 = Release|Any CPU
		{88534285-26F1-4421-B595-6C28C1C6DD78}.Debug|Any CPU.ActiveCfg = Debug|Any CPU
		{88534285-26F1-4421-B595-6C28C1C6DD78}.Debug|Any CPU.Build.0 = Debug|Any CPU
		{88534285-26F1-4421-B595-6C28C1C6DD78}.Debug|ARM.ActiveCfg = Debug|Any CPU
		{88534285-26F1-4421-B595-6C28C1C6DD78}.Debug|ARM.Build.0 = Debug|Any CPU
		{88534285-26F1-4421-B595-6C28C1C6DD78}.Debug|x64.ActiveCfg = Debug|Any CPU
		{88534285-26F1-4421-B595-6C28C1C6DD78}.Debug|x64.Build.0 = Debug|Any CPU
		{88534285-26F1-4421-B595-6C28C1C6DD78}.Debug|x86.ActiveCfg = Debug|Any CPU
		{88534285-26F1-4421-B595-6C28C1C6DD78}.Debug|x86.Build.0 = Debug|Any CPU
		{88534285-26F1-4421-B595-6C28C1C6DD78}.Release|Any CPU.ActiveCfg = Release|Any CPU
		{88534285-26F1-4421-B595-6C28C1C6DD78}.Release|Any CPU.Build.0 = Release|Any CPU
		{88534285-26F1-4421-B595-6C28C1C6DD78}.Release|ARM.ActiveCfg = Release|Any CPU
		{88534285-26F1-4421-B595-6C28C1C6DD78}.Release|ARM.Build.0 = Release|Any CPU
		{88534285-26F1-4421-B595-6C28C1C6DD78}.Release|x64.ActiveCfg = Release|Any CPU
		{88534285-26F1-4421-B595-6C28C1C6DD78}.Release|x64.Build.0 = Release|Any CPU
		{88534285-26F1-4421-B595-6C28C1C6DD78}.Release|x86.ActiveCfg = Release|Any CPU
		{88534285-26F1-4421-B595-6C28C1C6DD78}.Release|x86.Build.0 = Release|Any CPU
		{EFEA6188-E2ED-4B03-AB0B-6A9A14722485}.Debug|Any CPU.ActiveCfg = Debug|Any CPU
		{EFEA6188-E2ED-4B03-AB0B-6A9A14722485}.Debug|Any CPU.Build.0 = Debug|Any CPU
		{EFEA6188-E2ED-4B03-AB0B-6A9A14722485}.Debug|ARM.ActiveCfg = Debug|Any CPU
		{EFEA6188-E2ED-4B03-AB0B-6A9A14722485}.Debug|ARM.Build.0 = Debug|Any CPU
		{EFEA6188-E2ED-4B03-AB0B-6A9A14722485}.Debug|x64.ActiveCfg = Debug|Any CPU
		{EFEA6188-E2ED-4B03-AB0B-6A9A14722485}.Debug|x64.Build.0 = Debug|Any CPU
		{EFEA6188-E2ED-4B03-AB0B-6A9A14722485}.Debug|x86.ActiveCfg = Debug|Any CPU
		{EFEA6188-E2ED-4B03-AB0B-6A9A14722485}.Debug|x86.Build.0 = Debug|Any CPU
		{EFEA6188-E2ED-4B03-AB0B-6A9A14722485}.Release|Any CPU.ActiveCfg = Release|Any CPU
		{EFEA6188-E2ED-4B03-AB0B-6A9A14722485}.Release|Any CPU.Build.0 = Release|Any CPU
		{EFEA6188-E2ED-4B03-AB0B-6A9A14722485}.Release|ARM.ActiveCfg = Release|Any CPU
		{EFEA6188-E2ED-4B03-AB0B-6A9A14722485}.Release|ARM.Build.0 = Release|Any CPU
		{EFEA6188-E2ED-4B03-AB0B-6A9A14722485}.Release|x64.ActiveCfg = Release|Any CPU
		{EFEA6188-E2ED-4B03-AB0B-6A9A14722485}.Release|x64.Build.0 = Release|Any CPU
		{EFEA6188-E2ED-4B03-AB0B-6A9A14722485}.Release|x86.ActiveCfg = Release|Any CPU
		{EFEA6188-E2ED-4B03-AB0B-6A9A14722485}.Release|x86.Build.0 = Release|Any CPU
	EndGlobalSection
	GlobalSection(SolutionProperties) = preSolution
		HideSolutionNode = FALSE
	EndGlobalSection
	GlobalSection(ExtensibilityGlobals) = postSolution
		SolutionGuid = {C6A7FDD9-6BA8-48A7-8584-B8D04F836ABA}
	EndGlobalSection
EndGlobal
