
Microsoft Visual Studio Solution File, Format Version 12.00
# Visual Studio Version 16
VisualStudioVersion = 16.0.28803.352
MinimumVisualStudioVersion = 10.0.40219.1
Project("{D954291E-2A0B-460D-934E-DC6B0785DB48}") = "Emgu.TF.Util.Shared", "..\..\Emgu.TF.Util\Emgu.TF.Util.Shared.shproj", "{98561642-5EC3-4244-BAF9-6876D9BA5527}"
EndProject
Project("{D954291E-2A0B-460D-934E-DC6B0785DB48}") = "Emgu.TF.Lite.Shared", "..\..\Emgu.TF.Lite\Emgu.TF.Lite.Shared.shproj", "{8F587FB9-BBA6-4C30-9329-8CBAC7020FE0}"
EndProject
Project("{D954291E-2A0B-460D-934E-DC6B0785DB48}") = "XamarinForms.Lite", "..\..\Emgu.TF.Example\XamarinForms\XamarinForms.Lite\XamarinForms.Lite.shproj", "{26F4D7AF-57B6-4D2D-9A1C-AAFA757DDC4A}"
EndProject
Project("{D954291E-2A0B-460D-934E-DC6B0785DB48}") = "Emgu.Models.Shared", "..\..\Emgu.Models\Emgu.Models.Shared.shproj", "{8EDCE0C8-BA71-4396-9428-35D05877258C}"
EndProject
Project("{FAE04EC0-301F-11D3-BF4B-00C04F79EFBC}") = "XamarinForms.Lite.WPF", "..\..\Emgu.TF.Example\XamarinForms\XamarinForms.Lite.WPF\XamarinForms.Lite.WPF.csproj", "{2475C64A-227A-442F-A1C8-8D488CE2FD08}"
EndProject
Project("{D954291E-2A0B-460D-934E-DC6B0785DB48}") = "Emgu.TF.Lite.Models.Shared", "..\..\Emgu.TF.Lite.Models\Emgu.TF.Lite.Models.Shared.shproj", "{E956DD26-1294-4731-8A90-C4CBA9F291B6}"
EndProject
Project("{9A19103F-16F7-4668-BE54-9A1E7A4F7556}") = "Emgu.TF.Lite.NetStandard", "..\..\Emgu.TF.Lite\Emgu.TF.Lite.Netstandard\Emgu.TF.Lite.NetStandard.csproj", "{EC62D093-7446-4AF0-A3C8-61D497CF3D7E}"
EndProject
Project("{9A19103F-16F7-4668-BE54-9A1E7A4F7556}") = "Emgu.TF.Lite.Models.Netstandard", "..\..\Emgu.TF.Lite.Models\Emgu.TF.Lite.Models.Netstandard\Emgu.TF.Lite.Models.Netstandard.csproj", "{8D1CDAF7-E886-4A3C-B9D9-39BFE193E07C}"
EndProject
Project("{9A19103F-16F7-4668-BE54-9A1E7A4F7556}") = "Inception.Console.Lite.NetCore", "..\..\Emgu.TF.Example\Inception.Console.Lite.NetCore\Inception.Console.Lite.NetCore.csproj", "{2622CBA3-4B2D-4B2B-8075-1FA9F5F5BF16}"
EndProject
Project("{D954291E-2A0B-460D-934E-DC6B0785DB48}") = "Emgu.TF.Lite.Runtime.Windows", "..\..\Emgu.TF.Runtime\Windows\Emgu.TF.Lite.Runtime.Windows.shproj", "{0D7C99EA-3AAE-4F45-9BA7-3B4AF8313753}"
EndProject
Project("{D954291E-2A0B-460D-934E-DC6B0785DB48}") = "Emgu.TF.Lite.Runtime.Ubuntu", "..\..\Emgu.TF.Runtime\Ubuntu\Emgu.TF.Lite.Runtime.Ubuntu.shproj", "{A481CD6D-F3FD-40D3-BA64-64B46219D09E}"
EndProject
Project("{D954291E-2A0B-460D-934E-DC6B0785DB48}") = "Emgu.TF.Lite.Runtime.Raspbian", "..\..\Emgu.TF.Runtime\Raspbian\Emgu.TF.Lite.Runtime.Raspbian.shproj", "{32EBEB2C-7258-4987-9C05-C1952471F8C4}"
EndProject
Global
	GlobalSection(SharedMSBuildProjectFiles) = preSolution
		..\..\Emgu.TF.Runtime\Windows\Emgu.TF.Lite.Runtime.Windows.projitems*{0d7c99ea-3aae-4f45-9ba7-3b4af8313753}*SharedItemsImports = 13
		..\..\Emgu.TF.Example\XamarinForms\XamarinForms.Lite\XamarinForms.Lite.projitems*{2475c64a-227a-442f-a1c8-8d488ce2fd08}*SharedItemsImports = 4
		..\..\Emgu.TF.Runtime\Windows\Emgu.TF.Lite.Runtime.Windows.projitems*{2475c64a-227a-442f-a1c8-8d488ce2fd08}*SharedItemsImports = 4
		..\..\Emgu.TF.Runtime\Mac\Emgu.TF.Lite.Runtime.Mac.projitems*{2622cba3-4b2d-4b2b-8075-1fa9f5f5bf16}*SharedItemsImports = 5
		..\..\Emgu.TF.Runtime\Raspbian\Emgu.TF.Lite.Runtime.Raspbian.projitems*{2622cba3-4b2d-4b2b-8075-1fa9f5f5bf16}*SharedItemsImports = 5
		..\..\Emgu.TF.Runtime\Ubuntu\Emgu.TF.Lite.Runtime.Ubuntu.projitems*{2622cba3-4b2d-4b2b-8075-1fa9f5f5bf16}*SharedItemsImports = 5
		..\..\Emgu.TF.Runtime\Windows\Emgu.TF.Lite.Runtime.Windows.projitems*{2622cba3-4b2d-4b2b-8075-1fa9f5f5bf16}*SharedItemsImports = 5
		..\..\Emgu.TF.Example\XamarinForms\XamarinForms.Lite\XamarinForms.Lite.projitems*{26f4d7af-57b6-4d2d-9a1c-aafa757ddc4a}*SharedItemsImports = 13
		..\..\Emgu.TF.Runtime\Raspbian\Emgu.TF.Lite.Runtime.Raspbian.projitems*{32ebeb2c-7258-4987-9c05-c1952471f8c4}*SharedItemsImports = 13
		..\..\Emgu.Models\Emgu.Models.Shared.projitems*{8d1cdaf7-e886-4a3c-b9d9-39bfe193e07c}*SharedItemsImports = 5
		..\..\Emgu.TF.Lite.Models\Emgu.TF.Lite.Models.Shared.projitems*{8d1cdaf7-e886-4a3c-b9d9-39bfe193e07c}*SharedItemsImports = 5
		..\..\Emgu.Models\Emgu.Models.Shared.projitems*{8edce0c8-ba71-4396-9428-35d05877258c}*SharedItemsImports = 13
		..\..\Emgu.TF.Lite\Emgu.TF.Lite.Shared.projitems*{8f587fb9-bba6-4c30-9329-8cbac7020fe0}*SharedItemsImports = 13
		..\..\Emgu.TF.Util\Emgu.TF.Util.Shared.projitems*{98561642-5ec3-4244-baf9-6876d9ba5527}*SharedItemsImports = 13
		..\..\Emgu.TF.Runtime\Ubuntu\Emgu.TF.Lite.Runtime.Ubuntu.projitems*{a481cd6d-f3fd-40d3-ba64-64b46219d09e}*SharedItemsImports = 13
		..\..\Emgu.TF.Lite.Models\Emgu.TF.Lite.Models.Shared.projitems*{e956dd26-1294-4731-8a90-c4cba9f291b6}*SharedItemsImports = 13
		..\..\Emgu.TF.Lite\Emgu.TF.Lite.Shared.projitems*{ec62d093-7446-4af0-a3c8-61d497cf3d7e}*SharedItemsImports = 5
		..\..\Emgu.TF.Util\Emgu.TF.Util.Shared.projitems*{ec62d093-7446-4af0-a3c8-61d497cf3d7e}*SharedItemsImports = 5
	EndGlobalSection
	GlobalSection(SolutionConfigurationPlatforms) = preSolution
		Debug|Any CPU = Debug|Any CPU
		Debug|x64 = Debug|x64
		Release|Any CPU = Release|Any CPU
		Release|x64 = Release|x64
	EndGlobalSection
	GlobalSection(ProjectConfigurationPlatforms) = postSolution
		{2475C64A-227A-442F-A1C8-8D488CE2FD08}.Debug|Any CPU.ActiveCfg = Debug|Any CPU
		{2475C64A-227A-442F-A1C8-8D488CE2FD08}.Debug|Any CPU.Build.0 = Debug|Any CPU
		{2475C64A-227A-442F-A1C8-8D488CE2FD08}.Debug|x64.ActiveCfg = Debug|Any CPU
		{2475C64A-227A-442F-A1C8-8D488CE2FD08}.Debug|x64.Build.0 = Debug|Any CPU
		{2475C64A-227A-442F-A1C8-8D488CE2FD08}.Release|Any CPU.ActiveCfg = Release|Any CPU
		{2475C64A-227A-442F-A1C8-8D488CE2FD08}.Release|Any CPU.Build.0 = Release|Any CPU
		{2475C64A-227A-442F-A1C8-8D488CE2FD08}.Release|x64.ActiveCfg = Release|Any CPU
		{2475C64A-227A-442F-A1C8-8D488CE2FD08}.Release|x64.Build.0 = Release|Any CPU
		{EC62D093-7446-4AF0-A3C8-61D497CF3D7E}.Debug|Any CPU.ActiveCfg = Debug|Any CPU
		{EC62D093-7446-4AF0-A3C8-61D497CF3D7E}.Debug|Any CPU.Build.0 = Debug|Any CPU
		{EC62D093-7446-4AF0-A3C8-61D497CF3D7E}.Debug|x64.ActiveCfg = Debug|Any CPU
		{EC62D093-7446-4AF0-A3C8-61D497CF3D7E}.Debug|x64.Build.0 = Debug|Any CPU
		{EC62D093-7446-4AF0-A3C8-61D497CF3D7E}.Release|Any CPU.ActiveCfg = Release|Any CPU
		{EC62D093-7446-4AF0-A3C8-61D497CF3D7E}.Release|Any CPU.Build.0 = Release|Any CPU
		{EC62D093-7446-4AF0-A3C8-61D497CF3D7E}.Release|x64.ActiveCfg = Release|Any CPU
		{EC62D093-7446-4AF0-A3C8-61D497CF3D7E}.Release|x64.Build.0 = Release|Any CPU
		{8D1CDAF7-E886-4A3C-B9D9-39BFE193E07C}.Debug|Any CPU.ActiveCfg = Debug|Any CPU
		{8D1CDAF7-E886-4A3C-B9D9-39BFE193E07C}.Debug|Any CPU.Build.0 = Debug|Any CPU
		{8D1CDAF7-E886-4A3C-B9D9-39BFE193E07C}.Debug|x64.ActiveCfg = Debug|Any CPU
		{8D1CDAF7-E886-4A3C-B9D9-39BFE193E07C}.Debug|x64.Build.0 = Debug|Any CPU
		{8D1CDAF7-E886-4A3C-B9D9-39BFE193E07C}.Release|Any CPU.ActiveCfg = Release|Any CPU
		{8D1CDAF7-E886-4A3C-B9D9-39BFE193E07C}.Release|Any CPU.Build.0 = Release|Any CPU
		{8D1CDAF7-E886-4A3C-B9D9-39BFE193E07C}.Release|x64.ActiveCfg = Release|Any CPU
		{8D1CDAF7-E886-4A3C-B9D9-39BFE193E07C}.Release|x64.Build.0 = Release|Any CPU
		{2622CBA3-4B2D-4B2B-8075-1FA9F5F5BF16}.Debug|Any CPU.ActiveCfg = Debug|Any CPU
		{2622CBA3-4B2D-4B2B-8075-1FA9F5F5BF16}.Debug|Any CPU.Build.0 = Debug|Any CPU
		{2622CBA3-4B2D-4B2B-8075-1FA9F5F5BF16}.Debug|x64.ActiveCfg = Debug|Any CPU
		{2622CBA3-4B2D-4B2B-8075-1FA9F5F5BF16}.Debug|x64.Build.0 = Debug|Any CPU
		{2622CBA3-4B2D-4B2B-8075-1FA9F5F5BF16}.Release|Any CPU.ActiveCfg = Release|Any CPU
		{2622CBA3-4B2D-4B2B-8075-1FA9F5F5BF16}.Release|Any CPU.Build.0 = Release|Any CPU
		{2622CBA3-4B2D-4B2B-8075-1FA9F5F5BF16}.Release|x64.ActiveCfg = Release|Any CPU
		{2622CBA3-4B2D-4B2B-8075-1FA9F5F5BF16}.Release|x64.Build.0 = Release|Any CPU
	EndGlobalSection
	GlobalSection(SolutionProperties) = preSolution
		HideSolutionNode = FALSE
	EndGlobalSection
	GlobalSection(ExtensibilityGlobals) = postSolution
		SolutionGuid = {0C5F3704-DA89-43A5-A528-F2F02311B324}
	EndGlobalSection
EndGlobal
