
Microsoft Visual Studio Solution File, Format Version 12.00
# Visual Studio 15
VisualStudioVersion = 15.0.28307.902
MinimumVisualStudioVersion = 10.0.40219.1
Project("{D954291E-2A0B-460D-934E-DC6B0785DB48}") = "Emgu.TF.Shared", "..\..\Emgu.TF\Emgu.TF.Shared.shproj", "{D47D776E-9970-4552-BC8A-24CADCBEA009}"
EndProject
Project("{D954291E-2A0B-460D-934E-DC6B0785DB48}") = "Emgu.TF.Util.Shared", "..\..\Emgu.TF.Util\Emgu.TF.Util.Shared.shproj", "{98561642-5EC3-4244-BAF9-6876D9BA5527}"
EndProject
Project("{9A19103F-16F7-4668-BE54-9A1E7A4F7556}") = "Emgu.TF.Netstandard", "..\..\Emgu.TF\Emgu.TF.Netstandard\Emgu.TF.Netstandard.csproj", "{B407C80E-A485-40F4-AD39-01DFC4C1FF95}"
EndProject
Global
	GlobalSection(SharedMSBuildProjectFiles) = preSolution
		..\..\Emgu.TF.Util\Emgu.TF.Util.Shared.projitems*{98561642-5ec3-4244-baf9-6876d9ba5527}*SharedItemsImports = 13
		..\..\Emgu.TF\Emgu.TF.Shared.projitems*{d47d776e-9970-4552-bc8a-24cadcbea009}*SharedItemsImports = 13
	EndGlobalSection
	GlobalSection(SolutionConfigurationPlatforms) = preSolution
		Debug|Any CPU = Debug|Any CPU
		Debug|ARM = Debug|ARM
		Debug|x64 = Debug|x64
		Debug|x86 = Debug|x86
		Release|Any CPU = Release|Any CPU
		Release|ARM = Release|ARM
		Release|x64 = Release|x64
		Release|x86 = Release|x86
	EndGlobalSection
	GlobalSection(ProjectConfigurationPlatforms) = postSolution
		{B407C80E-A485-40F4-AD39-01DFC4C1FF95}.Debug|Any CPU.ActiveCfg = Debug|Any CPU
		{B407C80E-A485-40F4-AD39-01DFC4C1FF95}.Debug|Any CPU.Build.0 = Debug|Any CPU
		{B407C80E-A485-40F4-AD39-01DFC4C1FF95}.Debug|ARM.ActiveCfg = Debug|Any CPU
		{B407C80E-A485-40F4-AD39-01DFC4C1FF95}.Debug|ARM.Build.0 = Debug|Any CPU
		{B407C80E-A485-40F4-AD39-01DFC4C1FF95}.Debug|x64.ActiveCfg = Debug|Any CPU
		{B407C80E-A485-40F4-AD39-01DFC4C1FF95}.Debug|x64.Build.0 = Debug|Any CPU
		{B407C80E-A485-40F4-AD39-01DFC4C1FF95}.Debug|x86.ActiveCfg = Debug|Any CPU
		{B407C80E-A485-40F4-AD39-01DFC4C1FF95}.Debug|x86.Build.0 = Debug|Any CPU
		{B407C80E-A485-40F4-AD39-01DFC4C1FF95}.Release|Any CPU.ActiveCfg = Release|Any CPU
		{B407C80E-A485-40F4-AD39-01DFC4C1FF95}.Release|Any CPU.Build.0 = Release|Any CPU
		{B407C80E-A485-40F4-AD39-01DFC4C1FF95}.Release|ARM.ActiveCfg = Release|Any CPU
		{B407C80E-A485-40F4-AD39-01DFC4C1FF95}.Release|ARM.Build.0 = Release|Any CPU
		{B407C80E-A485-40F4-AD39-01DFC4C1FF95}.Release|x64.ActiveCfg = Release|Any CPU
		{B407C80E-A485-40F4-AD39-01DFC4C1FF95}.Release|x64.Build.0 = Release|Any CPU
		{B407C80E-A485-40F4-AD39-01DFC4C1FF95}.Release|x86.ActiveCfg = Release|Any CPU
		{B407C80E-A485-40F4-AD39-01DFC4C1FF95}.Release|x86.Build.0 = Release|Any CPU
	EndGlobalSection
	GlobalSection(SolutionProperties) = preSolution
		HideSolutionNode = FALSE
	EndGlobalSection
	GlobalSection(ExtensibilityGlobals) = postSolution
		SolutionGuid = {CEE9A9E2-3A6E-45D4-A3FA-8DEFD6B7E7D5}
	EndGlobalSection
EndGlobal
