
Microsoft Visual Studio Solution File, Format Version 12.00
# Visual Studio Version 16
VisualStudioVersion = 16.0.29318.209
MinimumVisualStudioVersion = 10.0.40219.1
Project("{D954291E-2A0B-460D-934E-DC6B0785DB48}") = "Emgu.TF.Util.Shared", "..\..\Emgu.TF.Util\Emgu.TF.Util.Shared.shproj", "{98561642-5EC3-4244-BAF9-6876D9BA5527}"
EndProject
Project("{D954291E-2A0B-460D-934E-DC6B0785DB48}") = "Emgu.TF.Lite.Shared", "..\..\Emgu.TF.Lite\Emgu.TF.Lite.Shared.shproj", "{8F587FB9-BBA6-4C30-9329-8CBAC7020FE0}"
EndProject
Project("{D954291E-2A0B-460D-934E-DC6B0785DB48}") = "Emgu.TF.Lite.Runtime.Windows", "..\..\Emgu.TF.Runtime\Windows\Emgu.TF.Lite.Runtime.Windows.shproj", "{0D7C99EA-3AAE-4F45-9BA7-3B4AF8313753}"
EndProject
Project("{9A19103F-16F7-4668-BE54-9A1E7A4F7556}") = "Emgu.TF.Lite.Netstandard", "..\..\Emgu.TF.Lite\Emgu.TF.Lite.Netstandard\Emgu.TF.Lite.Netstandard.csproj", "{B50754E1-32F5-4E53-A9AF-EAFD7780E6D0}"
EndProject
Project("{9A19103F-16F7-4668-BE54-9A1E7A4F7556}") = "Emgu.TF.Lite.Models.Netstandard", "..\..\Emgu.TF.Lite.Models\Emgu.TF.Lite.Models.Netstandard\Emgu.TF.Lite.Models.Netstandard.csproj", "{7F9787A4-9B20-4CD9-A84B-D6137273A4D2}"
EndProject
Project("{D954291E-2A0B-460D-934E-DC6B0785DB48}") = "Emgu.Models.Shared", "..\..\Emgu.Models\Emgu.Models.Shared.shproj", "{8EDCE0C8-BA71-4396-9428-35D05877258C}"
EndProject
Project("{D954291E-2A0B-460D-934E-DC6B0785DB48}") = "Emgu.TF.Lite.Models.Shared", "..\..\Emgu.TF.Lite.Models\Emgu.TF.Lite.Models.Shared.shproj", "{E956DD26-1294-4731-8A90-C4CBA9F291B6}"
EndProject
Global
	GlobalSection(SharedMSBuildProjectFiles) = preSolution
		..\..\Emgu.TF.Runtime\Windows\Emgu.TF.Lite.Runtime.Windows.projitems*{0d7c99ea-3aae-4f45-9ba7-3b4af8313753}*SharedItemsImports = 13
		..\..\Emgu.Models\Emgu.Models.Shared.projitems*{8edce0c8-ba71-4396-9428-35d05877258c}*SharedItemsImports = 13
		..\..\Emgu.TF.Lite\Emgu.TF.Lite.Shared.projitems*{8f587fb9-bba6-4c30-9329-8cbac7020fe0}*SharedItemsImports = 13
		..\..\Emgu.TF.Util\Emgu.TF.Util.Shared.projitems*{98561642-5ec3-4244-baf9-6876d9ba5527}*SharedItemsImports = 13
		..\..\Emgu.TF.Lite.Models\Emgu.TF.Lite.Models.Shared.projitems*{e956dd26-1294-4731-8a90-c4cba9f291b6}*SharedItemsImports = 13
	EndGlobalSection
	GlobalSection(SolutionConfigurationPlatforms) = preSolution
		Debug|Any CPU = Debug|Any CPU
		Debug|ARM = Debug|ARM
		Debug|iPhone = Debug|iPhone
		Debug|iPhoneSimulator = Debug|iPhoneSimulator
		Debug|x64 = Debug|x64
		Debug|x86 = Debug|x86
		Release|Any CPU = Release|Any CPU
		Release|ARM = Release|ARM
		Release|iPhone = Release|iPhone
		Release|iPhoneSimulator = Release|iPhoneSimulator
		Release|x64 = Release|x64
		Release|x86 = Release|x86
	EndGlobalSection
	GlobalSection(ProjectConfigurationPlatforms) = postSolution
		{B50754E1-32F5-4E53-A9AF-EAFD7780E6D0}.Debug|Any CPU.ActiveCfg = Debug|Any CPU
		{B50754E1-32F5-4E53-A9AF-EAFD7780E6D0}.Debug|Any CPU.Build.0 = Debug|Any CPU
		{B50754E1-32F5-4E53-A9AF-EAFD7780E6D0}.Debug|ARM.ActiveCfg = Debug|Any CPU
		{B50754E1-32F5-4E53-A9AF-EAFD7780E6D0}.Debug|ARM.Build.0 = Debug|Any CPU
		{B50754E1-32F5-4E53-A9AF-EAFD7780E6D0}.Debug|iPhone.ActiveCfg = Debug|Any CPU
		{B50754E1-32F5-4E53-A9AF-EAFD7780E6D0}.Debug|iPhone.Build.0 = Debug|Any CPU
		{B50754E1-32F5-4E53-A9AF-EAFD7780E6D0}.Debug|iPhoneSimulator.ActiveCfg = Debug|Any CPU
		{B50754E1-32F5-4E53-A9AF-EAFD7780E6D0}.Debug|iPhoneSimulator.Build.0 = Debug|Any CPU
		{B50754E1-32F5-4E53-A9AF-EAFD7780E6D0}.Debug|x64.ActiveCfg = Debug|Any CPU
		{B50754E1-32F5-4E53-A9AF-EAFD7780E6D0}.Debug|x64.Build.0 = Debug|Any CPU
		{B50754E1-32F5-4E53-A9AF-EAFD7780E6D0}.Debug|x86.ActiveCfg = Debug|Any CPU
		{B50754E1-32F5-4E53-A9AF-EAFD7780E6D0}.Debug|x86.Build.0 = Debug|Any CPU
		{B50754E1-32F5-4E53-A9AF-EAFD7780E6D0}.Release|Any CPU.ActiveCfg = Release|Any CPU
		{B50754E1-32F5-4E53-A9AF-EAFD7780E6D0}.Release|Any CPU.Build.0 = Release|Any CPU
		{B50754E1-32F5-4E53-A9AF-EAFD7780E6D0}.Release|ARM.ActiveCfg = Release|Any CPU
		{B50754E1-32F5-4E53-A9AF-EAFD7780E6D0}.Release|ARM.Build.0 = Release|Any CPU
		{B50754E1-32F5-4E53-A9AF-EAFD7780E6D0}.Release|iPhone.ActiveCfg = Release|Any CPU
		{B50754E1-32F5-4E53-A9AF-EAFD7780E6D0}.Release|iPhone.Build.0 = Release|Any CPU
		{B50754E1-32F5-4E53-A9AF-EAFD7780E6D0}.Release|iPhoneSimulator.ActiveCfg = Release|Any CPU
		{B50754E1-32F5-4E53-A9AF-EAFD7780E6D0}.Release|iPhoneSimulator.Build.0 = Release|Any CPU
		{B50754E1-32F5-4E53-A9AF-EAFD7780E6D0}.Release|x64.ActiveCfg = Release|Any CPU
		{B50754E1-32F5-4E53-A9AF-EAFD7780E6D0}.Release|x64.Build.0 = Release|Any CPU
		{B50754E1-32F5-4E53-A9AF-EAFD7780E6D0}.Release|x86.ActiveCfg = Release|Any CPU
		{B50754E1-32F5-4E53-A9AF-EAFD7780E6D0}.Release|x86.Build.0 = Release|Any CPU
		{7F9787A4-9B20-4CD9-A84B-D6137273A4D2}.Debug|Any CPU.ActiveCfg = Debug|Any CPU
		{7F9787A4-9B20-4CD9-A84B-D6137273A4D2}.Debug|Any CPU.Build.0 = Debug|Any CPU
		{7F9787A4-9B20-4CD9-A84B-D6137273A4D2}.Debug|ARM.ActiveCfg = Debug|Any CPU
		{7F9787A4-9B20-4CD9-A84B-D6137273A4D2}.Debug|ARM.Build.0 = Debug|Any CPU
		{7F9787A4-9B20-4CD9-A84B-D6137273A4D2}.Debug|iPhone.ActiveCfg = Debug|Any CPU
		{7F9787A4-9B20-4CD9-A84B-D6137273A4D2}.Debug|iPhone.Build.0 = Debug|Any CPU
		{7F9787A4-9B20-4CD9-A84B-D6137273A4D2}.Debug|iPhoneSimulator.ActiveCfg = Debug|Any CPU
		{7F9787A4-9B20-4CD9-A84B-D6137273A4D2}.Debug|iPhoneSimulator.Build.0 = Debug|Any CPU
		{7F9787A4-9B20-4CD9-A84B-D6137273A4D2}.Debug|x64.ActiveCfg = Debug|Any CPU
		{7F9787A4-9B20-4CD9-A84B-D6137273A4D2}.Debug|x64.Build.0 = Debug|Any CPU
		{7F9787A4-9B20-4CD9-A84B-D6137273A4D2}.Debug|x86.ActiveCfg = Debug|Any CPU
		{7F9787A4-9B20-4CD9-A84B-D6137273A4D2}.Debug|x86.Build.0 = Debug|Any CPU
		{7F9787A4-9B20-4CD9-A84B-D6137273A4D2}.Release|Any CPU.ActiveCfg = Release|Any CPU
		{7F9787A4-9B20-4CD9-A84B-D6137273A4D2}.Release|Any CPU.Build.0 = Release|Any CPU
		{7F9787A4-9B20-4CD9-A84B-D6137273A4D2}.Release|ARM.ActiveCfg = Release|Any CPU
		{7F9787A4-9B20-4CD9-A84B-D6137273A4D2}.Release|ARM.Build.0 = Release|Any CPU
		{7F9787A4-9B20-4CD9-A84B-D6137273A4D2}.Release|iPhone.ActiveCfg = Release|Any CPU
		{7F9787A4-9B20-4CD9-A84B-D6137273A4D2}.Release|iPhone.Build.0 = Release|Any CPU
		{7F9787A4-9B20-4CD9-A84B-D6137273A4D2}.Release|iPhoneSimulator.ActiveCfg = Release|Any CPU
		{7F9787A4-9B20-4CD9-A84B-D6137273A4D2}.Release|iPhoneSimulator.Build.0 = Release|Any CPU
		{7F9787A4-9B20-4CD9-A84B-D6137273A4D2}.Release|x64.ActiveCfg = Release|Any CPU
		{7F9787A4-9B20-4CD9-A84B-D6137273A4D2}.Release|x64.Build.0 = Release|Any CPU
		{7F9787A4-9B20-4CD9-A84B-D6137273A4D2}.Release|x86.ActiveCfg = Release|Any CPU
		{7F9787A4-9B20-4CD9-A84B-D6137273A4D2}.Release|x86.Build.0 = Release|Any CPU
	EndGlobalSection
	GlobalSection(SolutionProperties) = preSolution
		HideSolutionNode = FALSE
	EndGlobalSection
	GlobalSection(ExtensibilityGlobals) = postSolution
		SolutionGuid = {7F683277-0704-4084-A2DA-EA2DA80D0194}
	EndGlobalSection
EndGlobal
