
Microsoft Visual Studio Solution File, Format Version 12.00
# Visual Studio Version 16
VisualStudioVersion = 16.0.28803.452
MinimumVisualStudioVersion = 10.0.40219.1
Project("{D954291E-2A0B-460D-934E-DC6B0785DB48}") = "Emgu.TF.Util.Shared", "..\..\Emgu.TF.Util\Emgu.TF.Util.Shared.shproj", "{98561642-5EC3-4244-BAF9-6876D9BA5527}"
EndProject
Project("{D954291E-2A0B-460D-934E-DC6B0785DB48}") = "Emgu.TF.Lite.Shared", "..\..\Emgu.TF.Lite\Emgu.TF.Lite.Shared.shproj", "{8F587FB9-BBA6-4C30-9329-8CBAC7020FE0}"
EndProject
Project("{D954291E-2A0B-460D-934E-DC6B0785DB48}") = "XamarinForms.Lite", "..\..\Emgu.TF.Example\XamarinForms\XamarinForms.Lite\XamarinForms.Lite.shproj", "{26F4D7AF-57B6-4D2D-9A1C-AAFA757DDC4A}"
EndProject
Project("{D954291E-2A0B-460D-934E-DC6B0785DB48}") = "Emgu.Models.Shared", "..\..\Emgu.Models\Emgu.Models.Shared.shproj", "{8EDCE0C8-BA71-4396-9428-35D05877258C}"
EndProject
Project("{FAE04EC0-301F-11D3-BF4B-00C04F79EFBC}") = "Emgu.TF.Lite.Test", "..\..\Emgu.TF.Test\Emgu.TF.Lite.Test\Emgu.TF.Lite.Test.csproj", "{D1F84983-691B-4E10-B202-448229F6564E}"
EndProject
Project("{D954291E-2A0B-460D-934E-DC6B0785DB48}") = "Emgu.TF.Lite.Models.Shared", "..\..\Emgu.TF.Lite.Models\Emgu.TF.Lite.Models.Shared.shproj", "{E956DD26-1294-4731-8A90-C4CBA9F291B6}"
EndProject
Project("{9A19103F-16F7-4668-BE54-9A1E7A4F7556}") = "Emgu.TF.Lite.NetStandard", "..\..\Emgu.TF.Lite\Emgu.TF.Lite.Netstandard\Emgu.TF.Lite.NetStandard.csproj", "{B7F55B47-F2AB-4B5B-97A2-08A027F11002}"
EndProject
Project("{9A19103F-16F7-4668-BE54-9A1E7A4F7556}") = "Emgu.TF.Lite.Models.Netstandard", "..\..\Emgu.TF.Lite.Models\Emgu.TF.Lite.Models.Netstandard\Emgu.TF.Lite.Models.Netstandard.csproj", "{B3CE21AD-95DE-4BCA-BDBC-9EAF87CADAC4}"
EndProject
Project("{D954291E-2A0B-460D-934E-DC6B0785DB48}") = "Emgu.TF.Lite.Runtime.Windows", "..\..\Emgu.TF.Runtime\Windows\Emgu.TF.Lite.Runtime.Windows.shproj", "{0D7C99EA-3AAE-4F45-9BA7-3B4AF8313753}"
EndProject
Global
	GlobalSection(SharedMSBuildProjectFiles) = preSolution
		..\..\Emgu.TF.Runtime\Windows\Emgu.TF.Lite.Runtime.Windows.projitems*{0d7c99ea-3aae-4f45-9ba7-3b4af8313753}*SharedItemsImports = 13
		..\..\Emgu.TF.Example\XamarinForms\XamarinForms.Lite\XamarinForms.Lite.projitems*{26f4d7af-57b6-4d2d-9a1c-aafa757ddc4a}*SharedItemsImports = 13
		..\..\Emgu.Models\Emgu.Models.Shared.projitems*{8edce0c8-ba71-4396-9428-35d05877258c}*SharedItemsImports = 13
		..\..\Emgu.TF.Lite\Emgu.TF.Lite.Shared.projitems*{8f587fb9-bba6-4c30-9329-8cbac7020fe0}*SharedItemsImports = 13
		..\..\Emgu.TF.Util\Emgu.TF.Util.Shared.projitems*{98561642-5ec3-4244-baf9-6876d9ba5527}*SharedItemsImports = 13
		..\..\Emgu.TF.Runtime\Windows\Emgu.TF.Lite.Runtime.Windows.projitems*{d1f84983-691b-4e10-b202-448229f6564e}*SharedItemsImports = 4
		..\..\Emgu.TF.Lite.Models\Emgu.TF.Lite.Models.Shared.projitems*{e956dd26-1294-4731-8a90-c4cba9f291b6}*SharedItemsImports = 13
	EndGlobalSection
	GlobalSection(SolutionConfigurationPlatforms) = preSolution
		Debug|Any CPU = Debug|Any CPU
		Debug|iPhone = Debug|iPhone
		Debug|iPhoneSimulator = Debug|iPhoneSimulator
		Debug|x64 = Debug|x64
		Release|Any CPU = Release|Any CPU
		Release|iPhone = Release|iPhone
		Release|iPhoneSimulator = Release|iPhoneSimulator
		Release|x64 = Release|x64
	EndGlobalSection
	GlobalSection(ProjectConfigurationPlatforms) = postSolution
		{D1F84983-691B-4E10-B202-448229F6564E}.Debug|Any CPU.ActiveCfg = Debug|Any CPU
		{D1F84983-691B-4E10-B202-448229F6564E}.Debug|Any CPU.Build.0 = Debug|Any CPU
		{D1F84983-691B-4E10-B202-448229F6564E}.Debug|iPhone.ActiveCfg = Debug|Any CPU
		{D1F84983-691B-4E10-B202-448229F6564E}.Debug|iPhone.Build.0 = Debug|Any CPU
		{D1F84983-691B-4E10-B202-448229F6564E}.Debug|iPhoneSimulator.ActiveCfg = Debug|Any CPU
		{D1F84983-691B-4E10-B202-448229F6564E}.Debug|iPhoneSimulator.Build.0 = Debug|Any CPU
		{D1F84983-691B-4E10-B202-448229F6564E}.Debug|x64.ActiveCfg = Debug|Any CPU
		{D1F84983-691B-4E10-B202-448229F6564E}.Debug|x64.Build.0 = Debug|Any CPU
		{D1F84983-691B-4E10-B202-448229F6564E}.Release|Any CPU.ActiveCfg = Release|Any CPU
		{D1F84983-691B-4E10-B202-448229F6564E}.Release|Any CPU.Build.0 = Release|Any CPU
		{D1F84983-691B-4E10-B202-448229F6564E}.Release|iPhone.ActiveCfg = Release|Any CPU
		{D1F84983-691B-4E10-B202-448229F6564E}.Release|iPhone.Build.0 = Release|Any CPU
		{D1F84983-691B-4E10-B202-448229F6564E}.Release|iPhoneSimulator.ActiveCfg = Release|Any CPU
		{D1F84983-691B-4E10-B202-448229F6564E}.Release|iPhoneSimulator.Build.0 = Release|Any CPU
		{D1F84983-691B-4E10-B202-448229F6564E}.Release|x64.ActiveCfg = Release|Any CPU
		{D1F84983-691B-4E10-B202-448229F6564E}.Release|x64.Build.0 = Release|Any CPU
		{B7F55B47-F2AB-4B5B-97A2-08A027F11002}.Debug|Any CPU.ActiveCfg = Debug|Any CPU
		{B7F55B47-F2AB-4B5B-97A2-08A027F11002}.Debug|Any CPU.Build.0 = Debug|Any CPU
		{B7F55B47-F2AB-4B5B-97A2-08A027F11002}.Debug|iPhone.ActiveCfg = Debug|Any CPU
		{B7F55B47-F2AB-4B5B-97A2-08A027F11002}.Debug|iPhone.Build.0 = Debug|Any CPU
		{B7F55B47-F2AB-4B5B-97A2-08A027F11002}.Debug|iPhoneSimulator.ActiveCfg = Debug|Any CPU
		{B7F55B47-F2AB-4B5B-97A2-08A027F11002}.Debug|iPhoneSimulator.Build.0 = Debug|Any CPU
		{B7F55B47-F2AB-4B5B-97A2-08A027F11002}.Debug|x64.ActiveCfg = Debug|Any CPU
		{B7F55B47-F2AB-4B5B-97A2-08A027F11002}.Debug|x64.Build.0 = Debug|Any CPU
		{B7F55B47-F2AB-4B5B-97A2-08A027F11002}.Release|Any CPU.ActiveCfg = Release|Any CPU
		{B7F55B47-F2AB-4B5B-97A2-08A027F11002}.Release|Any CPU.Build.0 = Release|Any CPU
		{B7F55B47-F2AB-4B5B-97A2-08A027F11002}.Release|iPhone.ActiveCfg = Release|Any CPU
		{B7F55B47-F2AB-4B5B-97A2-08A027F11002}.Release|iPhone.Build.0 = Release|Any CPU
		{B7F55B47-F2AB-4B5B-97A2-08A027F11002}.Release|iPhoneSimulator.ActiveCfg = Release|Any CPU
		{B7F55B47-F2AB-4B5B-97A2-08A027F11002}.Release|iPhoneSimulator.Build.0 = Release|Any CPU
		{B7F55B47-F2AB-4B5B-97A2-08A027F11002}.Release|x64.ActiveCfg = Release|Any CPU
		{B7F55B47-F2AB-4B5B-97A2-08A027F11002}.Release|x64.Build.0 = Release|Any CPU
		{B3CE21AD-95DE-4BCA-BDBC-9EAF87CADAC4}.Debug|Any CPU.ActiveCfg = Debug|Any CPU
		{B3CE21AD-95DE-4BCA-BDBC-9EAF87CADAC4}.Debug|Any CPU.Build.0 = Debug|Any CPU
		{B3CE21AD-95DE-4BCA-BDBC-9EAF87CADAC4}.Debug|iPhone.ActiveCfg = Debug|Any CPU
		{B3CE21AD-95DE-4BCA-BDBC-9EAF87CADAC4}.Debug|iPhone.Build.0 = Debug|Any CPU
		{B3CE21AD-95DE-4BCA-BDBC-9EAF87CADAC4}.Debug|iPhoneSimulator.ActiveCfg = Debug|Any CPU
		{B3CE21AD-95DE-4BCA-BDBC-9EAF87CADAC4}.Debug|iPhoneSimulator.Build.0 = Debug|Any CPU
		{B3CE21AD-95DE-4BCA-BDBC-9EAF87CADAC4}.Debug|x64.ActiveCfg = Debug|Any CPU
		{B3CE21AD-95DE-4BCA-BDBC-9EAF87CADAC4}.Debug|x64.Build.0 = Debug|Any CPU
		{B3CE21AD-95DE-4BCA-BDBC-9EAF87CADAC4}.Release|Any CPU.ActiveCfg = Release|Any CPU
		{B3CE21AD-95DE-4BCA-BDBC-9EAF87CADAC4}.Release|Any CPU.Build.0 = Release|Any CPU
		{B3CE21AD-95DE-4BCA-BDBC-9EAF87CADAC4}.Release|iPhone.ActiveCfg = Release|Any CPU
		{B3CE21AD-95DE-4BCA-BDBC-9EAF87CADAC4}.Release|iPhone.Build.0 = Release|Any CPU
		{B3CE21AD-95DE-4BCA-BDBC-9EAF87CADAC4}.Release|iPhoneSimulator.ActiveCfg = Release|Any CPU
		{B3CE21AD-95DE-4BCA-BDBC-9EAF87CADAC4}.Release|iPhoneSimulator.Build.0 = Release|Any CPU
		{B3CE21AD-95DE-4BCA-BDBC-9EAF87CADAC4}.Release|x64.ActiveCfg = Release|Any CPU
		{B3CE21AD-95DE-4BCA-BDBC-9EAF87CADAC4}.Release|x64.Build.0 = Release|Any CPU
	EndGlobalSection
	GlobalSection(SolutionProperties) = preSolution
		HideSolutionNode = FALSE
	EndGlobalSection
	GlobalSection(ExtensibilityGlobals) = postSolution
		SolutionGuid = {0C5F3704-DA89-43A5-A528-F2F02311B324}
	EndGlobalSection
EndGlobal
